<?xml version="1.0" encoding="UTF-8"?>
<!DOCTYPE plist PUBLIC "-//Apple//DTD PLIST 1.0//EN" "http://www.apple.com/DTDs/PropertyList-1.0.dtd">
<plist version="1.0">
<dict>
	<key>archiveVersion</key>
	<string>1</string>
	<key>classes</key>
	<dict/>
	<key>objectVersion</key>
	<string>54</string>
	<key>objects</key>
	<dict>
		<key>08DE748AF0F9759F3D481223</key>
		<dict>
			<key>includeInIndex</key>
			<string>1</string>
			<key>isa</key>
			<string>PBXFileReference</string>
			<key>lastKnownFileType</key>
			<string>text.xcconfig</string>
			<key>name</key>
			<string>Pods-Runner.profile-dev.xcconfig</string>
			<key>path</key>
			<string>Pods/Target Support Files/Pods-Runner/Pods-Runner.profile-dev.xcconfig</string>
			<key>sourceTree</key>
			<string>&lt;group&gt;</string>
		</dict>
		<key>0D6F20F72DE884A10028CD88</key>
		<dict>
			<key>children</key>
			<array>
				<string>0D6F20F82DE884A10028CD88</string>
				<string>0D6F20FA2DE884E70028CD88</string>
			</array>
			<key>isa</key>
			<string>PBXVariantGroup</string>
			<key>name</key>
			<string>InfoPlist.strings</string>
			<key>sourceTree</key>
			<string>&lt;group&gt;</string>
		</dict>
		<key>0D6F20F82DE884A10028CD88</key>
		<dict>
			<key>isa</key>
			<string>PBXFileReference</string>
			<key>lastKnownFileType</key>
			<string>text.plist.strings</string>
			<key>name</key>
			<string>en</string>
			<key>path</key>
			<string>en.lproj/InfoPlist.strings</string>
			<key>sourceTree</key>
			<string>&lt;group&gt;</string>
		</dict>
		<key>0D6F20F92DE884A10028CD88</key>
		<dict>
			<key>fileRef</key>
			<string>0D6F20F72DE884A10028CD88</string>
			<key>isa</key>
			<string>PBXBuildFile</string>
		</dict>
		<key>0D6F20FA2DE884E70028CD88</key>
		<dict>
			<key>isa</key>
			<string>PBXFileReference</string>
			<key>lastKnownFileType</key>
			<string>text.plist.strings</string>
			<key>name</key>
			<string>es</string>
			<key>path</key>
			<string>es.lproj/InfoPlist.strings</string>
			<key>sourceTree</key>
			<string>&lt;group&gt;</string>
		</dict>
		<key>1314A3AA903D22D568E6338E</key>
		<dict>
			<key>includeInIndex</key>
			<string>1</string>
			<key>isa</key>
			<string>PBXFileReference</string>
			<key>lastKnownFileType</key>
			<string>text.xcconfig</string>
			<key>name</key>
			<string>Pods-Runner.debug-prod.xcconfig</string>
			<key>path</key>
			<string>Pods/Target Support Files/Pods-Runner/Pods-Runner.debug-prod.xcconfig</string>
			<key>sourceTree</key>
			<string>&lt;group&gt;</string>
		</dict>
		<key>1498D2321E8E86230040F4C2</key>
		<dict>
			<key>isa</key>
			<string>PBXFileReference</string>
			<key>lastKnownFileType</key>
			<string>sourcecode.c.h</string>
			<key>path</key>
			<string>GeneratedPluginRegistrant.h</string>
			<key>sourceTree</key>
			<string>&lt;group&gt;</string>
		</dict>
		<key>1498D2331E8E89220040F4C2</key>
		<dict>
			<key>fileEncoding</key>
			<string>4</string>
			<key>isa</key>
			<string>PBXFileReference</string>
			<key>lastKnownFileType</key>
			<string>sourcecode.c.objc</string>
			<key>path</key>
			<string>GeneratedPluginRegistrant.m</string>
			<key>sourceTree</key>
			<string>&lt;group&gt;</string>
		</dict>
		<key>1498D2341E8E89220040F4C2</key>
		<dict>
			<key>fileRef</key>
			<string>1498D2331E8E89220040F4C2</string>
			<key>isa</key>
			<string>PBXBuildFile</string>
		</dict>
		<key>1565FDDFC6BFD56E77E16A05</key>
		<dict>
			<key>buildActionMask</key>
			<string>2147483647</string>
			<key>files</key>
			<array/>
			<key>inputPaths</key>
			<array>
				<string>${PODS_ROOT}/Target Support Files/Pods-Runner/Pods-Runner-resources.sh</string>
				<string>${PODS_CONFIGURATION_BUILD_DIR}/google_sign_in_ios/google_sign_in_ios_privacy.bundle</string>
				<string>${PODS_CONFIGURATION_BUILD_DIR}/permission_handler_apple/permission_handler_apple_privacy.bundle</string>
			</array>
			<key>isa</key>
			<string>PBXShellScriptBuildPhase</string>
			<key>name</key>
			<string>[CP] Copy Pods Resources</string>
			<key>outputPaths</key>
			<array>
				<string>${TARGET_BUILD_DIR}/${UNLOCALIZED_RESOURCES_FOLDER_PATH}/google_sign_in_ios_privacy.bundle</string>
				<string>${TARGET_BUILD_DIR}/${UNLOCALIZED_RESOURCES_FOLDER_PATH}/permission_handler_apple_privacy.bundle</string>
			</array>
			<key>runOnlyForDeploymentPostprocessing</key>
			<string>0</string>
			<key>shellPath</key>
			<string>/bin/sh</string>
			<key>shellScript</key>
			<string>"${PODS_ROOT}/Target Support Files/Pods-Runner/Pods-Runner-resources.sh"
</string>
			<key>showEnvVarsInLog</key>
			<string>0</string>
		</dict>
		<key>279AA460B3F8FA217C3A80DA</key>
		<dict>
			<key>includeInIndex</key>
			<string>1</string>
			<key>isa</key>
			<string>PBXFileReference</string>
			<key>lastKnownFileType</key>
			<string>text.xcconfig</string>
			<key>name</key>
			<string>Pods-Runner.debug.xcconfig</string>
			<key>path</key>
			<string>Pods/Target Support Files/Pods-Runner/Pods-Runner.debug.xcconfig</string>
			<key>sourceTree</key>
			<string>&lt;group&gt;</string>
		</dict>
		<key>2C94365A74C5B4938D22DB29</key>
		<dict>
			<key>explicitFileType</key>
			<string>wrapper.framework</string>
			<key>includeInIndex</key>
			<string>0</string>
			<key>isa</key>
			<string>PBXFileReference</string>
			<key>path</key>
			<string>Pods_Runner.framework</string>
			<key>sourceTree</key>
			<string>BUILT_PRODUCTS_DIR</string>
		</dict>
		<key>2CEC49DAEC738A147F15AF8C</key>
		<dict>
			<key>buildActionMask</key>
			<string>2147483647</string>
			<key>files</key>
			<array/>
			<key>inputPaths</key>
			<array>
				<string>${PODS_PODFILE_DIR_PATH}/Podfile.lock</string>
				<string>${PODS_ROOT}/Manifest.lock</string>
			</array>
			<key>isa</key>
			<string>PBXShellScriptBuildPhase</string>
			<key>name</key>
			<string>[CP] Check Pods Manifest.lock</string>
			<key>outputPaths</key>
			<array>
				<string>$(DERIVED_FILE_DIR)/Pods-Runner-checkManifestLockResult.txt</string>
			</array>
			<key>runOnlyForDeploymentPostprocessing</key>
			<string>0</string>
			<key>shellPath</key>
			<string>/bin/sh</string>
			<key>shellScript</key>
			<string>diff "${PODS_PODFILE_DIR_PATH}/Podfile.lock" "${PODS_ROOT}/Manifest.lock" &gt; /dev/null
if [ $? != 0 ] ; then
    # print error to STDERR
    echo "error: The sandbox is not in sync with the Podfile.lock. Run 'pod install' or update your CocoaPods installation." &gt;&amp;2
    exit 1
fi
# This output is used by Xcode 'outputs' to avoid re-running this script phase.
echo "SUCCESS" &gt; "${SCRIPT_OUTPUT_FILE_0}"
</string>
			<key>showEnvVarsInLog</key>
			<string>0</string>
		</dict>
		<key>32D64102732C68EDC3274F0B</key>
		<dict>
			<key>includeInIndex</key>
			<string>1</string>
			<key>isa</key>
			<string>PBXFileReference</string>
			<key>lastKnownFileType</key>
			<string>text.xcconfig</string>
			<key>name</key>
			<string>Pods-Runner.release-dev.xcconfig</string>
			<key>path</key>
			<string>Pods/Target Support Files/Pods-Runner/Pods-Runner.release-dev.xcconfig</string>
			<key>sourceTree</key>
			<string>&lt;group&gt;</string>
		</dict>
		<key>3B06AD1E1E4923F5004D2608</key>
		<dict>
			<key>alwaysOutOfDate</key>
			<string>1</string>
			<key>buildActionMask</key>
			<string>2147483647</string>
			<key>files</key>
			<array/>
			<key>inputPaths</key>
			<array>
				<string>${TARGET_BUILD_DIR}/${INFOPLIST_PATH}</string>
			</array>
			<key>isa</key>
			<string>PBXShellScriptBuildPhase</string>
			<key>name</key>
			<string>Thin Binary</string>
			<key>outputPaths</key>
			<array/>
			<key>runOnlyForDeploymentPostprocessing</key>
			<string>0</string>
			<key>shellPath</key>
			<string>/bin/sh</string>
			<key>shellScript</key>
			<string>/bin/sh "$FLUTTER_ROOT/packages/flutter_tools/bin/xcode_backend.sh" embed_and_thin</string>
		</dict>
		<key>3B3967151E833CAA004F5970</key>
		<dict>
			<key>fileEncoding</key>
			<string>4</string>
			<key>isa</key>
			<string>PBXFileReference</string>
			<key>lastKnownFileType</key>
			<string>text.plist.xml</string>
			<key>name</key>
			<string>AppFrameworkInfo.plist</string>
			<key>path</key>
			<string>Flutter/AppFrameworkInfo.plist</string>
			<key>sourceTree</key>
			<string>&lt;group&gt;</string>
		</dict>
		<key>3B3967161E833CAA004F5970</key>
		<dict>
			<key>fileRef</key>
			<string>3B3967151E833CAA004F5970</string>
			<key>isa</key>
			<string>PBXBuildFile</string>
		</dict>
		<key>5ECB392D1F287456B39E2B64</key>
		<dict>
			<key>includeInIndex</key>
			<string>1</string>
			<key>isa</key>
			<string>PBXFileReference</string>
			<key>lastKnownFileType</key>
			<string>text.xcconfig</string>
			<key>name</key>
			<string>Pods-Runner.release-prod.xcconfig</string>
			<key>path</key>
			<string>Pods/Target Support Files/Pods-Runner/Pods-Runner.release-prod.xcconfig</string>
			<key>sourceTree</key>
			<string>&lt;group&gt;</string>
		</dict>
		<key>714FAD75426426DD420D7BBA</key>
		<dict>
			<key>buildActionMask</key>
			<string>2147483647</string>
			<key>files</key>
			<array/>
			<key>inputPaths</key>
			<array>
				<string>${PODS_ROOT}/Target Support Files/Pods-Runner/Pods-Runner-frameworks.sh</string>
				<string>${BUILT_PRODUCTS_DIR}/AppAuth/AppAuth.framework</string>
				<string>${BUILT_PRODUCTS_DIR}/DKImagePickerController/DKImagePickerController.framework</string>
				<string>${BUILT_PRODUCTS_DIR}/DKPhotoGallery/DKPhotoGallery.framework</string>
				<string>${BUILT_PRODUCTS_DIR}/FirebaseCore/FirebaseCore.framework</string>
				<string>${BUILT_PRODUCTS_DIR}/FirebaseCoreExtension/FirebaseCoreExtension.framework</string>
				<string>${BUILT_PRODUCTS_DIR}/FirebaseCoreInternal/FirebaseCoreInternal.framework</string>
				<string>${BUILT_PRODUCTS_DIR}/FirebaseCrashlytics/FirebaseCrashlytics.framework</string>
				<string>${BUILT_PRODUCTS_DIR}/FirebaseInstallations/FirebaseInstallations.framework</string>
				<string>${BUILT_PRODUCTS_DIR}/FirebaseRemoteConfigInterop/FirebaseRemoteConfigInterop.framework</string>
				<string>${BUILT_PRODUCTS_DIR}/FirebaseSessions/FirebaseSessions.framework</string>
				<string>${BUILT_PRODUCTS_DIR}/GTMAppAuth/GTMAppAuth.framework</string>
				<string>${BUILT_PRODUCTS_DIR}/GTMSessionFetcher/GTMSessionFetcher.framework</string>
				<string>${BUILT_PRODUCTS_DIR}/GoogleDataTransport/GoogleDataTransport.framework</string>
				<string>${BUILT_PRODUCTS_DIR}/GoogleSignIn/GoogleSignIn.framework</string>
				<string>${BUILT_PRODUCTS_DIR}/GoogleUtilities/GoogleUtilities.framework</string>
				<string>${BUILT_PRODUCTS_DIR}/Mantle/Mantle.framework</string>
				<string>${PODS_ROOT}/Mapbox-iOS-SDK/dynamic/Mapbox.framework</string>
				<string>${BUILT_PRODUCTS_DIR}/MapboxAnnotationExtension/MapboxAnnotationExtension.framework</string>
				<string>${BUILT_PRODUCTS_DIR}/MapboxMobileEvents/MapboxMobileEvents.framework</string>
				<string>${BUILT_PRODUCTS_DIR}/PromisesObjC/FBLPromises.framework</string>
				<string>${BUILT_PRODUCTS_DIR}/PromisesSwift/Promises.framework</string>
				<string>${BUILT_PRODUCTS_DIR}/PurchasesHybridCommon/PurchasesHybridCommon.framework</string>
				<string>${BUILT_PRODUCTS_DIR}/RevenueCat/RevenueCat.framework</string>
				<string>${BUILT_PRODUCTS_DIR}/SDWebImage/SDWebImage.framework</string>
				<string>${BUILT_PRODUCTS_DIR}/SDWebImageWebPCoder/SDWebImageWebPCoder.framework</string>
				<string>${BUILT_PRODUCTS_DIR}/SwiftyGif/SwiftyGif.framework</string>
				<string>${BUILT_PRODUCTS_DIR}/device_info_plus/device_info_plus.framework</string>
				<string>${BUILT_PRODUCTS_DIR}/file_picker/file_picker.framework</string>
				<string>${BUILT_PRODUCTS_DIR}/flutter_image_compress_common/flutter_image_compress_common.framework</string>
				<string>${BUILT_PRODUCTS_DIR}/flutter_local_notifications/flutter_local_notifications.framework</string>
				<string>${BUILT_PRODUCTS_DIR}/flutter_timezone/flutter_timezone.framework</string>
				<string>${BUILT_PRODUCTS_DIR}/geolocator_apple/geolocator_apple.framework</string>
				<string>${BUILT_PRODUCTS_DIR}/image_picker_ios/image_picker_ios.framework</string>
				<string>${BUILT_PRODUCTS_DIR}/in_app_review/in_app_review.framework</string>
				<string>${BUILT_PRODUCTS_DIR}/libwebp/libwebp.framework</string>
				<string>${BUILT_PRODUCTS_DIR}/mapbox_gl/mapbox_gl.framework</string>
				<string>${BUILT_PRODUCTS_DIR}/nanopb/nanopb.framework</string>
				<string>${BUILT_PRODUCTS_DIR}/native_exif/native_exif.framework</string>
				<string>${BUILT_PRODUCTS_DIR}/package_info_plus/package_info_plus.framework</string>
				<string>${BUILT_PRODUCTS_DIR}/path_provider_foundation/path_provider_foundation.framework</string>
				<string>${BUILT_PRODUCTS_DIR}/photo_manager/photo_manager.framework</string>
				<string>${BUILT_PRODUCTS_DIR}/purchases_flutter/purchases_flutter.framework</string>
				<string>${BUILT_PRODUCTS_DIR}/region_settings/region_settings.framework</string>
				<string>${BUILT_PRODUCTS_DIR}/share_plus/share_plus.framework</string>
				<string>${BUILT_PRODUCTS_DIR}/shared_preferences_foundation/shared_preferences_foundation.framework</string>
				<string>${BUILT_PRODUCTS_DIR}/sqflite_darwin/sqflite_darwin.framework</string>
				<string>${BUILT_PRODUCTS_DIR}/url_launcher_ios/url_launcher_ios.framework</string>
			</array>
			<key>isa</key>
			<string>PBXShellScriptBuildPhase</string>
			<key>name</key>
			<string>[CP] Embed Pods Frameworks</string>
			<key>outputPaths</key>
			<array>
				<string>${TARGET_BUILD_DIR}/${FRAMEWORKS_FOLDER_PATH}/AppAuth.framework</string>
				<string>${TARGET_BUILD_DIR}/${FRAMEWORKS_FOLDER_PATH}/DKImagePickerController.framework</string>
				<string>${TARGET_BUILD_DIR}/${FRAMEWORKS_FOLDER_PATH}/DKPhotoGallery.framework</string>
				<string>${TARGET_BUILD_DIR}/${FRAMEWORKS_FOLDER_PATH}/FirebaseCore.framework</string>
				<string>${TARGET_BUILD_DIR}/${FRAMEWORKS_FOLDER_PATH}/FirebaseCoreExtension.framework</string>
				<string>${TARGET_BUILD_DIR}/${FRAMEWORKS_FOLDER_PATH}/FirebaseCoreInternal.framework</string>
				<string>${TARGET_BUILD_DIR}/${FRAMEWORKS_FOLDER_PATH}/FirebaseCrashlytics.framework</string>
				<string>${TARGET_BUILD_DIR}/${FRAMEWORKS_FOLDER_PATH}/FirebaseInstallations.framework</string>
				<string>${TARGET_BUILD_DIR}/${FRAMEWORKS_FOLDER_PATH}/FirebaseRemoteConfigInterop.framework</string>
				<string>${TARGET_BUILD_DIR}/${FRAMEWORKS_FOLDER_PATH}/FirebaseSessions.framework</string>
				<string>${TARGET_BUILD_DIR}/${FRAMEWORKS_FOLDER_PATH}/GTMAppAuth.framework</string>
				<string>${TARGET_BUILD_DIR}/${FRAMEWORKS_FOLDER_PATH}/GTMSessionFetcher.framework</string>
				<string>${TARGET_BUILD_DIR}/${FRAMEWORKS_FOLDER_PATH}/GoogleDataTransport.framework</string>
				<string>${TARGET_BUILD_DIR}/${FRAMEWORKS_FOLDER_PATH}/GoogleSignIn.framework</string>
				<string>${TARGET_BUILD_DIR}/${FRAMEWORKS_FOLDER_PATH}/GoogleUtilities.framework</string>
				<string>${TARGET_BUILD_DIR}/${FRAMEWORKS_FOLDER_PATH}/Mantle.framework</string>
				<string>${TARGET_BUILD_DIR}/${FRAMEWORKS_FOLDER_PATH}/Mapbox.framework</string>
				<string>${TARGET_BUILD_DIR}/${FRAMEWORKS_FOLDER_PATH}/MapboxAnnotationExtension.framework</string>
				<string>${TARGET_BUILD_DIR}/${FRAMEWORKS_FOLDER_PATH}/MapboxMobileEvents.framework</string>
				<string>${TARGET_BUILD_DIR}/${FRAMEWORKS_FOLDER_PATH}/FBLPromises.framework</string>
				<string>${TARGET_BUILD_DIR}/${FRAMEWORKS_FOLDER_PATH}/Promises.framework</string>
				<string>${TARGET_BUILD_DIR}/${FRAMEWORKS_FOLDER_PATH}/PurchasesHybridCommon.framework</string>
				<string>${TARGET_BUILD_DIR}/${FRAMEWORKS_FOLDER_PATH}/RevenueCat.framework</string>
				<string>${TARGET_BUILD_DIR}/${FRAMEWORKS_FOLDER_PATH}/SDWebImage.framework</string>
				<string>${TARGET_BUILD_DIR}/${FRAMEWORKS_FOLDER_PATH}/SDWebImageWebPCoder.framework</string>
				<string>${TARGET_BUILD_DIR}/${FRAMEWORKS_FOLDER_PATH}/SwiftyGif.framework</string>
				<string>${TARGET_BUILD_DIR}/${FRAMEWORKS_FOLDER_PATH}/device_info_plus.framework</string>
				<string>${TARGET_BUILD_DIR}/${FRAMEWORKS_FOLDER_PATH}/file_picker.framework</string>
				<string>${TARGET_BUILD_DIR}/${FRAMEWORKS_FOLDER_PATH}/flutter_image_compress_common.framework</string>
				<string>${TARGET_BUILD_DIR}/${FRAMEWORKS_FOLDER_PATH}/flutter_local_notifications.framework</string>
				<string>${TARGET_BUILD_DIR}/${FRAMEWORKS_FOLDER_PATH}/flutter_timezone.framework</string>
				<string>${TARGET_BUILD_DIR}/${FRAMEWORKS_FOLDER_PATH}/geolocator_apple.framework</string>
				<string>${TARGET_BUILD_DIR}/${FRAMEWORKS_FOLDER_PATH}/image_picker_ios.framework</string>
				<string>${TARGET_BUILD_DIR}/${FRAMEWORKS_FOLDER_PATH}/in_app_review.framework</string>
				<string>${TARGET_BUILD_DIR}/${FRAMEWORKS_FOLDER_PATH}/libwebp.framework</string>
				<string>${TARGET_BUILD_DIR}/${FRAMEWORKS_FOLDER_PATH}/mapbox_gl.framework</string>
				<string>${TARGET_BUILD_DIR}/${FRAMEWORKS_FOLDER_PATH}/nanopb.framework</string>
				<string>${TARGET_BUILD_DIR}/${FRAMEWORKS_FOLDER_PATH}/native_exif.framework</string>
				<string>${TARGET_BUILD_DIR}/${FRAMEWORKS_FOLDER_PATH}/package_info_plus.framework</string>
				<string>${TARGET_BUILD_DIR}/${FRAMEWORKS_FOLDER_PATH}/path_provider_foundation.framework</string>
				<string>${TARGET_BUILD_DIR}/${FRAMEWORKS_FOLDER_PATH}/photo_manager.framework</string>
				<string>${TARGET_BUILD_DIR}/${FRAMEWORKS_FOLDER_PATH}/purchases_flutter.framework</string>
				<string>${TARGET_BUILD_DIR}/${FRAMEWORKS_FOLDER_PATH}/region_settings.framework</string>
				<string>${TARGET_BUILD_DIR}/${FRAMEWORKS_FOLDER_PATH}/share_plus.framework</string>
				<string>${TARGET_BUILD_DIR}/${FRAMEWORKS_FOLDER_PATH}/shared_preferences_foundation.framework</string>
				<string>${TARGET_BUILD_DIR}/${FRAMEWORKS_FOLDER_PATH}/sqflite_darwin.framework</string>
				<string>${TARGET_BUILD_DIR}/${FRAMEWORKS_FOLDER_PATH}/url_launcher_ios.framework</string>
			</array>
			<key>runOnlyForDeploymentPostprocessing</key>
			<string>0</string>
			<key>shellPath</key>
			<string>/bin/sh</string>
			<key>shellScript</key>
			<string>"${PODS_ROOT}/Target Support Files/Pods-Runner/Pods-Runner-frameworks.sh"
</string>
			<key>showEnvVarsInLog</key>
			<string>0</string>
		</dict>
		<key>7AFA3C8E1D35360C0083082E</key>
		<dict>
			<key>isa</key>
			<string>PBXFileReference</string>
			<key>lastKnownFileType</key>
			<string>text.xcconfig</string>
			<key>name</key>
			<string>Release.xcconfig</string>
			<key>path</key>
			<string>Flutter/Release.xcconfig</string>
			<key>sourceTree</key>
			<string>&lt;group&gt;</string>
		</dict>
		<key>7AFFD8ED1D35381100E5BB4D</key>
		<dict>
			<key>fileEncoding</key>
			<string>4</string>
			<key>isa</key>
			<string>PBXFileReference</string>
			<key>lastKnownFileType</key>
			<string>sourcecode.c.h</string>
			<key>path</key>
			<string>AppDelegate.h</string>
			<key>sourceTree</key>
			<string>&lt;group&gt;</string>
		</dict>
		<key>7AFFD8EE1D35381100E5BB4D</key>
		<dict>
			<key>fileEncoding</key>
			<string>4</string>
			<key>isa</key>
			<string>PBXFileReference</string>
			<key>lastKnownFileType</key>
			<string>sourcecode.c.objc</string>
			<key>path</key>
			<string>AppDelegate.m</string>
			<key>sourceTree</key>
			<string>&lt;group&gt;</string>
		</dict>
		<key>84EA80635F4F2AD08C36AEE4</key>
		<dict>
			<key>fileRef</key>
			<string>2C94365A74C5B4938D22DB29</string>
			<key>isa</key>
			<string>PBXBuildFile</string>
		</dict>
		<key>9705A1C41CF9048500538489</key>
		<dict>
			<key>buildActionMask</key>
			<string>2147483647</string>
			<key>dstPath</key>
			<string></string>
			<key>dstSubfolderSpec</key>
			<string>10</string>
			<key>files</key>
			<array/>
			<key>isa</key>
			<string>PBXCopyFilesBuildPhase</string>
			<key>name</key>
			<string>Embed Frameworks</string>
			<key>runOnlyForDeploymentPostprocessing</key>
			<string>0</string>
		</dict>
		<key>9740EEB11CF90186004384FC</key>
		<dict>
			<key>children</key>
			<array>
				<string>3B3967151E833CAA004F5970</string>
				<string>9740EEB21CF90195004384FC</string>
				<string>7AFA3C8E1D35360C0083082E</string>
				<string>9740EEB31CF90195004384FC</string>
			</array>
			<key>isa</key>
			<string>PBXGroup</string>
			<key>name</key>
			<string>Flutter</string>
			<key>sourceTree</key>
			<string>&lt;group&gt;</string>
		</dict>
		<key>9740EEB21CF90195004384FC</key>
		<dict>
			<key>fileEncoding</key>
			<string>4</string>
			<key>isa</key>
			<string>PBXFileReference</string>
			<key>lastKnownFileType</key>
			<string>text.xcconfig</string>
			<key>name</key>
			<string>Debug.xcconfig</string>
			<key>path</key>
			<string>Flutter/Debug.xcconfig</string>
			<key>sourceTree</key>
			<string>&lt;group&gt;</string>
		</dict>
		<key>9740EEB31CF90195004384FC</key>
		<dict>
			<key>fileEncoding</key>
			<string>4</string>
			<key>isa</key>
			<string>PBXFileReference</string>
			<key>lastKnownFileType</key>
			<string>text.xcconfig</string>
			<key>name</key>
			<string>Generated.xcconfig</string>
			<key>path</key>
			<string>Flutter/Generated.xcconfig</string>
			<key>sourceTree</key>
			<string>&lt;group&gt;</string>
		</dict>
		<key>9740EEB41CF90195004384FC</key>
		<dict>
			<key>fileRef</key>
			<string>9740EEB21CF90195004384FC</string>
			<key>isa</key>
			<string>PBXBuildFile</string>
		</dict>
		<key>9740EEB51CF90195004384FC</key>
		<dict>
			<key>fileRef</key>
			<string>9740EEB31CF90195004384FC</string>
			<key>isa</key>
			<string>PBXBuildFile</string>
		</dict>
		<key>9740EEB61CF901F6004384FC</key>
		<dict>
			<key>alwaysOutOfDate</key>
			<string>1</string>
			<key>buildActionMask</key>
			<string>2147483647</string>
			<key>files</key>
			<array/>
			<key>inputPaths</key>
			<array/>
			<key>isa</key>
			<string>PBXShellScriptBuildPhase</string>
			<key>name</key>
			<string>Run Script</string>
			<key>outputFileListPaths</key>
			<array/>
			<key>outputPaths</key>
			<array/>
			<key>runOnlyForDeploymentPostprocessing</key>
			<string>0</string>
			<key>shellPath</key>
			<string>/bin/sh</string>
			<key>shellScript</key>
			<string>/bin/sh "$FLUTTER_ROOT/packages/flutter_tools/bin/xcode_backend.sh" build
</string>
		</dict>
		<key>978B8F6F1D3862AE00F588F7</key>
		<dict>
			<key>fileRef</key>
			<string>7AFFD8EE1D35381100E5BB4D</string>
			<key>isa</key>
			<string>PBXBuildFile</string>
		</dict>
		<key>97C146E51CF9000F007C117D</key>
		<dict>
			<key>children</key>
			<array>
				<string>9740EEB11CF90186004384FC</string>
				<string>D7F560778CFAF4806A13AC1F</string>
				<string>A489BE1D3BAAA98325BDD518</string>
				<string>97C146EF1CF9000F007C117D</string>
				<string>97C146F01CF9000F007C117D</string>
			</array>
			<key>isa</key>
			<string>PBXGroup</string>
			<key>sourceTree</key>
			<string>&lt;group&gt;</string>
		</dict>
		<key>97C146E61CF9000F007C117D</key>
		<dict>
			<key>attributes</key>
			<dict>
				<key>LastUpgradeCheck</key>
				<string>1510</string>
				<key>ORGANIZATIONNAME</key>
				<string>The Chromium Authors</string>
				<key>TargetAttributes</key>
				<dict>
					<key>97C146ED1CF9000F007C117D</key>
					<dict>
						<key>CreatedOnToolsVersion</key>
						<string>7.3.1</string>
						<key>DevelopmentTeam</key>
						<string>RQ74DU9PML</string>
					</dict>
				</dict>
			</dict>
			<key>buildConfigurationList</key>
			<string>97C146E91CF9000F007C117D</string>
			<key>compatibilityVersion</key>
			<string>Xcode 3.2</string>
			<key>developmentRegion</key>
			<string>en</string>
			<key>hasScannedForEncodings</key>
			<string>0</string>
			<key>isa</key>
			<string>PBXProject</string>
			<key>knownRegions</key>
			<array>
				<string>en</string>
				<string>Base</string>
				<string>es</string>
			</array>
			<key>mainGroup</key>
			<string>97C146E51CF9000F007C117D</string>
			<key>productRefGroup</key>
			<string>97C146EF1CF9000F007C117D</string>
			<key>projectDirPath</key>
			<string></string>
			<key>projectRoot</key>
			<string></string>
			<key>targets</key>
			<array>
				<string>97C146ED1CF9000F007C117D</string>
			</array>
		</dict>
		<key>97C146E91CF9000F007C117D</key>
		<dict>
			<key>buildConfigurations</key>
			<array>
				<string>97C147031CF9000F007C117D</string>
				<string>ACD54D272296D329006C8D72</string>
				<string>ACD54D292296D331006C8D72</string>
				<string>97C147041CF9000F007C117D</string>
				<string>ACE947C7259B732100C15F6E</string>
				<string>ACD54D2B2296D341006C8D72</string>
				<string>ACD54D2D2296D34A006C8D72</string>
			</array>
			<key>defaultConfigurationIsVisible</key>
			<string>0</string>
			<key>defaultConfigurationName</key>
			<string>Release</string>
			<key>isa</key>
			<string>XCConfigurationList</string>
		</dict>
		<key>97C146EA1CF9000F007C117D</key>
		<dict>
			<key>buildActionMask</key>
			<string>2147483647</string>
			<key>files</key>
			<array>
				<string>ACC8765825AD3EFC0027466A</string>
				<string>ACC8769225AD3F160027466A</string>
				<string>ACC8769125AD3F160027466A</string>
				<string>978B8F6F1D3862AE00F588F7</string>
				<string>ACC8769325AD3F160027466A</string>
				<string>ACC8769825AD3F160027466A</string>
				<string>ACC8769725AD3F160027466A</string>
				<string>ACC876E325ADE7820027466A</string>
				<string>ACC8768B25AD3F160027466A</string>
				<string>97C146F31CF9000F007C117D</string>
				<string>ACC8769625AD3F160027466A</string>
				<string>ACC8768C25AD3F160027466A</string>
				<string>ACC8769B25AD3F940027466A</string>
				<string>ACC8769E25AD3FE70027466A</string>
				<string>ACC8768A25AD3F160027466A</string>
				<string>1498D2341E8E89220040F4C2</string>
				<string>ACC8768925AD3F160027466A</string>
				<string>ACC8769525AD3F160027466A</string>
				<string>ACC8768725AD3F160027466A</string>
				<string>ACC8768825AD3F160027466A</string>
				<string>ACC8769425AD3F160027466A</string>
			</array>
			<key>isa</key>
			<string>PBXSourcesBuildPhase</string>
			<key>runOnlyForDeploymentPostprocessing</key>
			<string>0</string>
		</dict>
		<key>97C146EB1CF9000F007C117D</key>
		<dict>
			<key>buildActionMask</key>
			<string>2147483647</string>
			<key>files</key>
			<array>
				<string>AC97AD9625EB036A00726A46</string>
				<string>84EA80635F4F2AD08C36AEE4</string>
			</array>
			<key>isa</key>
			<string>PBXFrameworksBuildPhase</string>
			<key>runOnlyForDeploymentPostprocessing</key>
			<string>0</string>
		</dict>
		<key>97C146EC1CF9000F007C117D</key>
		<dict>
			<key>buildActionMask</key>
			<string>2147483647</string>
			<key>files</key>
			<array>
				<string>97C147011CF9000F007C117D</string>
				<string>0D6F20F92DE884A10028CD88</string>
				<string>9740EEB51CF90195004384FC</string>
				<string>3B3967161E833CAA004F5970</string>
				<string>9740EEB41CF90195004384FC</string>
				<string>97C146FE1CF9000F007C117D</string>
				<string>97C146FC1CF9000F007C117D</string>
				<string>AC29C2E825C05A7F000377EE</string>
			</array>
			<key>isa</key>
			<string>PBXResourcesBuildPhase</string>
			<key>runOnlyForDeploymentPostprocessing</key>
			<string>0</string>
		</dict>
		<key>97C146ED1CF9000F007C117D</key>
		<dict>
			<key>buildConfigurationList</key>
			<string>97C147051CF9000F007C117D</string>
			<key>buildPhases</key>
			<array>
				<string>2CEC49DAEC738A147F15AF8C</string>
				<string>9740EEB61CF901F6004384FC</string>
				<string>97C146EA1CF9000F007C117D</string>
				<string>97C146EB1CF9000F007C117D</string>
				<string>97C146EC1CF9000F007C117D</string>
				<string>9705A1C41CF9048500538489</string>
				<string>3B06AD1E1E4923F5004D2608</string>
				<string>714FAD75426426DD420D7BBA</string>
				<string>AC0BE5F527B8012B00ACCD45</string>
				<string>AC0BE5F627B8017C00ACCD45</string>
				<string>1565FDDFC6BFD56E77E16A05</string>
			</array>
			<key>buildRules</key>
			<array/>
			<key>dependencies</key>
			<array/>
			<key>isa</key>
			<string>PBXNativeTarget</string>
			<key>name</key>
			<string>Runner</string>
			<key>productName</key>
			<string>Runner</string>
			<key>productReference</key>
			<string>97C146EE1CF9000F007C117D</string>
			<key>productType</key>
			<string>com.apple.product-type.application</string>
		</dict>
		<key>97C146EE1CF9000F007C117D</key>
		<dict>
			<key>explicitFileType</key>
			<string>wrapper.application</string>
			<key>includeInIndex</key>
			<string>0</string>
			<key>isa</key>
			<string>PBXFileReference</string>
			<key>path</key>
			<string>Runner.app</string>
			<key>sourceTree</key>
			<string>BUILT_PRODUCTS_DIR</string>
		</dict>
		<key>97C146EF1CF9000F007C117D</key>
		<dict>
			<key>children</key>
			<array>
				<string>97C146EE1CF9000F007C117D</string>
			</array>
			<key>isa</key>
			<string>PBXGroup</string>
			<key>name</key>
			<string>Products</string>
			<key>sourceTree</key>
			<string>&lt;group&gt;</string>
		</dict>
		<key>97C146F01CF9000F007C117D</key>
		<dict>
			<key>children</key>
			<array>
				<string>7AFFD8ED1D35381100E5BB4D</string>
				<string>7AFFD8EE1D35381100E5BB4D</string>
				<string>97C146FD1CF9000F007C117D</string>
				<string>ACC8765525AD3EFC0027466A</string>
				<string>1498D2321E8E86230040F4C2</string>
				<string>1498D2331E8E89220040F4C2</string>
				<string>AC29C2E725C05A7F000377EE</string>
				<string>97C147021CF9000F007C117D</string>
				<string>97C146FF1CF9000F007C117D</string>
				<string>ACC8765925AD3F160027466A</string>
				<string>97C146FA1CF9000F007C117D</string>
				<string>97C146F11CF9000F007C117D</string>
				<string>ACC876D925ADE7810027466A</string>
				<string>0D6F20F72DE884A10028CD88</string>
			</array>
			<key>isa</key>
			<string>PBXGroup</string>
			<key>path</key>
			<string>Runner</string>
			<key>sourceTree</key>
			<string>&lt;group&gt;</string>
		</dict>
		<key>97C146F11CF9000F007C117D</key>
		<dict>
			<key>children</key>
			<array>
				<string>97C146F21CF9000F007C117D</string>
			</array>
			<key>isa</key>
			<string>PBXGroup</string>
			<key>name</key>
			<string>Supporting Files</string>
			<key>sourceTree</key>
			<string>&lt;group&gt;</string>
		</dict>
		<key>97C146F21CF9000F007C117D</key>
		<dict>
			<key>isa</key>
			<string>PBXFileReference</string>
			<key>lastKnownFileType</key>
			<string>sourcecode.c.objc</string>
			<key>path</key>
			<string>main.m</string>
			<key>sourceTree</key>
			<string>&lt;group&gt;</string>
		</dict>
		<key>97C146F31CF9000F007C117D</key>
		<dict>
			<key>fileRef</key>
			<string>97C146F21CF9000F007C117D</string>
			<key>isa</key>
			<string>PBXBuildFile</string>
		</dict>
		<key>97C146FA1CF9000F007C117D</key>
		<dict>
			<key>children</key>
			<array>
				<string>97C146FB1CF9000F007C117D</string>
			</array>
			<key>isa</key>
			<string>PBXVariantGroup</string>
			<key>name</key>
			<string>Main.storyboard</string>
			<key>sourceTree</key>
			<string>&lt;group&gt;</string>
		</dict>
		<key>97C146FB1CF9000F007C117D</key>
		<dict>
			<key>isa</key>
			<string>PBXFileReference</string>
			<key>lastKnownFileType</key>
			<string>file.storyboard</string>
			<key>name</key>
			<string>Base</string>
			<key>path</key>
			<string>Base.lproj/Main.storyboard</string>
			<key>sourceTree</key>
			<string>&lt;group&gt;</string>
		</dict>
		<key>97C146FC1CF9000F007C117D</key>
		<dict>
			<key>fileRef</key>
			<string>97C146FA1CF9000F007C117D</string>
			<key>isa</key>
			<string>PBXBuildFile</string>
		</dict>
		<key>97C146FD1CF9000F007C117D</key>
		<dict>
			<key>isa</key>
			<string>PBXFileReference</string>
			<key>lastKnownFileType</key>
			<string>folder.assetcatalog</string>
			<key>path</key>
			<string>Assets.xcassets</string>
			<key>sourceTree</key>
			<string>&lt;group&gt;</string>
		</dict>
		<key>97C146FE1CF9000F007C117D</key>
		<dict>
			<key>fileRef</key>
			<string>97C146FD1CF9000F007C117D</string>
			<key>isa</key>
			<string>PBXBuildFile</string>
		</dict>
		<key>97C146FF1CF9000F007C117D</key>
		<dict>
			<key>children</key>
			<array>
				<string>97C147001CF9000F007C117D</string>
			</array>
			<key>isa</key>
			<string>PBXVariantGroup</string>
			<key>name</key>
			<string>LaunchScreen.storyboard</string>
			<key>sourceTree</key>
			<string>&lt;group&gt;</string>
		</dict>
		<key>97C147001CF9000F007C117D</key>
		<dict>
			<key>isa</key>
			<string>PBXFileReference</string>
			<key>lastKnownFileType</key>
			<string>file.storyboard</string>
			<key>name</key>
			<string>Base</string>
			<key>path</key>
			<string>Base.lproj/LaunchScreen.storyboard</string>
			<key>sourceTree</key>
			<string>&lt;group&gt;</string>
		</dict>
		<key>97C147011CF9000F007C117D</key>
		<dict>
			<key>fileRef</key>
			<string>97C146FF1CF9000F007C117D</string>
			<key>isa</key>
			<string>PBXBuildFile</string>
		</dict>
		<key>97C147021CF9000F007C117D</key>
		<dict>
			<key>isa</key>
			<string>PBXFileReference</string>
			<key>lastKnownFileType</key>
			<string>text.plist.xml</string>
			<key>path</key>
			<string>Info.plist</string>
			<key>sourceTree</key>
			<string>&lt;group&gt;</string>
		</dict>
		<key>97C147031CF9000F007C117D</key>
		<dict>
			<key>buildSettings</key>
			<dict>
				<key>ALWAYS_SEARCH_USER_PATHS</key>
				<string>NO</string>
				<key>CLANG_ANALYZER_LOCALIZABILITY_NONLOCALIZED</key>
				<string>YES</string>
				<key>CLANG_ANALYZER_NONNULL</key>
				<string>YES</string>
				<key>CLANG_CXX_LANGUAGE_STANDARD</key>
				<string>gnu++0x</string>
				<key>CLANG_CXX_LIBRARY</key>
				<string>libc++</string>
				<key>CLANG_ENABLE_MODULES</key>
				<string>YES</string>
				<key>CLANG_ENABLE_OBJC_ARC</key>
				<string>YES</string>
				<key>CLANG_WARN_BLOCK_CAPTURE_AUTORELEASING</key>
				<string>YES</string>
				<key>CLANG_WARN_BOOL_CONVERSION</key>
				<string>YES</string>
				<key>CLANG_WARN_COMMA</key>
				<string>YES</string>
				<key>CLANG_WARN_CONSTANT_CONVERSION</key>
				<string>YES</string>
				<key>CLANG_WARN_DIRECT_OBJC_ISA_USAGE</key>
				<string>YES_ERROR</string>
				<key>CLANG_WARN_EMPTY_BODY</key>
				<string>YES</string>
				<key>CLANG_WARN_ENUM_CONVERSION</key>
				<string>YES</string>
				<key>CLANG_WARN_INFINITE_RECURSION</key>
				<string>YES</string>
				<key>CLANG_WARN_INT_CONVERSION</key>
				<string>YES</string>
				<key>CLANG_WARN_NON_LITERAL_NULL_CONVERSION</key>
				<string>YES</string>
				<key>CLANG_WARN_OBJC_LITERAL_CONVERSION</key>
				<string>YES</string>
				<key>CLANG_WARN_OBJC_ROOT_CLASS</key>
				<string>YES_ERROR</string>
				<key>CLANG_WARN_RANGE_LOOP_ANALYSIS</key>
				<string>YES</string>
				<key>CLANG_WARN_STRICT_PROTOTYPES</key>
				<string>YES</string>
				<key>CLANG_WARN_SUSPICIOUS_MOVE</key>
				<string>YES</string>
				<key>CLANG_WARN_UNREACHABLE_CODE</key>
				<string>YES</string>
				<key>CLANG_WARN__DUPLICATE_METHOD_MATCH</key>
				<string>YES</string>
				<key>CODE_SIGN_IDENTITY[sdk=iphoneos*]</key>
				<string>iPhone Developer</string>
				<key>COPY_PHASE_STRIP</key>
				<string>NO</string>
				<key>DEBUG_INFORMATION_FORMAT</key>
				<string>dwarf</string>
				<key>ENABLE_STRICT_OBJC_MSGSEND</key>
				<string>YES</string>
				<key>ENABLE_TESTABILITY</key>
				<string>YES</string>
				<key>GCC_C_LANGUAGE_STANDARD</key>
				<string>gnu99</string>
				<key>GCC_DYNAMIC_NO_PIC</key>
				<string>NO</string>
				<key>GCC_NO_COMMON_BLOCKS</key>
				<string>YES</string>
				<key>GCC_OPTIMIZATION_LEVEL</key>
				<string>0</string>
				<key>GCC_PREPROCESSOR_DEFINITIONS</key>
				<array>
					<string>DEBUG=1</string>
					<string>$(inherited)</string>
				</array>
				<key>GCC_WARN_64_TO_32_BIT_CONVERSION</key>
				<string>YES</string>
				<key>GCC_WARN_ABOUT_RETURN_TYPE</key>
				<string>YES_ERROR</string>
				<key>GCC_WARN_UNDECLARED_SELECTOR</key>
				<string>YES</string>
				<key>GCC_WARN_UNINITIALIZED_AUTOS</key>
				<string>YES_AGGRESSIVE</string>
				<key>GCC_WARN_UNUSED_FUNCTION</key>
				<string>YES</string>
				<key>GCC_WARN_UNUSED_VARIABLE</key>
				<string>YES</string>
				<key>IPHONEOS_DEPLOYMENT_TARGET</key>
				<string>13.0</string>
				<key>MTL_ENABLE_DEBUG_INFO</key>
				<string>YES</string>
				<key>ONLY_ACTIVE_ARCH</key>
				<string>YES</string>
				<key>SDKROOT</key>
				<string>iphoneos</string>
				<key>TARGETED_DEVICE_FAMILY</key>
				<string>1,2</string>
			</dict>
			<key>isa</key>
			<string>XCBuildConfiguration</string>
			<key>name</key>
			<string>Debug</string>
		</dict>
		<key>97C147041CF9000F007C117D</key>
		<dict>
			<key>buildSettings</key>
			<dict>
				<key>ALWAYS_SEARCH_USER_PATHS</key>
				<string>NO</string>
				<key>CLANG_ANALYZER_LOCALIZABILITY_NONLOCALIZED</key>
				<string>YES</string>
				<key>CLANG_ANALYZER_NONNULL</key>
				<string>YES</string>
				<key>CLANG_CXX_LANGUAGE_STANDARD</key>
				<string>gnu++0x</string>
				<key>CLANG_CXX_LIBRARY</key>
				<string>libc++</string>
				<key>CLANG_ENABLE_MODULES</key>
				<string>YES</string>
				<key>CLANG_ENABLE_OBJC_ARC</key>
				<string>YES</string>
				<key>CLANG_WARN_BLOCK_CAPTURE_AUTORELEASING</key>
				<string>YES</string>
				<key>CLANG_WARN_BOOL_CONVERSION</key>
				<string>YES</string>
				<key>CLANG_WARN_COMMA</key>
				<string>YES</string>
				<key>CLANG_WARN_CONSTANT_CONVERSION</key>
				<string>YES</string>
				<key>CLANG_WARN_DIRECT_OBJC_ISA_USAGE</key>
				<string>YES_ERROR</string>
				<key>CLANG_WARN_EMPTY_BODY</key>
				<string>YES</string>
				<key>CLANG_WARN_ENUM_CONVERSION</key>
				<string>YES</string>
				<key>CLANG_WARN_INFINITE_RECURSION</key>
				<string>YES</string>
				<key>CLANG_WARN_INT_CONVERSION</key>
				<string>YES</string>
				<key>CLANG_WARN_NON_LITERAL_NULL_CONVERSION</key>
				<string>YES</string>
				<key>CLANG_WARN_OBJC_LITERAL_CONVERSION</key>
				<string>YES</string>
				<key>CLANG_WARN_OBJC_ROOT_CLASS</key>
				<string>YES_ERROR</string>
				<key>CLANG_WARN_RANGE_LOOP_ANALYSIS</key>
				<string>YES</string>
				<key>CLANG_WARN_STRICT_PROTOTYPES</key>
				<string>YES</string>
				<key>CLANG_WARN_SUSPICIOUS_MOVE</key>
				<string>YES</string>
				<key>CLANG_WARN_UNREACHABLE_CODE</key>
				<string>YES</string>
				<key>CLANG_WARN__DUPLICATE_METHOD_MATCH</key>
				<string>YES</string>
				<key>CODE_SIGN_IDENTITY[sdk=iphoneos*]</key>
				<string>iPhone Developer</string>
				<key>COPY_PHASE_STRIP</key>
				<string>NO</string>
				<key>DEBUG_INFORMATION_FORMAT</key>
				<string>dwarf-with-dsym</string>
				<key>ENABLE_NS_ASSERTIONS</key>
				<string>NO</string>
				<key>ENABLE_STRICT_OBJC_MSGSEND</key>
				<string>YES</string>
				<key>GCC_C_LANGUAGE_STANDARD</key>
				<string>gnu99</string>
				<key>GCC_NO_COMMON_BLOCKS</key>
				<string>YES</string>
				<key>GCC_WARN_64_TO_32_BIT_CONVERSION</key>
				<string>YES</string>
				<key>GCC_WARN_ABOUT_RETURN_TYPE</key>
				<string>YES_ERROR</string>
				<key>GCC_WARN_UNDECLARED_SELECTOR</key>
				<string>YES</string>
				<key>GCC_WARN_UNINITIALIZED_AUTOS</key>
				<string>YES_AGGRESSIVE</string>
				<key>GCC_WARN_UNUSED_FUNCTION</key>
				<string>YES</string>
				<key>GCC_WARN_UNUSED_VARIABLE</key>
				<string>YES</string>
				<key>IPHONEOS_DEPLOYMENT_TARGET</key>
				<string>13.0</string>
				<key>MTL_ENABLE_DEBUG_INFO</key>
				<string>NO</string>
				<key>SDKROOT</key>
				<string>iphoneos</string>
				<key>TARGETED_DEVICE_FAMILY</key>
				<string>1,2</string>
				<key>VALIDATE_PRODUCT</key>
				<string>YES</string>
			</dict>
			<key>isa</key>
			<string>XCBuildConfiguration</string>
			<key>name</key>
			<string>Release</string>
		</dict>
		<key>97C147051CF9000F007C117D</key>
		<dict>
			<key>buildConfigurations</key>
			<array>
				<string>97C147061CF9000F007C117D</string>
				<string>ACD54D282296D329006C8D72</string>
				<string>ACD54D2A2296D331006C8D72</string>
				<string>97C147071CF9000F007C117D</string>
				<string>ACE947C8259B732100C15F6E</string>
				<string>ACD54D2C2296D341006C8D72</string>
				<string>ACD54D2E2296D34A006C8D72</string>
			</array>
			<key>defaultConfigurationIsVisible</key>
			<string>0</string>
			<key>defaultConfigurationName</key>
			<string>Release</string>
			<key>isa</key>
			<string>XCConfigurationList</string>
		</dict>
		<key>97C147061CF9000F007C117D</key>
		<dict>
			<key>baseConfigurationReference</key>
			<string>9740EEB21CF90195004384FC</string>
			<key>buildSettings</key>
			<dict>
				<key>ARCHS</key>
				<string>$(ARCHS_STANDARD)</string>
				<key>ASSETCATALOG_COMPILER_APPICON_NAME</key>
				<string>AppIcon</string>
				<key>CURRENT_PROJECT_VERSION</key>
				<string>2.0.4</string>
				<key>DEVELOPMENT_TEAM</key>
				<string>RQ74DU9PML</string>
				<key>ENABLE_BITCODE</key>
				<string>NO</string>
				<key>FRAMEWORK_SEARCH_PATHS</key>
				<array>
					<string>$(inherited)</string>
					<string>$(PROJECT_DIR)/Flutter</string>
				</array>
				<key>INFOPLIST_FILE</key>
				<string>Runner/Info.plist</string>
				<key>IPHONEOS_DEPLOYMENT_TARGET</key>
				<string>15.6</string>
				<key>LD_RUNPATH_SEARCH_PATHS</key>
				<array>
					<string>$(inherited)</string>
					<string>@executable_path/Frameworks</string>
				</array>
				<key>LIBRARY_SEARCH_PATHS</key>
				<array>
					<string>$(inherited)</string>
					<string>$(PROJECT_DIR)/Flutter</string>
				</array>
				<key>MARKETING_VERSION</key>
				<string>2.0.4</string>
				<key>PRODUCT_BUNDLE_IDENTIFIER</key>
				<string>CMA.TheAnglersLog</string>
				<key>PRODUCT_NAME</key>
				<string>$(TARGET_NAME)</string>
				<key>VERSIONING_SYSTEM</key>
				<string>apple-generic</string>
			</dict>
			<key>isa</key>
			<string>XCBuildConfiguration</string>
			<key>name</key>
			<string>Debug</string>
		</dict>
		<key>97C147071CF9000F007C117D</key>
		<dict>
			<key>baseConfigurationReference</key>
			<string>7AFA3C8E1D35360C0083082E</string>
			<key>buildSettings</key>
			<dict>
				<key>ARCHS</key>
				<string>$(ARCHS_STANDARD)</string>
				<key>ASSETCATALOG_COMPILER_APPICON_NAME</key>
				<string>AppIcon</string>
				<key>CURRENT_PROJECT_VERSION</key>
				<string>2.0.4</string>
				<key>DEVELOPMENT_TEAM</key>
				<string>RQ74DU9PML</string>
				<key>ENABLE_BITCODE</key>
				<string>NO</string>
				<key>FRAMEWORK_SEARCH_PATHS</key>
				<array>
					<string>$(inherited)</string>
					<string>$(PROJECT_DIR)/Flutter</string>
				</array>
				<key>INFOPLIST_FILE</key>
				<string>Runner/Info.plist</string>
				<key>IPHONEOS_DEPLOYMENT_TARGET</key>
				<string>15.6</string>
				<key>LD_RUNPATH_SEARCH_PATHS</key>
				<array>
					<string>$(inherited)</string>
					<string>@executable_path/Frameworks</string>
				</array>
				<key>LIBRARY_SEARCH_PATHS</key>
				<array>
					<string>$(inherited)</string>
					<string>$(PROJECT_DIR)/Flutter</string>
				</array>
				<key>MARKETING_VERSION</key>
				<string>2.0.4</string>
				<key>PRODUCT_BUNDLE_IDENTIFIER</key>
				<string>CMA.TheAnglersLog</string>
				<key>PRODUCT_NAME</key>
				<string>$(TARGET_NAME)</string>
				<key>VERSIONING_SYSTEM</key>
				<string>apple-generic</string>
			</dict>
			<key>isa</key>
			<string>XCBuildConfiguration</string>
			<key>name</key>
			<string>Release</string>
		</dict>
		<key>9AB4A6C094D69D7B60728DEF</key>
		<dict>
			<key>includeInIndex</key>
			<string>1</string>
			<key>isa</key>
			<string>PBXFileReference</string>
			<key>lastKnownFileType</key>
			<string>text.xcconfig</string>
			<key>name</key>
			<string>Pods-Runner.release.xcconfig</string>
			<key>path</key>
			<string>Pods/Target Support Files/Pods-Runner/Pods-Runner.release.xcconfig</string>
			<key>sourceTree</key>
			<string>&lt;group&gt;</string>
		</dict>
		<key>A489BE1D3BAAA98325BDD518</key>
		<dict>
			<key>children</key>
			<array>
				<string>279AA460B3F8FA217C3A80DA</string>
				<string>9AB4A6C094D69D7B60728DEF</string>
				<string>1314A3AA903D22D568E6338E</string>
				<string>E0D1967F096A465933E1E84E</string>
				<string>5ECB392D1F287456B39E2B64</string>
				<string>32D64102732C68EDC3274F0B</string>
				<string>08DE748AF0F9759F3D481223</string>
			</array>
			<key>isa</key>
			<string>PBXGroup</string>
			<key>name</key>
			<string>Pods</string>
			<key>sourceTree</key>
			<string>&lt;group&gt;</string>
		</dict>
		<key>AC0BE5F527B8012B00ACCD45</key>
		<dict>
			<key>buildActionMask</key>
			<string>2147483647</string>
			<key>files</key>
			<array/>
			<key>inputFileListPaths</key>
			<array/>
			<key>inputPaths</key>
			<array/>
			<key>isa</key>
			<string>PBXShellScriptBuildPhase</string>
			<key>name</key>
			<string>Crashlytics</string>
			<key>outputFileListPaths</key>
			<array/>
			<key>outputPaths</key>
			<array/>
			<key>runOnlyForDeploymentPostprocessing</key>
			<string>0</string>
			<key>shellPath</key>
			<string>/bin/sh</string>
			<key>shellScript</key>
			<string>"${PODS_ROOT}/FirebaseCrashlytics/run"
</string>
		</dict>
		<key>AC0BE5F627B8017C00ACCD45</key>
		<dict>
			<key>buildActionMask</key>
			<string>2147483647</string>
			<key>files</key>
			<array/>
			<key>inputFileListPaths</key>
			<array/>
			<key>inputPaths</key>
			<array/>
			<key>isa</key>
			<string>PBXShellScriptBuildPhase</string>
			<key>name</key>
			<string>Upload dSYMs</string>
			<key>outputFileListPaths</key>
			<array/>
			<key>outputPaths</key>
			<array/>
			<key>runOnlyForDeploymentPostprocessing</key>
			<string>0</string>
			<key>shellPath</key>
			<string>/bin/sh</string>
			<key>shellScript</key>
			<string>"${PODS_ROOT}/FirebaseCrashlytics/upload-symbols" -gsp "${PROJECT_DIR}/Runner/GoogleService-Info.plist" -p ios "${DWARF_DSYM_FOLDER_PATH}/${DWARF_DSYM_FILE_NAME}"
</string>
		</dict>
		<key>AC29C2E725C05A7F000377EE</key>
		<dict>
			<key>fileEncoding</key>
			<string>4</string>
			<key>isa</key>
			<string>PBXFileReference</string>
			<key>lastKnownFileType</key>
			<string>text.plist.xml</string>
			<key>path</key>
			<string>GoogleService-Info.plist</string>
			<key>sourceTree</key>
			<string>&lt;group&gt;</string>
		</dict>
		<key>AC29C2E825C05A7F000377EE</key>
		<dict>
			<key>fileRef</key>
			<string>AC29C2E725C05A7F000377EE</string>
			<key>isa</key>
			<string>PBXBuildFile</string>
		</dict>
		<key>AC97AD9525EB036A00726A46</key>
		<dict>
			<key>isa</key>
			<string>PBXFileReference</string>
			<key>lastKnownFileType</key>
			<string>wrapper.framework</string>
			<key>name</key>
			<string>StoreKit.framework</string>
			<key>path</key>
			<string>System/Library/Frameworks/StoreKit.framework</string>
			<key>sourceTree</key>
			<string>SDKROOT</string>
		</dict>
		<key>AC97AD9625EB036A00726A46</key>
		<dict>
			<key>fileRef</key>
			<string>AC97AD9525EB036A00726A46</string>
			<key>isa</key>
			<string>PBXBuildFile</string>
		</dict>
		<key>ACC8765525AD3EFC0027466A</key>
		<dict>
			<key>children</key>
			<array>
				<string>ACC8765625AD3EFC0027466A</string>
				<string>ACC8765725AD3EFC0027466A</string>
			</array>
			<key>isa</key>
			<string>PBXGroup</string>
			<key>path</key>
			<string>Channels</string>
			<key>sourceTree</key>
			<string>&lt;group&gt;</string>
		</dict>
		<key>ACC8765625AD3EFC0027466A</key>
		<dict>
			<key>fileEncoding</key>
			<string>4</string>
			<key>isa</key>
			<string>PBXFileReference</string>
			<key>lastKnownFileType</key>
			<string>sourcecode.c.h</string>
			<key>path</key>
			<string>MigrationChannel.h</string>
			<key>sourceTree</key>
			<string>&lt;group&gt;</string>
		</dict>
		<key>ACC8765725AD3EFC0027466A</key>
		<dict>
			<key>fileEncoding</key>
			<string>4</string>
			<key>isa</key>
			<string>PBXFileReference</string>
			<key>lastKnownFileType</key>
			<string>sourcecode.c.objc</string>
			<key>path</key>
			<string>MigrationChannel.m</string>
			<key>sourceTree</key>
			<string>&lt;group&gt;</string>
		</dict>
		<key>ACC8765825AD3EFC0027466A</key>
		<dict>
			<key>fileRef</key>
			<string>ACC8765725AD3EFC0027466A</string>
			<key>isa</key>
			<string>PBXBuildFile</string>
		</dict>
		<key>ACC8765925AD3F160027466A</key>
		<dict>
			<key>children</key>
			<array>
				<string>ACC8766925AD3F160027466A</string>
				<string>ACC8769D25AD3FE70027466A</string>
				<string>ACC8769C25AD3FE60027466A</string>
				<string>ACC8766425AD3F160027466A</string>
				<string>ACC8766025AD3F160027466A</string>
				<string>ACC8765F25AD3F160027466A</string>
				<string>ACC8766525AD3F160027466A</string>
				<string>ACC8766825AD3F160027466A</string>
				<string>ACC8766325AD3F160027466A</string>
				<string>ACC8766725AD3F160027466A</string>
				<string>ACC8766125AD3F160027466A</string>
				<string>ACC8769A25AD3F940027466A</string>
				<string>ACC8769925AD3F940027466A</string>
				<string>ACC8766625AD3F160027466A</string>
				<string>ACC8766225AD3F160027466A</string>
				<string>ACC8767325AD3F160027466A</string>
			</array>
			<key>isa</key>
			<string>PBXGroup</string>
			<key>path</key>
			<string>Legacy</string>
			<key>sourceTree</key>
			<string>&lt;group&gt;</string>
		</dict>
		<key>ACC8765F25AD3F160027466A</key>
		<dict>
			<key>fileEncoding</key>
			<string>4</string>
			<key>isa</key>
			<string>PBXFileReference</string>
			<key>lastKnownFileType</key>
			<string>sourcecode.c.h</string>
			<key>path</key>
			<string>CMAImage.h</string>
			<key>sourceTree</key>
			<string>&lt;group&gt;</string>
		</dict>
		<key>ACC8766025AD3F160027466A</key>
		<dict>
			<key>fileEncoding</key>
			<string>4</string>
			<key>isa</key>
			<string>PBXFileReference</string>
			<key>lastKnownFileType</key>
			<string>sourcecode.c.objc</string>
			<key>path</key>
			<string>CMAEntry.m</string>
			<key>sourceTree</key>
			<string>&lt;group&gt;</string>
		</dict>
		<key>ACC8766125AD3F160027466A</key>
		<dict>
			<key>fileEncoding</key>
			<string>4</string>
			<key>isa</key>
			<string>PBXFileReference</string>
			<key>lastKnownFileType</key>
			<string>sourcecode.c.objc</string>
			<key>path</key>
			<string>CMAStorageManager.m</string>
			<key>sourceTree</key>
			<string>&lt;group&gt;</string>
		</dict>
		<key>ACC8766225AD3F160027466A</key>
		<dict>
			<key>fileEncoding</key>
			<string>4</string>
			<key>isa</key>
			<string>PBXFileReference</string>
			<key>lastKnownFileType</key>
			<string>sourcecode.c.objc</string>
			<key>path</key>
			<string>CMAWeatherData.m</string>
			<key>sourceTree</key>
			<string>&lt;group&gt;</string>
		</dict>
		<key>ACC8766325AD3F160027466A</key>
		<dict>
			<key>fileEncoding</key>
			<string>4</string>
			<key>isa</key>
			<string>PBXFileReference</string>
			<key>lastKnownFileType</key>
			<string>sourcecode.c.objc</string>
			<key>path</key>
			<string>CMAJournal.m</string>
			<key>sourceTree</key>
			<string>&lt;group&gt;</string>
		</dict>
		<key>ACC8766425AD3F160027466A</key>
		<dict>
			<key>fileEncoding</key>
			<string>4</string>
			<key>isa</key>
			<string>PBXFileReference</string>
			<key>lastKnownFileType</key>
			<string>sourcecode.c.h</string>
			<key>path</key>
			<string>CMAEntry.h</string>
			<key>sourceTree</key>
			<string>&lt;group&gt;</string>
		</dict>
		<key>ACC8766525AD3F160027466A</key>
		<dict>
			<key>fileEncoding</key>
			<string>4</string>
			<key>isa</key>
			<string>PBXFileReference</string>
			<key>lastKnownFileType</key>
			<string>sourcecode.c.objc</string>
			<key>path</key>
			<string>CMAImage.m</string>
			<key>sourceTree</key>
			<string>&lt;group&gt;</string>
		</dict>
		<key>ACC8766625AD3F160027466A</key>
		<dict>
			<key>fileEncoding</key>
			<string>4</string>
			<key>isa</key>
			<string>PBXFileReference</string>
			<key>lastKnownFileType</key>
			<string>sourcecode.c.h</string>
			<key>path</key>
			<string>CMAWeatherData.h</string>
			<key>sourceTree</key>
			<string>&lt;group&gt;</string>
		</dict>
		<key>ACC8766725AD3F160027466A</key>
		<dict>
			<key>fileEncoding</key>
			<string>4</string>
			<key>isa</key>
			<string>PBXFileReference</string>
			<key>lastKnownFileType</key>
			<string>sourcecode.c.h</string>
			<key>path</key>
			<string>CMAStorageManager.h</string>
			<key>sourceTree</key>
			<string>&lt;group&gt;</string>
		</dict>
		<key>ACC8766825AD3F160027466A</key>
		<dict>
			<key>fileEncoding</key>
			<string>4</string>
			<key>isa</key>
			<string>PBXFileReference</string>
			<key>lastKnownFileType</key>
			<string>sourcecode.c.h</string>
			<key>path</key>
			<string>CMAJournal.h</string>
			<key>sourceTree</key>
			<string>&lt;group&gt;</string>
		</dict>
		<key>ACC8766925AD3F160027466A</key>
		<dict>
			<key>children</key>
			<array>
				<string>ACC8767025AD3F160027466A</string>
				<string>ACC8766C25AD3F160027466A</string>
			</array>
			<key>isa</key>
			<string>PBXGroup</string>
			<key>path</key>
			<string>Backup</string>
			<key>sourceTree</key>
			<string>&lt;group&gt;</string>
		</dict>
		<key>ACC8766C25AD3F160027466A</key>
		<dict>
			<key>fileEncoding</key>
			<string>4</string>
			<key>isa</key>
			<string>PBXFileReference</string>
			<key>lastKnownFileType</key>
			<string>sourcecode.c.objc</string>
			<key>path</key>
			<string>CMAJSONWriter.m</string>
			<key>sourceTree</key>
			<string>&lt;group&gt;</string>
		</dict>
		<key>ACC8767025AD3F160027466A</key>
		<dict>
			<key>fileEncoding</key>
			<string>4</string>
			<key>isa</key>
			<string>PBXFileReference</string>
			<key>lastKnownFileType</key>
			<string>sourcecode.c.h</string>
			<key>path</key>
			<string>CMAJSONWriter.h</string>
			<key>sourceTree</key>
			<string>&lt;group&gt;</string>
		</dict>
		<key>ACC8767325AD3F160027466A</key>
		<dict>
			<key>children</key>
			<array>
				<string>ACC8768125AD3F160027466A</string>
				<string>ACC8767625AD3F160027466A</string>
				<string>ACC8768025AD3F160027466A</string>
				<string>ACC8767725AD3F160027466A</string>
				<string>ACC8767A25AD3F160027466A</string>
				<string>ACC8768425AD3F160027466A</string>
				<string>ACC8767B25AD3F160027466A</string>
				<string>ACC8768325AD3F160027466A</string>
				<string>ACC8767F25AD3F160027466A</string>
				<string>ACC8767825AD3F160027466A</string>
				<string>ACC8768225AD3F160027466A</string>
				<string>ACC8767C25AD3F160027466A</string>
				<string>ACC8767E25AD3F160027466A</string>
				<string>ACC8767425AD3F160027466A</string>
				<string>ACC8767925AD3F160027466A</string>
				<string>ACC8767D25AD3F160027466A</string>
				<string>ACC8767525AD3F160027466A</string>
			</array>
			<key>isa</key>
			<string>PBXGroup</string>
			<key>path</key>
			<string>UserDefines</string>
			<key>sourceTree</key>
			<string>&lt;group&gt;</string>
		</dict>
		<key>ACC8767425AD3F160027466A</key>
		<dict>
			<key>fileEncoding</key>
			<string>4</string>
			<key>isa</key>
			<string>PBXFileReference</string>
			<key>lastKnownFileType</key>
			<string>sourcecode.c.objc</string>
			<key>path</key>
			<string>CMAUserDefineObject.m</string>
			<key>sourceTree</key>
			<string>&lt;group&gt;</string>
		</dict>
		<key>ACC8767525AD3F160027466A</key>
		<dict>
			<key>fileEncoding</key>
			<string>4</string>
			<key>isa</key>
			<string>PBXFileReference</string>
			<key>lastKnownFileType</key>
			<string>sourcecode.c.objc</string>
			<key>path</key>
			<string>CMAWaterClarity.m</string>
			<key>sourceTree</key>
			<string>&lt;group&gt;</string>
		</dict>
		<key>ACC8767625AD3F160027466A</key>
		<dict>
			<key>fileEncoding</key>
			<string>4</string>
			<key>isa</key>
			<string>PBXFileReference</string>
			<key>lastKnownFileType</key>
			<string>sourcecode.c.objc</string>
			<key>path</key>
			<string>CMABait.m</string>
			<key>sourceTree</key>
			<string>&lt;group&gt;</string>
		</dict>
		<key>ACC8767725AD3F160027466A</key>
		<dict>
			<key>fileEncoding</key>
			<string>4</string>
			<key>isa</key>
			<string>PBXFileReference</string>
			<key>lastKnownFileType</key>
			<string>sourcecode.c.objc</string>
			<key>path</key>
			<string>CMAFishingMethod.m</string>
			<key>sourceTree</key>
			<string>&lt;group&gt;</string>
		</dict>
		<key>ACC8767825AD3F160027466A</key>
		<dict>
			<key>fileEncoding</key>
			<string>4</string>
			<key>isa</key>
			<string>PBXFileReference</string>
			<key>lastKnownFileType</key>
			<string>sourcecode.c.objc</string>
			<key>path</key>
			<string>CMASpecies.m</string>
			<key>sourceTree</key>
			<string>&lt;group&gt;</string>
		</dict>
		<key>ACC8767925AD3F160027466A</key>
		<dict>
			<key>fileEncoding</key>
			<string>4</string>
			<key>isa</key>
			<string>PBXFileReference</string>
			<key>lastKnownFileType</key>
			<string>sourcecode.c.h</string>
			<key>path</key>
			<string>CMAUserDefineProtocol.h</string>
			<key>sourceTree</key>
			<string>&lt;group&gt;</string>
		</dict>
		<key>ACC8767A25AD3F160027466A</key>
		<dict>
			<key>fileEncoding</key>
			<string>4</string>
			<key>isa</key>
			<string>PBXFileReference</string>
			<key>lastKnownFileType</key>
			<string>sourcecode.c.h</string>
			<key>path</key>
			<string>CMAFishingSpot.h</string>
			<key>sourceTree</key>
			<string>&lt;group&gt;</string>
		</dict>
		<key>ACC8767B25AD3F160027466A</key>
		<dict>
			<key>fileEncoding</key>
			<string>4</string>
			<key>isa</key>
			<string>PBXFileReference</string>
			<key>lastKnownFileType</key>
			<string>sourcecode.c.h</string>
			<key>path</key>
			<string>CMALocation.h</string>
			<key>sourceTree</key>
			<string>&lt;group&gt;</string>
		</dict>
		<key>ACC8767C25AD3F160027466A</key>
		<dict>
			<key>fileEncoding</key>
			<string>4</string>
			<key>isa</key>
			<string>PBXFileReference</string>
			<key>lastKnownFileType</key>
			<string>sourcecode.c.objc</string>
			<key>path</key>
			<string>CMAUserDefine.m</string>
			<key>sourceTree</key>
			<string>&lt;group&gt;</string>
		</dict>
		<key>ACC8767D25AD3F160027466A</key>
		<dict>
			<key>fileEncoding</key>
			<string>4</string>
			<key>isa</key>
			<string>PBXFileReference</string>
			<key>lastKnownFileType</key>
			<string>sourcecode.c.h</string>
			<key>path</key>
			<string>CMAWaterClarity.h</string>
			<key>sourceTree</key>
			<string>&lt;group&gt;</string>
		</dict>
		<key>ACC8767E25AD3F160027466A</key>
		<dict>
			<key>fileEncoding</key>
			<string>4</string>
			<key>isa</key>
			<string>PBXFileReference</string>
			<key>lastKnownFileType</key>
			<string>sourcecode.c.h</string>
			<key>path</key>
			<string>CMAUserDefineObject.h</string>
			<key>sourceTree</key>
			<string>&lt;group&gt;</string>
		</dict>
		<key>ACC8767F25AD3F160027466A</key>
		<dict>
			<key>fileEncoding</key>
			<string>4</string>
			<key>isa</key>
			<string>PBXFileReference</string>
			<key>lastKnownFileType</key>
			<string>sourcecode.c.h</string>
			<key>path</key>
			<string>CMASpecies.h</string>
			<key>sourceTree</key>
			<string>&lt;group&gt;</string>
		</dict>
		<key>ACC8768025AD3F160027466A</key>
		<dict>
			<key>fileEncoding</key>
			<string>4</string>
			<key>isa</key>
			<string>PBXFileReference</string>
			<key>lastKnownFileType</key>
			<string>sourcecode.c.h</string>
			<key>path</key>
			<string>CMAFishingMethod.h</string>
			<key>sourceTree</key>
			<string>&lt;group&gt;</string>
		</dict>
		<key>ACC8768125AD3F160027466A</key>
		<dict>
			<key>fileEncoding</key>
			<string>4</string>
			<key>isa</key>
			<string>PBXFileReference</string>
			<key>lastKnownFileType</key>
			<string>sourcecode.c.h</string>
			<key>path</key>
			<string>CMABait.h</string>
			<key>sourceTree</key>
			<string>&lt;group&gt;</string>
		</dict>
		<key>ACC8768225AD3F160027466A</key>
		<dict>
			<key>fileEncoding</key>
			<string>4</string>
			<key>isa</key>
			<string>PBXFileReference</string>
			<key>lastKnownFileType</key>
			<string>sourcecode.c.h</string>
			<key>path</key>
			<string>CMAUserDefine.h</string>
			<key>sourceTree</key>
			<string>&lt;group&gt;</string>
		</dict>
		<key>ACC8768325AD3F160027466A</key>
		<dict>
			<key>fileEncoding</key>
			<string>4</string>
			<key>isa</key>
			<string>PBXFileReference</string>
			<key>lastKnownFileType</key>
			<string>sourcecode.c.objc</string>
			<key>path</key>
			<string>CMALocation.m</string>
			<key>sourceTree</key>
			<string>&lt;group&gt;</string>
		</dict>
		<key>ACC8768425AD3F160027466A</key>
		<dict>
			<key>fileEncoding</key>
			<string>4</string>
			<key>isa</key>
			<string>PBXFileReference</string>
			<key>lastKnownFileType</key>
			<string>sourcecode.c.objc</string>
			<key>path</key>
			<string>CMAFishingSpot.m</string>
			<key>sourceTree</key>
			<string>&lt;group&gt;</string>
		</dict>
		<key>ACC8768725AD3F160027466A</key>
		<dict>
			<key>fileRef</key>
			<string>ACC8766025AD3F160027466A</string>
			<key>isa</key>
			<string>PBXBuildFile</string>
		</dict>
		<key>ACC8768825AD3F160027466A</key>
		<dict>
			<key>fileRef</key>
			<string>ACC8766125AD3F160027466A</string>
			<key>isa</key>
			<string>PBXBuildFile</string>
		</dict>
		<key>ACC8768925AD3F160027466A</key>
		<dict>
			<key>fileRef</key>
			<string>ACC8766225AD3F160027466A</string>
			<key>isa</key>
			<string>PBXBuildFile</string>
		</dict>
		<key>ACC8768A25AD3F160027466A</key>
		<dict>
			<key>fileRef</key>
			<string>ACC8766325AD3F160027466A</string>
			<key>isa</key>
			<string>PBXBuildFile</string>
		</dict>
		<key>ACC8768B25AD3F160027466A</key>
		<dict>
			<key>fileRef</key>
			<string>ACC8766525AD3F160027466A</string>
			<key>isa</key>
			<string>PBXBuildFile</string>
		</dict>
		<key>ACC8768C25AD3F160027466A</key>
		<dict>
			<key>fileRef</key>
			<string>ACC8766C25AD3F160027466A</string>
			<key>isa</key>
			<string>PBXBuildFile</string>
		</dict>
		<key>ACC8769125AD3F160027466A</key>
		<dict>
			<key>fileRef</key>
			<string>ACC8767425AD3F160027466A</string>
			<key>isa</key>
			<string>PBXBuildFile</string>
		</dict>
		<key>ACC8769225AD3F160027466A</key>
		<dict>
			<key>fileRef</key>
			<string>ACC8767525AD3F160027466A</string>
			<key>isa</key>
			<string>PBXBuildFile</string>
		</dict>
		<key>ACC8769325AD3F160027466A</key>
		<dict>
			<key>fileRef</key>
			<string>ACC8767625AD3F160027466A</string>
			<key>isa</key>
			<string>PBXBuildFile</string>
		</dict>
		<key>ACC8769425AD3F160027466A</key>
		<dict>
			<key>fileRef</key>
			<string>ACC8767725AD3F160027466A</string>
			<key>isa</key>
			<string>PBXBuildFile</string>
		</dict>
		<key>ACC8769525AD3F160027466A</key>
		<dict>
			<key>fileRef</key>
			<string>ACC8767825AD3F160027466A</string>
			<key>isa</key>
			<string>PBXBuildFile</string>
		</dict>
		<key>ACC8769625AD3F160027466A</key>
		<dict>
			<key>fileRef</key>
			<string>ACC8767C25AD3F160027466A</string>
			<key>isa</key>
			<string>PBXBuildFile</string>
		</dict>
		<key>ACC8769725AD3F160027466A</key>
		<dict>
			<key>fileRef</key>
			<string>ACC8768325AD3F160027466A</string>
			<key>isa</key>
			<string>PBXBuildFile</string>
		</dict>
		<key>ACC8769825AD3F160027466A</key>
		<dict>
			<key>fileRef</key>
			<string>ACC8768425AD3F160027466A</string>
			<key>isa</key>
			<string>PBXBuildFile</string>
		</dict>
		<key>ACC8769925AD3F940027466A</key>
		<dict>
			<key>fileEncoding</key>
			<string>4</string>
			<key>isa</key>
			<string>PBXFileReference</string>
			<key>lastKnownFileType</key>
			<string>sourcecode.c.objc</string>
			<key>path</key>
			<string>CMAUtilities.m</string>
			<key>sourceTree</key>
			<string>&lt;group&gt;</string>
		</dict>
		<key>ACC8769A25AD3F940027466A</key>
		<dict>
			<key>fileEncoding</key>
			<string>4</string>
			<key>isa</key>
			<string>PBXFileReference</string>
			<key>lastKnownFileType</key>
			<string>sourcecode.c.h</string>
			<key>path</key>
			<string>CMAUtilities.h</string>
			<key>sourceTree</key>
			<string>&lt;group&gt;</string>
		</dict>
		<key>ACC8769B25AD3F940027466A</key>
		<dict>
			<key>fileRef</key>
			<string>ACC8769925AD3F940027466A</string>
			<key>isa</key>
			<string>PBXBuildFile</string>
		</dict>
		<key>ACC8769C25AD3FE60027466A</key>
		<dict>
			<key>fileEncoding</key>
			<string>4</string>
			<key>isa</key>
			<string>PBXFileReference</string>
			<key>lastKnownFileType</key>
			<string>sourcecode.c.objc</string>
			<key>path</key>
			<string>CMAConstants.m</string>
			<key>sourceTree</key>
			<string>&lt;group&gt;</string>
		</dict>
		<key>ACC8769D25AD3FE70027466A</key>
		<dict>
			<key>fileEncoding</key>
			<string>4</string>
			<key>isa</key>
			<string>PBXFileReference</string>
			<key>lastKnownFileType</key>
			<string>sourcecode.c.h</string>
			<key>path</key>
			<string>CMAConstants.h</string>
			<key>sourceTree</key>
			<string>&lt;group&gt;</string>
		</dict>
		<key>ACC8769E25AD3FE70027466A</key>
		<dict>
			<key>fileRef</key>
			<string>ACC8769C25AD3FE60027466A</string>
			<key>isa</key>
			<string>PBXBuildFile</string>
		</dict>
		<key>ACC876D925ADE7810027466A</key>
		<dict>
			<key>children</key>
			<array>
				<string>ACC876DA25ADE7810027466A</string>
				<string>ACC876DB25ADE7810027466A</string>
				<string>ACC876DC25ADE7810027466A</string>
				<string>ACC876DD25ADE7810027466A</string>
				<string>ACC876DE25ADE7810027466A</string>
				<string>ACC876DF25ADE7810027466A</string>
				<string>ACC876E025ADE7810027466A</string>
				<string>ACC876E125ADE7810027466A</string>
				<string>ACC876E225ADE7810027466A</string>
			</array>
			<key>currentVersion</key>
			<string>ACC876DA25ADE7810027466A</string>
			<key>isa</key>
			<string>XCVersionGroup</string>
			<key>path</key>
			<string>TheAnglersLog.xcdatamodeld</string>
			<key>sourceTree</key>
			<string>&lt;group&gt;</string>
			<key>versionGroupType</key>
			<string>wrapper.xcdatamodel</string>
		</dict>
		<key>ACC876DA25ADE7810027466A</key>
		<dict>
			<key>isa</key>
			<string>PBXFileReference</string>
			<key>lastKnownFileType</key>
			<string>wrapper.xcdatamodel</string>
			<key>path</key>
			<string>TheAnglersLog 9.xcdatamodel</string>
			<key>sourceTree</key>
			<string>&lt;group&gt;</string>
		</dict>
		<key>ACC876DB25ADE7810027466A</key>
		<dict>
			<key>isa</key>
			<string>PBXFileReference</string>
			<key>lastKnownFileType</key>
			<string>wrapper.xcdatamodel</string>
			<key>path</key>
			<string>TheAnglersLog 5.xcdatamodel</string>
			<key>sourceTree</key>
			<string>&lt;group&gt;</string>
		</dict>
		<key>ACC876DC25ADE7810027466A</key>
		<dict>
			<key>isa</key>
			<string>PBXFileReference</string>
			<key>lastKnownFileType</key>
			<string>wrapper.xcdatamodel</string>
			<key>path</key>
			<string>TheAnglersLog 6.xcdatamodel</string>
			<key>sourceTree</key>
			<string>&lt;group&gt;</string>
		</dict>
		<key>ACC876DD25ADE7810027466A</key>
		<dict>
			<key>isa</key>
			<string>PBXFileReference</string>
			<key>lastKnownFileType</key>
			<string>wrapper.xcdatamodel</string>
			<key>path</key>
			<string>TheAnglersLog 3.xcdatamodel</string>
			<key>sourceTree</key>
			<string>&lt;group&gt;</string>
		</dict>
		<key>ACC876DE25ADE7810027466A</key>
		<dict>
			<key>isa</key>
			<string>PBXFileReference</string>
			<key>lastKnownFileType</key>
			<string>wrapper.xcdatamodel</string>
			<key>path</key>
			<string>TheAnglersLog 4.xcdatamodel</string>
			<key>sourceTree</key>
			<string>&lt;group&gt;</string>
		</dict>
		<key>ACC876DF25ADE7810027466A</key>
		<dict>
			<key>isa</key>
			<string>PBXFileReference</string>
			<key>lastKnownFileType</key>
			<string>wrapper.xcdatamodel</string>
			<key>path</key>
			<string>TheAnglersLog 8.xcdatamodel</string>
			<key>sourceTree</key>
			<string>&lt;group&gt;</string>
		</dict>
		<key>ACC876E025ADE7810027466A</key>
		<dict>
			<key>isa</key>
			<string>PBXFileReference</string>
			<key>lastKnownFileType</key>
			<string>wrapper.xcdatamodel</string>
			<key>path</key>
			<string>TheAnglersLog 2.xcdatamodel</string>
			<key>sourceTree</key>
			<string>&lt;group&gt;</string>
		</dict>
		<key>ACC876E125ADE7810027466A</key>
		<dict>
			<key>isa</key>
			<string>PBXFileReference</string>
			<key>lastKnownFileType</key>
			<string>wrapper.xcdatamodel</string>
			<key>path</key>
			<string>TheAnglersLog 7.xcdatamodel</string>
			<key>sourceTree</key>
			<string>&lt;group&gt;</string>
		</dict>
		<key>ACC876E225ADE7810027466A</key>
		<dict>
			<key>isa</key>
			<string>PBXFileReference</string>
			<key>lastKnownFileType</key>
			<string>wrapper.xcdatamodel</string>
			<key>path</key>
			<string>TheAnglersLog.xcdatamodel</string>
			<key>sourceTree</key>
			<string>&lt;group&gt;</string>
		</dict>
		<key>ACC876E325ADE7820027466A</key>
		<dict>
			<key>fileRef</key>
			<string>ACC876D925ADE7810027466A</string>
			<key>isa</key>
			<string>PBXBuildFile</string>
		</dict>
		<key>ACD54D272296D329006C8D72</key>
		<dict>
			<key>baseConfigurationReference</key>
			<string>9740EEB21CF90195004384FC</string>
			<key>buildSettings</key>
			<dict>
				<key>ALWAYS_SEARCH_USER_PATHS</key>
				<string>NO</string>
				<key>CLANG_ANALYZER_LOCALIZABILITY_NONLOCALIZED</key>
				<string>YES</string>
				<key>CLANG_ANALYZER_NONNULL</key>
				<string>YES</string>
				<key>CLANG_CXX_LANGUAGE_STANDARD</key>
				<string>gnu++0x</string>
				<key>CLANG_CXX_LIBRARY</key>
				<string>libc++</string>
				<key>CLANG_ENABLE_MODULES</key>
				<string>YES</string>
				<key>CLANG_ENABLE_OBJC_ARC</key>
				<string>YES</string>
				<key>CLANG_WARN_BLOCK_CAPTURE_AUTORELEASING</key>
				<string>YES</string>
				<key>CLANG_WARN_BOOL_CONVERSION</key>
				<string>YES</string>
				<key>CLANG_WARN_COMMA</key>
				<string>YES</string>
				<key>CLANG_WARN_CONSTANT_CONVERSION</key>
				<string>YES</string>
				<key>CLANG_WARN_DIRECT_OBJC_ISA_USAGE</key>
				<string>YES_ERROR</string>
				<key>CLANG_WARN_EMPTY_BODY</key>
				<string>YES</string>
				<key>CLANG_WARN_ENUM_CONVERSION</key>
				<string>YES</string>
				<key>CLANG_WARN_INFINITE_RECURSION</key>
				<string>YES</string>
				<key>CLANG_WARN_INT_CONVERSION</key>
				<string>YES</string>
				<key>CLANG_WARN_NON_LITERAL_NULL_CONVERSION</key>
				<string>YES</string>
				<key>CLANG_WARN_OBJC_LITERAL_CONVERSION</key>
				<string>YES</string>
				<key>CLANG_WARN_OBJC_ROOT_CLASS</key>
				<string>YES_ERROR</string>
				<key>CLANG_WARN_RANGE_LOOP_ANALYSIS</key>
				<string>YES</string>
				<key>CLANG_WARN_STRICT_PROTOTYPES</key>
				<string>YES</string>
				<key>CLANG_WARN_SUSPICIOUS_MOVE</key>
				<string>YES</string>
				<key>CLANG_WARN_UNREACHABLE_CODE</key>
				<string>YES</string>
				<key>CLANG_WARN__DUPLICATE_METHOD_MATCH</key>
				<string>YES</string>
				<key>CODE_SIGN_IDENTITY[sdk=iphoneos*]</key>
				<string>iPhone Developer</string>
				<key>COPY_PHASE_STRIP</key>
				<string>NO</string>
				<key>DEBUG_INFORMATION_FORMAT</key>
				<string>dwarf</string>
				<key>ENABLE_STRICT_OBJC_MSGSEND</key>
				<string>YES</string>
				<key>ENABLE_TESTABILITY</key>
				<string>YES</string>
				<key>GCC_C_LANGUAGE_STANDARD</key>
				<string>gnu99</string>
				<key>GCC_DYNAMIC_NO_PIC</key>
				<string>NO</string>
				<key>GCC_NO_COMMON_BLOCKS</key>
				<string>YES</string>
				<key>GCC_OPTIMIZATION_LEVEL</key>
				<string>0</string>
				<key>GCC_PREPROCESSOR_DEFINITIONS</key>
				<array>
					<string>DEBUG=1</string>
					<string>$(inherited)</string>
				</array>
				<key>GCC_WARN_64_TO_32_BIT_CONVERSION</key>
				<string>YES</string>
				<key>GCC_WARN_ABOUT_RETURN_TYPE</key>
				<string>YES_ERROR</string>
				<key>GCC_WARN_UNDECLARED_SELECTOR</key>
				<string>YES</string>
				<key>GCC_WARN_UNINITIALIZED_AUTOS</key>
				<string>YES_AGGRESSIVE</string>
				<key>GCC_WARN_UNUSED_FUNCTION</key>
				<string>YES</string>
				<key>GCC_WARN_UNUSED_VARIABLE</key>
				<string>YES</string>
				<key>IPHONEOS_DEPLOYMENT_TARGET</key>
				<string>13.0</string>
				<key>MTL_ENABLE_DEBUG_INFO</key>
				<string>YES</string>
				<key>ONLY_ACTIVE_ARCH</key>
				<string>YES</string>
				<key>SDKROOT</key>
				<string>iphoneos</string>
				<key>TARGETED_DEVICE_FAMILY</key>
				<string>1,2</string>
			</dict>
			<key>isa</key>
			<string>XCBuildConfiguration</string>
			<key>name</key>
			<string>Debug-prod</string>
		</dict>
		<key>ACD54D282296D329006C8D72</key>
		<dict>
			<key>baseConfigurationReference</key>
			<string>9740EEB21CF90195004384FC</string>
			<key>buildSettings</key>
			<dict>
				<key>ARCHS</key>
				<string>$(ARCHS_STANDARD)</string>
				<key>ASSETCATALOG_COMPILER_APPICON_NAME</key>
				<string>AppIcon</string>
				<key>CURRENT_PROJECT_VERSION</key>
				<string>2.0.4</string>
				<key>DEVELOPMENT_TEAM</key>
				<string>RQ74DU9PML</string>
				<key>ENABLE_BITCODE</key>
				<string>NO</string>
				<key>FRAMEWORK_SEARCH_PATHS</key>
				<array>
					<string>$(inherited)</string>
					<string>$(PROJECT_DIR)/Flutter</string>
				</array>
				<key>INFOPLIST_FILE</key>
				<string>Runner/Info.plist</string>
				<key>IPHONEOS_DEPLOYMENT_TARGET</key>
				<string>15.6</string>
				<key>LD_RUNPATH_SEARCH_PATHS</key>
				<array>
					<string>$(inherited)</string>
					<string>@executable_path/Frameworks</string>
				</array>
				<key>LIBRARY_SEARCH_PATHS</key>
				<array>
					<string>$(inherited)</string>
					<string>$(PROJECT_DIR)/Flutter</string>
				</array>
				<key>MARKETING_VERSION</key>
				<string>2.0.4</string>
				<key>PRODUCT_BUNDLE_IDENTIFIER</key>
				<string>CMA.TheAnglersLog</string>
				<key>PRODUCT_NAME</key>
				<string>$(TARGET_NAME)</string>
				<key>VERSIONING_SYSTEM</key>
				<string>apple-generic</string>
			</dict>
			<key>isa</key>
			<string>XCBuildConfiguration</string>
			<key>name</key>
			<string>Debug-prod</string>
		</dict>
		<key>ACD54D292296D331006C8D72</key>
		<dict>
			<key>baseConfigurationReference</key>
			<string>9740EEB21CF90195004384FC</string>
			<key>buildSettings</key>
			<dict>
				<key>ALWAYS_SEARCH_USER_PATHS</key>
				<string>NO</string>
				<key>CLANG_ANALYZER_LOCALIZABILITY_NONLOCALIZED</key>
				<string>YES</string>
				<key>CLANG_ANALYZER_NONNULL</key>
				<string>YES</string>
				<key>CLANG_CXX_LANGUAGE_STANDARD</key>
				<string>gnu++0x</string>
				<key>CLANG_CXX_LIBRARY</key>
				<string>libc++</string>
				<key>CLANG_ENABLE_MODULES</key>
				<string>YES</string>
				<key>CLANG_ENABLE_OBJC_ARC</key>
				<string>YES</string>
				<key>CLANG_WARN_BLOCK_CAPTURE_AUTORELEASING</key>
				<string>YES</string>
				<key>CLANG_WARN_BOOL_CONVERSION</key>
				<string>YES</string>
				<key>CLANG_WARN_COMMA</key>
				<string>YES</string>
				<key>CLANG_WARN_CONSTANT_CONVERSION</key>
				<string>YES</string>
				<key>CLANG_WARN_DIRECT_OBJC_ISA_USAGE</key>
				<string>YES_ERROR</string>
				<key>CLANG_WARN_EMPTY_BODY</key>
				<string>YES</string>
				<key>CLANG_WARN_ENUM_CONVERSION</key>
				<string>YES</string>
				<key>CLANG_WARN_INFINITE_RECURSION</key>
				<string>YES</string>
				<key>CLANG_WARN_INT_CONVERSION</key>
				<string>YES</string>
				<key>CLANG_WARN_NON_LITERAL_NULL_CONVERSION</key>
				<string>YES</string>
				<key>CLANG_WARN_OBJC_LITERAL_CONVERSION</key>
				<string>YES</string>
				<key>CLANG_WARN_OBJC_ROOT_CLASS</key>
				<string>YES_ERROR</string>
				<key>CLANG_WARN_RANGE_LOOP_ANALYSIS</key>
				<string>YES</string>
				<key>CLANG_WARN_STRICT_PROTOTYPES</key>
				<string>YES</string>
				<key>CLANG_WARN_SUSPICIOUS_MOVE</key>
				<string>YES</string>
				<key>CLANG_WARN_UNREACHABLE_CODE</key>
				<string>YES</string>
				<key>CLANG_WARN__DUPLICATE_METHOD_MATCH</key>
				<string>YES</string>
				<key>CODE_SIGN_IDENTITY[sdk=iphoneos*]</key>
				<string>iPhone Developer</string>
				<key>COPY_PHASE_STRIP</key>
				<string>NO</string>
				<key>DEBUG_INFORMATION_FORMAT</key>
				<string>dwarf</string>
				<key>ENABLE_STRICT_OBJC_MSGSEND</key>
				<string>YES</string>
				<key>ENABLE_TESTABILITY</key>
				<string>YES</string>
				<key>GCC_C_LANGUAGE_STANDARD</key>
				<string>gnu99</string>
				<key>GCC_DYNAMIC_NO_PIC</key>
				<string>NO</string>
				<key>GCC_NO_COMMON_BLOCKS</key>
				<string>YES</string>
				<key>GCC_OPTIMIZATION_LEVEL</key>
				<string>0</string>
				<key>GCC_PREPROCESSOR_DEFINITIONS</key>
				<array>
					<string>DEBUG=1</string>
					<string>$(inherited)</string>
				</array>
				<key>GCC_WARN_64_TO_32_BIT_CONVERSION</key>
				<string>YES</string>
				<key>GCC_WARN_ABOUT_RETURN_TYPE</key>
				<string>YES_ERROR</string>
				<key>GCC_WARN_UNDECLARED_SELECTOR</key>
				<string>YES</string>
				<key>GCC_WARN_UNINITIALIZED_AUTOS</key>
				<string>YES_AGGRESSIVE</string>
				<key>GCC_WARN_UNUSED_FUNCTION</key>
				<string>YES</string>
				<key>GCC_WARN_UNUSED_VARIABLE</key>
				<string>YES</string>
				<key>IPHONEOS_DEPLOYMENT_TARGET</key>
				<string>13.0</string>
				<key>MTL_ENABLE_DEBUG_INFO</key>
				<string>YES</string>
				<key>ONLY_ACTIVE_ARCH</key>
				<string>YES</string>
				<key>SDKROOT</key>
				<string>iphoneos</string>
				<key>TARGETED_DEVICE_FAMILY</key>
				<string>1,2</string>
			</dict>
			<key>isa</key>
			<string>XCBuildConfiguration</string>
			<key>name</key>
			<string>Debug-dev</string>
		</dict>
		<key>ACD54D2A2296D331006C8D72</key>
		<dict>
			<key>baseConfigurationReference</key>
			<string>9740EEB21CF90195004384FC</string>
			<key>buildSettings</key>
			<dict>
				<key>ARCHS</key>
				<string>$(ARCHS_STANDARD)</string>
				<key>ASSETCATALOG_COMPILER_APPICON_NAME</key>
				<string>AppIcon</string>
				<key>CURRENT_PROJECT_VERSION</key>
				<string>2.0.4</string>
				<key>DEVELOPMENT_TEAM</key>
				<string>RQ74DU9PML</string>
				<key>ENABLE_BITCODE</key>
				<string>NO</string>
				<key>FRAMEWORK_SEARCH_PATHS</key>
				<array>
					<string>$(inherited)</string>
					<string>$(PROJECT_DIR)/Flutter</string>
				</array>
				<key>INFOPLIST_FILE</key>
				<string>Runner/Info.plist</string>
				<key>IPHONEOS_DEPLOYMENT_TARGET</key>
				<string>15.6</string>
				<key>LD_RUNPATH_SEARCH_PATHS</key>
				<array>
					<string>$(inherited)</string>
					<string>@executable_path/Frameworks</string>
				</array>
				<key>LIBRARY_SEARCH_PATHS</key>
				<array>
					<string>$(inherited)</string>
					<string>$(PROJECT_DIR)/Flutter</string>
				</array>
				<key>MARKETING_VERSION</key>
				<string>2.0.4</string>
				<key>PRODUCT_BUNDLE_IDENTIFIER</key>
				<string>CMA.TheAnglersLog</string>
				<key>PRODUCT_NAME</key>
				<string>$(TARGET_NAME)</string>
				<key>VERSIONING_SYSTEM</key>
				<string>apple-generic</string>
			</dict>
			<key>isa</key>
			<string>XCBuildConfiguration</string>
			<key>name</key>
			<string>Debug-dev</string>
		</dict>
		<key>ACD54D2B2296D341006C8D72</key>
		<dict>
			<key>baseConfigurationReference</key>
			<string>7AFA3C8E1D35360C0083082E</string>
			<key>buildSettings</key>
			<dict>
				<key>ALWAYS_SEARCH_USER_PATHS</key>
				<string>NO</string>
				<key>CLANG_ANALYZER_LOCALIZABILITY_NONLOCALIZED</key>
				<string>YES</string>
				<key>CLANG_ANALYZER_NONNULL</key>
				<string>YES</string>
				<key>CLANG_CXX_LANGUAGE_STANDARD</key>
				<string>gnu++0x</string>
				<key>CLANG_CXX_LIBRARY</key>
				<string>libc++</string>
				<key>CLANG_ENABLE_MODULES</key>
				<string>YES</string>
				<key>CLANG_ENABLE_OBJC_ARC</key>
				<string>YES</string>
				<key>CLANG_WARN_BLOCK_CAPTURE_AUTORELEASING</key>
				<string>YES</string>
				<key>CLANG_WARN_BOOL_CONVERSION</key>
				<string>YES</string>
				<key>CLANG_WARN_COMMA</key>
				<string>YES</string>
				<key>CLANG_WARN_CONSTANT_CONVERSION</key>
				<string>YES</string>
				<key>CLANG_WARN_DIRECT_OBJC_ISA_USAGE</key>
				<string>YES_ERROR</string>
				<key>CLANG_WARN_EMPTY_BODY</key>
				<string>YES</string>
				<key>CLANG_WARN_ENUM_CONVERSION</key>
				<string>YES</string>
				<key>CLANG_WARN_INFINITE_RECURSION</key>
				<string>YES</string>
				<key>CLANG_WARN_INT_CONVERSION</key>
				<string>YES</string>
				<key>CLANG_WARN_NON_LITERAL_NULL_CONVERSION</key>
				<string>YES</string>
				<key>CLANG_WARN_OBJC_LITERAL_CONVERSION</key>
				<string>YES</string>
				<key>CLANG_WARN_OBJC_ROOT_CLASS</key>
				<string>YES_ERROR</string>
				<key>CLANG_WARN_RANGE_LOOP_ANALYSIS</key>
				<string>YES</string>
				<key>CLANG_WARN_STRICT_PROTOTYPES</key>
				<string>YES</string>
				<key>CLANG_WARN_SUSPICIOUS_MOVE</key>
				<string>YES</string>
				<key>CLANG_WARN_UNREACHABLE_CODE</key>
				<string>YES</string>
				<key>CLANG_WARN__DUPLICATE_METHOD_MATCH</key>
				<string>YES</string>
				<key>CODE_SIGN_IDENTITY[sdk=iphoneos*]</key>
				<string>iPhone Developer</string>
				<key>COPY_PHASE_STRIP</key>
				<string>NO</string>
				<key>DEBUG_INFORMATION_FORMAT</key>
				<string>dwarf-with-dsym</string>
				<key>ENABLE_NS_ASSERTIONS</key>
				<string>NO</string>
				<key>ENABLE_STRICT_OBJC_MSGSEND</key>
				<string>YES</string>
				<key>GCC_C_LANGUAGE_STANDARD</key>
				<string>gnu99</string>
				<key>GCC_NO_COMMON_BLOCKS</key>
				<string>YES</string>
				<key>GCC_WARN_64_TO_32_BIT_CONVERSION</key>
				<string>YES</string>
				<key>GCC_WARN_ABOUT_RETURN_TYPE</key>
				<string>YES_ERROR</string>
				<key>GCC_WARN_UNDECLARED_SELECTOR</key>
				<string>YES</string>
				<key>GCC_WARN_UNINITIALIZED_AUTOS</key>
				<string>YES_AGGRESSIVE</string>
				<key>GCC_WARN_UNUSED_FUNCTION</key>
				<string>YES</string>
				<key>GCC_WARN_UNUSED_VARIABLE</key>
				<string>YES</string>
				<key>IPHONEOS_DEPLOYMENT_TARGET</key>
				<string>13.0</string>
				<key>MTL_ENABLE_DEBUG_INFO</key>
				<string>NO</string>
				<key>SDKROOT</key>
				<string>iphoneos</string>
				<key>TARGETED_DEVICE_FAMILY</key>
				<string>1,2</string>
				<key>VALIDATE_PRODUCT</key>
				<string>YES</string>
			</dict>
			<key>isa</key>
			<string>XCBuildConfiguration</string>
			<key>name</key>
			<string>Release-prod</string>
		</dict>
		<key>ACD54D2C2296D341006C8D72</key>
		<dict>
			<key>baseConfigurationReference</key>
			<string>7AFA3C8E1D35360C0083082E</string>
			<key>buildSettings</key>
			<dict>
				<key>ARCHS</key>
				<string>$(ARCHS_STANDARD)</string>
				<key>ASSETCATALOG_COMPILER_APPICON_NAME</key>
				<string>AppIcon</string>
				<key>CURRENT_PROJECT_VERSION</key>
				<string>2.0.4</string>
				<key>DEVELOPMENT_TEAM</key>
				<string>RQ74DU9PML</string>
				<key>ENABLE_BITCODE</key>
				<string>NO</string>
				<key>FRAMEWORK_SEARCH_PATHS</key>
				<array>
					<string>$(inherited)</string>
					<string>$(PROJECT_DIR)/Flutter</string>
				</array>
				<key>INFOPLIST_FILE</key>
				<string>Runner/Info.plist</string>
				<key>IPHONEOS_DEPLOYMENT_TARGET</key>
				<string>15.6</string>
				<key>LD_RUNPATH_SEARCH_PATHS</key>
				<array>
					<string>$(inherited)</string>
					<string>@executable_path/Frameworks</string>
				</array>
				<key>LIBRARY_SEARCH_PATHS</key>
				<array>
					<string>$(inherited)</string>
					<string>$(PROJECT_DIR)/Flutter</string>
				</array>
				<key>MARKETING_VERSION</key>
				<string>2.0.4</string>
				<key>PRODUCT_BUNDLE_IDENTIFIER</key>
				<string>CMA.TheAnglersLog</string>
				<key>PRODUCT_NAME</key>
				<string>$(TARGET_NAME)</string>
				<key>VERSIONING_SYSTEM</key>
				<string>apple-generic</string>
			</dict>
			<key>isa</key>
			<string>XCBuildConfiguration</string>
			<key>name</key>
			<string>Release-prod</string>
		</dict>
		<key>ACD54D2D2296D34A006C8D72</key>
		<dict>
			<key>baseConfigurationReference</key>
			<string>7AFA3C8E1D35360C0083082E</string>
			<key>buildSettings</key>
			<dict>
				<key>ALWAYS_SEARCH_USER_PATHS</key>
				<string>NO</string>
				<key>CLANG_ANALYZER_LOCALIZABILITY_NONLOCALIZED</key>
				<string>YES</string>
				<key>CLANG_ANALYZER_NONNULL</key>
				<string>YES</string>
				<key>CLANG_CXX_LANGUAGE_STANDARD</key>
				<string>gnu++0x</string>
				<key>CLANG_CXX_LIBRARY</key>
				<string>libc++</string>
				<key>CLANG_ENABLE_MODULES</key>
				<string>YES</string>
				<key>CLANG_ENABLE_OBJC_ARC</key>
				<string>YES</string>
				<key>CLANG_WARN_BLOCK_CAPTURE_AUTORELEASING</key>
				<string>YES</string>
				<key>CLANG_WARN_BOOL_CONVERSION</key>
				<string>YES</string>
				<key>CLANG_WARN_COMMA</key>
				<string>YES</string>
				<key>CLANG_WARN_CONSTANT_CONVERSION</key>
				<string>YES</string>
				<key>CLANG_WARN_DIRECT_OBJC_ISA_USAGE</key>
				<string>YES_ERROR</string>
				<key>CLANG_WARN_EMPTY_BODY</key>
				<string>YES</string>
				<key>CLANG_WARN_ENUM_CONVERSION</key>
				<string>YES</string>
				<key>CLANG_WARN_INFINITE_RECURSION</key>
				<string>YES</string>
				<key>CLANG_WARN_INT_CONVERSION</key>
				<string>YES</string>
				<key>CLANG_WARN_NON_LITERAL_NULL_CONVERSION</key>
				<string>YES</string>
				<key>CLANG_WARN_OBJC_LITERAL_CONVERSION</key>
				<string>YES</string>
				<key>CLANG_WARN_OBJC_ROOT_CLASS</key>
				<string>YES_ERROR</string>
				<key>CLANG_WARN_RANGE_LOOP_ANALYSIS</key>
				<string>YES</string>
				<key>CLANG_WARN_STRICT_PROTOTYPES</key>
				<string>YES</string>
				<key>CLANG_WARN_SUSPICIOUS_MOVE</key>
				<string>YES</string>
				<key>CLANG_WARN_UNREACHABLE_CODE</key>
				<string>YES</string>
				<key>CLANG_WARN__DUPLICATE_METHOD_MATCH</key>
				<string>YES</string>
				<key>CODE_SIGN_IDENTITY[sdk=iphoneos*]</key>
				<string>iPhone Developer</string>
				<key>COPY_PHASE_STRIP</key>
				<string>NO</string>
				<key>DEBUG_INFORMATION_FORMAT</key>
				<string>dwarf-with-dsym</string>
				<key>ENABLE_NS_ASSERTIONS</key>
				<string>NO</string>
				<key>ENABLE_STRICT_OBJC_MSGSEND</key>
				<string>YES</string>
				<key>GCC_C_LANGUAGE_STANDARD</key>
				<string>gnu99</string>
				<key>GCC_NO_COMMON_BLOCKS</key>
				<string>YES</string>
				<key>GCC_WARN_64_TO_32_BIT_CONVERSION</key>
				<string>YES</string>
				<key>GCC_WARN_ABOUT_RETURN_TYPE</key>
				<string>YES_ERROR</string>
				<key>GCC_WARN_UNDECLARED_SELECTOR</key>
				<string>YES</string>
				<key>GCC_WARN_UNINITIALIZED_AUTOS</key>
				<string>YES_AGGRESSIVE</string>
				<key>GCC_WARN_UNUSED_FUNCTION</key>
				<string>YES</string>
				<key>GCC_WARN_UNUSED_VARIABLE</key>
				<string>YES</string>
				<key>IPHONEOS_DEPLOYMENT_TARGET</key>
				<string>13.0</string>
				<key>MTL_ENABLE_DEBUG_INFO</key>
				<string>NO</string>
				<key>SDKROOT</key>
				<string>iphoneos</string>
				<key>TARGETED_DEVICE_FAMILY</key>
				<string>1,2</string>
				<key>VALIDATE_PRODUCT</key>
				<string>YES</string>
			</dict>
			<key>isa</key>
			<string>XCBuildConfiguration</string>
			<key>name</key>
			<string>Release-dev</string>
		</dict>
		<key>ACD54D2E2296D34A006C8D72</key>
		<dict>
			<key>baseConfigurationReference</key>
			<string>7AFA3C8E1D35360C0083082E</string>
			<key>buildSettings</key>
			<dict>
				<key>ARCHS</key>
				<string>$(ARCHS_STANDARD)</string>
				<key>ASSETCATALOG_COMPILER_APPICON_NAME</key>
				<string>AppIcon</string>
				<key>CURRENT_PROJECT_VERSION</key>
				<string>2.0.4</string>
				<key>DEVELOPMENT_TEAM</key>
				<string>RQ74DU9PML</string>
				<key>ENABLE_BITCODE</key>
				<string>NO</string>
				<key>FRAMEWORK_SEARCH_PATHS</key>
				<array>
					<string>$(inherited)</string>
					<string>$(PROJECT_DIR)/Flutter</string>
				</array>
				<key>INFOPLIST_FILE</key>
				<string>Runner/Info.plist</string>
				<key>IPHONEOS_DEPLOYMENT_TARGET</key>
				<string>15.6</string>
				<key>LD_RUNPATH_SEARCH_PATHS</key>
				<array>
					<string>$(inherited)</string>
					<string>@executable_path/Frameworks</string>
				</array>
				<key>LIBRARY_SEARCH_PATHS</key>
				<array>
					<string>$(inherited)</string>
					<string>$(PROJECT_DIR)/Flutter</string>
				</array>
				<key>MARKETING_VERSION</key>
				<string>2.0.4</string>
				<key>PRODUCT_BUNDLE_IDENTIFIER</key>
				<string>CMA.TheAnglersLog</string>
				<key>PRODUCT_NAME</key>
				<string>$(TARGET_NAME)</string>
				<key>VERSIONING_SYSTEM</key>
				<string>apple-generic</string>
			</dict>
			<key>isa</key>
			<string>XCBuildConfiguration</string>
			<key>name</key>
			<string>Release-dev</string>
		</dict>
		<key>ACE947C7259B732100C15F6E</key>
		<dict>
			<key>buildSettings</key>
			<dict>
				<key>ALWAYS_SEARCH_USER_PATHS</key>
				<string>NO</string>
				<key>CLANG_ANALYZER_LOCALIZABILITY_NONLOCALIZED</key>
				<string>YES</string>
				<key>CLANG_ANALYZER_NONNULL</key>
				<string>YES</string>
				<key>CLANG_CXX_LANGUAGE_STANDARD</key>
				<string>gnu++0x</string>
				<key>CLANG_CXX_LIBRARY</key>
				<string>libc++</string>
				<key>CLANG_ENABLE_MODULES</key>
				<string>YES</string>
				<key>CLANG_ENABLE_OBJC_ARC</key>
				<string>YES</string>
				<key>CLANG_WARN_BLOCK_CAPTURE_AUTORELEASING</key>
				<string>YES</string>
				<key>CLANG_WARN_BOOL_CONVERSION</key>
				<string>YES</string>
				<key>CLANG_WARN_COMMA</key>
				<string>YES</string>
				<key>CLANG_WARN_CONSTANT_CONVERSION</key>
				<string>YES</string>
				<key>CLANG_WARN_DIRECT_OBJC_ISA_USAGE</key>
				<string>YES_ERROR</string>
				<key>CLANG_WARN_EMPTY_BODY</key>
				<string>YES</string>
				<key>CLANG_WARN_ENUM_CONVERSION</key>
				<string>YES</string>
				<key>CLANG_WARN_INFINITE_RECURSION</key>
				<string>YES</string>
				<key>CLANG_WARN_INT_CONVERSION</key>
				<string>YES</string>
				<key>CLANG_WARN_NON_LITERAL_NULL_CONVERSION</key>
				<string>YES</string>
				<key>CLANG_WARN_OBJC_LITERAL_CONVERSION</key>
				<string>YES</string>
				<key>CLANG_WARN_OBJC_ROOT_CLASS</key>
				<string>YES_ERROR</string>
				<key>CLANG_WARN_RANGE_LOOP_ANALYSIS</key>
				<string>YES</string>
				<key>CLANG_WARN_STRICT_PROTOTYPES</key>
				<string>YES</string>
				<key>CLANG_WARN_SUSPICIOUS_MOVE</key>
				<string>YES</string>
				<key>CLANG_WARN_UNREACHABLE_CODE</key>
				<string>YES</string>
				<key>CLANG_WARN__DUPLICATE_METHOD_MATCH</key>
				<string>YES</string>
				<key>CODE_SIGN_IDENTITY[sdk=iphoneos*]</key>
				<string>iPhone Developer</string>
				<key>COPY_PHASE_STRIP</key>
				<string>NO</string>
				<key>DEBUG_INFORMATION_FORMAT</key>
				<string>dwarf-with-dsym</string>
				<key>ENABLE_NS_ASSERTIONS</key>
				<string>NO</string>
				<key>ENABLE_STRICT_OBJC_MSGSEND</key>
				<string>YES</string>
				<key>GCC_C_LANGUAGE_STANDARD</key>
				<string>gnu99</string>
				<key>GCC_NO_COMMON_BLOCKS</key>
				<string>YES</string>
				<key>GCC_WARN_64_TO_32_BIT_CONVERSION</key>
				<string>YES</string>
				<key>GCC_WARN_ABOUT_RETURN_TYPE</key>
				<string>YES_ERROR</string>
				<key>GCC_WARN_UNDECLARED_SELECTOR</key>
				<string>YES</string>
				<key>GCC_WARN_UNINITIALIZED_AUTOS</key>
				<string>YES_AGGRESSIVE</string>
				<key>GCC_WARN_UNUSED_FUNCTION</key>
				<string>YES</string>
				<key>GCC_WARN_UNUSED_VARIABLE</key>
				<string>YES</string>
				<key>IPHONEOS_DEPLOYMENT_TARGET</key>
				<string>13.0</string>
				<key>MTL_ENABLE_DEBUG_INFO</key>
				<string>NO</string>
				<key>SDKROOT</key>
				<string>iphoneos</string>
				<key>TARGETED_DEVICE_FAMILY</key>
				<string>1,2</string>
				<key>VALIDATE_PRODUCT</key>
				<string>YES</string>
			</dict>
			<key>isa</key>
			<string>XCBuildConfiguration</string>
			<key>name</key>
			<string>Profile-dev</string>
		</dict>
		<key>ACE947C8259B732100C15F6E</key>
		<dict>
			<key>baseConfigurationReference</key>
			<string>7AFA3C8E1D35360C0083082E</string>
			<key>buildSettings</key>
			<dict>
				<key>ARCHS</key>
				<string>$(ARCHS_STANDARD)</string>
				<key>ASSETCATALOG_COMPILER_APPICON_NAME</key>
				<string>AppIcon</string>
				<key>CURRENT_PROJECT_VERSION</key>
				<string>2.0.4</string>
				<key>DEVELOPMENT_TEAM</key>
				<string>RQ74DU9PML</string>
				<key>ENABLE_BITCODE</key>
				<string>NO</string>
				<key>FRAMEWORK_SEARCH_PATHS</key>
				<array>
					<string>$(inherited)</string>
					<string>$(PROJECT_DIR)/Flutter</string>
				</array>
				<key>INFOPLIST_FILE</key>
				<string>Runner/Info.plist</string>
				<key>IPHONEOS_DEPLOYMENT_TARGET</key>
				<string>15.6</string>
				<key>LD_RUNPATH_SEARCH_PATHS</key>
				<array>
					<string>$(inherited)</string>
					<string>@executable_path/Frameworks</string>
				</array>
				<key>LIBRARY_SEARCH_PATHS</key>
				<array>
					<string>$(inherited)</string>
					<string>$(PROJECT_DIR)/Flutter</string>
				</array>
				<key>MARKETING_VERSION</key>
				<string>2.0.4</string>
				<key>PRODUCT_BUNDLE_IDENTIFIER</key>
				<string>CMA.TheAnglersLog</string>
				<key>PRODUCT_NAME</key>
				<string>$(TARGET_NAME)</string>
				<key>VERSIONING_SYSTEM</key>
				<string>apple-generic</string>
			</dict>
			<key>isa</key>
			<string>XCBuildConfiguration</string>
			<key>name</key>
			<string>Profile-dev</string>
		</dict>
		<key>D7F560778CFAF4806A13AC1F</key>
		<dict>
			<key>children</key>
			<array>
				<string>AC97AD9525EB036A00726A46</string>
				<string>2C94365A74C5B4938D22DB29</string>
			</array>
			<key>isa</key>
			<string>PBXGroup</string>
			<key>name</key>
			<string>Frameworks</string>
			<key>sourceTree</key>
			<string>&lt;group&gt;</string>
		</dict>
		<key>E0D1967F096A465933E1E84E</key>
		<dict>
			<key>includeInIndex</key>
			<string>1</string>
			<key>isa</key>
			<string>PBXFileReference</string>
			<key>lastKnownFileType</key>
			<string>text.xcconfig</string>
			<key>name</key>
			<string>Pods-Runner.debug-dev.xcconfig</string>
			<key>path</key>
			<string>Pods/Target Support Files/Pods-Runner/Pods-Runner.debug-dev.xcconfig</string>
			<key>sourceTree</key>
			<string>&lt;group&gt;</string>
		</dict>
	</dict>
	<key>rootObject</key>
	<string>97C146E61CF9000F007C117D</string>
</dict>
</plist>
