// !$*UTF8*$!
{
	archiveVersion = 1;
	classes = {
	};
	objectVersion = 46;
	objects = {

/* Begin PBXBuildFile section */
		0D34EF521A44EB2C00764F18 /* CMAWeatherData.m in Sources */ = {isa = PBXBuildFile; fileRef = 0D34EF511A44EB2C00764F18 /* CMAWeatherData.m */; };
		0D7F777F1A4E540E0010674C /* CMAWeatherDataView.xib in Resources */ = {isa = PBXBuildFile; fileRef = 0D7F777E1A4E540E0010674C /* CMAWeatherDataView.xib */; };
		0D7F77821A4E54770010674C /* CMAWeatherDataView.m in Sources */ = {isa = PBXBuildFile; fileRef = 0D7F77811A4E54770010674C /* CMAWeatherDataView.m */; };
		0D81A3B51A4F845E001FF9FA /* CMAWaterClarity.m in Sources */ = {isa = PBXBuildFile; fileRef = 0D81A3B41A4F845E001FF9FA /* CMAWaterClarity.m */; };
		0D81A3B61A4F845E001FF9FA /* CMAWaterClarity.m in Sources */ = {isa = PBXBuildFile; fileRef = 0D81A3B41A4F845E001FF9FA /* CMAWaterClarity.m */; };
		0D81A3B81A4F898D001FF9FA /* water_clarities_large.png in Resources */ = {isa = PBXBuildFile; fileRef = 0D81A3B71A4F898D001FF9FA /* water_clarities_large.png */; };
		0D81A3BA1A4F899C001FF9FA /* water_clarities.png in Resources */ = {isa = PBXBuildFile; fileRef = 0D81A3B91A4F899C001FF9FA /* water_clarities.png */; };
		0DAC57721A5E286C003D412E /* AFHTTPRequestOperation.m in Sources */ = {isa = PBXBuildFile; fileRef = 0DAC57601A5E286C003D412E /* AFHTTPRequestOperation.m */; };
		0DAC57731A5E286C003D412E /* AFHTTPRequestOperationManager.m in Sources */ = {isa = PBXBuildFile; fileRef = 0DAC57621A5E286C003D412E /* AFHTTPRequestOperationManager.m */; };
		0DAC57741A5E286C003D412E /* AFHTTPSessionManager.m in Sources */ = {isa = PBXBuildFile; fileRef = 0DAC57641A5E286C003D412E /* AFHTTPSessionManager.m */; };
		0DAC57751A5E286C003D412E /* AFNetworkReachabilityManager.m in Sources */ = {isa = PBXBuildFile; fileRef = 0DAC57671A5E286C003D412E /* AFNetworkReachabilityManager.m */; };
		0DAC57761A5E286C003D412E /* AFSecurityPolicy.m in Sources */ = {isa = PBXBuildFile; fileRef = 0DAC57691A5E286C003D412E /* AFSecurityPolicy.m */; };
		0DAC57771A5E286C003D412E /* AFURLConnectionOperation.m in Sources */ = {isa = PBXBuildFile; fileRef = 0DAC576B1A5E286C003D412E /* AFURLConnectionOperation.m */; };
		0DAC57781A5E286C003D412E /* AFURLRequestSerialization.m in Sources */ = {isa = PBXBuildFile; fileRef = 0DAC576D1A5E286C003D412E /* AFURLRequestSerialization.m */; };
		0DAC57791A5E286C003D412E /* AFURLResponseSerialization.m in Sources */ = {isa = PBXBuildFile; fileRef = 0DAC576F1A5E286C003D412E /* AFURLResponseSerialization.m */; };
		0DAC577A1A5E286C003D412E /* AFURLSessionManager.m in Sources */ = {isa = PBXBuildFile; fileRef = 0DAC57711A5E286C003D412E /* AFURLSessionManager.m */; };
		0DAC577D1A5E287C003D412E /* OWMWeatherAPI.m in Sources */ = {isa = PBXBuildFile; fileRef = 0DAC577C1A5E287C003D412E /* OWMWeatherAPI.m */; };
		0DC690B21A5CA630006C8202 /* CMARemoveImageActionSheet.m in Sources */ = {isa = PBXBuildFile; fileRef = 0DC690B11A5CA630006C8202 /* CMARemoveImageActionSheet.m */; };
		0DCC26551A520C0800738F04 /* CMAUtilities.m in Sources */ = {isa = PBXBuildFile; fileRef = 0DCC26541A520C0800738F04 /* CMAUtilities.m */; };
		0DCC26571A520DD300738F04 /* SystemConfiguration.framework in Frameworks */ = {isa = PBXBuildFile; fileRef = 0DCC26561A520DD300738F04 /* SystemConfiguration.framework */; };
		E700E46E1A29CF2600BB6337 /* no_image.png in Resources */ = {isa = PBXBuildFile; fileRef = E700E46D1A29CF2600BB6337 /* no_image.png */; };
		E700E4761A2AA71A00BB6337 /* CMALaunchScreen.xib in Resources */ = {isa = PBXBuildFile; fileRef = E700E4751A2AA71A00BB6337 /* CMALaunchScreen.xib */; };
		E705AD6C1A229AD20077F16C /* fishing_methods_large.png in Resources */ = {isa = PBXBuildFile; fileRef = E705AD6B1A229AD20077F16C /* fishing_methods_large.png */; };
		E705AD731A229E0B0077F16C /* baits_large.png in Resources */ = {isa = PBXBuildFile; fileRef = E705AD6D1A229E0B0077F16C /* baits_large.png */; };
		E705AD741A229E0B0077F16C /* entries_large.png in Resources */ = {isa = PBXBuildFile; fileRef = E705AD6E1A229E0B0077F16C /* entries_large.png */; };
		E705AD751A229E0B0077F16C /* locations_large.png in Resources */ = {isa = PBXBuildFile; fileRef = E705AD6F1A229E0B0077F16C /* locations_large.png */; };
		E705AD761A229E0B0077F16C /* photos_large.png in Resources */ = {isa = PBXBuildFile; fileRef = E705AD701A229E0B0077F16C /* photos_large.png */; };
		E705AD771A229E0B0077F16C /* species_large.png in Resources */ = {isa = PBXBuildFile; fileRef = E705AD711A229E0B0077F16C /* species_large.png */; };
		E705AD781A229E0B0077F16C /* stats_large.png in Resources */ = {isa = PBXBuildFile; fileRef = E705AD721A229E0B0077F16C /* stats_large.png */; };
		E705AD7C1A22DD420077F16C /* XYPieChart.m in Sources */ = {isa = PBXBuildFile; fileRef = E705AD7B1A22DD420077F16C /* XYPieChart.m */; };
		E705AD7E1A22DD5C0077F16C /* QuartzCore.framework in Frameworks */ = {isa = PBXBuildFile; fileRef = E705AD7D1A22DD5C0077F16C /* QuartzCore.framework */; };
		E705AD811A2400270077F16C /* CMACircleView.m in Sources */ = {isa = PBXBuildFile; fileRef = E705AD801A2400270077F16C /* CMACircleView.m */; };
		E705AD8E1A2581400077F16C /* CMAStats.m in Sources */ = {isa = PBXBuildFile; fileRef = E705AD8D1A2581400077F16C /* CMAStats.m */; };
		E705AD951A2595EE0077F16C /* CMAStatsObject.m in Sources */ = {isa = PBXBuildFile; fileRef = E705AD941A2595EE0077F16C /* CMAStatsObject.m */; };
		E705ADA01A26D7710077F16C /* CMASelectFishingSpotViewController.m in Sources */ = {isa = PBXBuildFile; fileRef = E705AD9F1A26D7710077F16C /* CMASelectFishingSpotViewController.m */; };
		E70B637619D3A8E400DFBA85 /* Foundation.framework in Frameworks */ = {isa = PBXBuildFile; fileRef = E70B637519D3A8E400DFBA85 /* Foundation.framework */; };
		E70B637819D3A8E400DFBA85 /* CoreGraphics.framework in Frameworks */ = {isa = PBXBuildFile; fileRef = E70B637719D3A8E400DFBA85 /* CoreGraphics.framework */; };
		E70B637A19D3A8E400DFBA85 /* UIKit.framework in Frameworks */ = {isa = PBXBuildFile; fileRef = E70B637919D3A8E400DFBA85 /* UIKit.framework */; };
		E70B638019D3A8E400DFBA85 /* InfoPlist.strings in Resources */ = {isa = PBXBuildFile; fileRef = E70B637E19D3A8E400DFBA85 /* InfoPlist.strings */; };
		E70B638219D3A8E400DFBA85 /* main.m in Sources */ = {isa = PBXBuildFile; fileRef = E70B638119D3A8E400DFBA85 /* main.m */; };
		E70B638619D3A8E400DFBA85 /* CMAAppDelegate.m in Sources */ = {isa = PBXBuildFile; fileRef = E70B638519D3A8E400DFBA85 /* CMAAppDelegate.m */; };
		E70B638819D3A8E400DFBA85 /* Images.xcassets in Resources */ = {isa = PBXBuildFile; fileRef = E70B638719D3A8E400DFBA85 /* Images.xcassets */; };
		E70B638F19D3A8E400DFBA85 /* XCTest.framework in Frameworks */ = {isa = PBXBuildFile; fileRef = E70B638E19D3A8E400DFBA85 /* XCTest.framework */; };
		E70B639019D3A8E400DFBA85 /* Foundation.framework in Frameworks */ = {isa = PBXBuildFile; fileRef = E70B637519D3A8E400DFBA85 /* Foundation.framework */; };
		E70B639119D3A8E400DFBA85 /* UIKit.framework in Frameworks */ = {isa = PBXBuildFile; fileRef = E70B637919D3A8E400DFBA85 /* UIKit.framework */; };
		E70B639919D3A8E400DFBA85 /* InfoPlist.strings in Resources */ = {isa = PBXBuildFile; fileRef = E70B639719D3A8E400DFBA85 /* InfoPlist.strings */; };
		E72669B719DF14DE003C8E0B /* CMAEntry.m in Sources */ = {isa = PBXBuildFile; fileRef = E72669B619DF14DE003C8E0B /* CMAEntry.m */; };
		E72669B819DF14DE003C8E0B /* CMAEntry.m in Sources */ = {isa = PBXBuildFile; fileRef = E72669B619DF14DE003C8E0B /* CMAEntry.m */; };
		E72669BA19DF150F003C8E0B /* CMAEntryTestCase.m in Sources */ = {isa = PBXBuildFile; fileRef = E72669B919DF150F003C8E0B /* CMAEntryTestCase.m */; };
		E72669C019DF3C92003C8E0B /* CMALocationTestCase.m in Sources */ = {isa = PBXBuildFile; fileRef = E72669BF19DF3C92003C8E0B /* CMALocationTestCase.m */; };
		E72669C619E34471003C8E0B /* CMAFishingSpotTestCase.m in Sources */ = {isa = PBXBuildFile; fileRef = E72669C519E34471003C8E0B /* CMAFishingSpotTestCase.m */; };
		E72669C919E6F4A8003C8E0B /* CMAJournal.m in Sources */ = {isa = PBXBuildFile; fileRef = E72669C819E6F4A8003C8E0B /* CMAJournal.m */; };
		E72669CA19E6F4A8003C8E0B /* CMAJournal.m in Sources */ = {isa = PBXBuildFile; fileRef = E72669C819E6F4A8003C8E0B /* CMAJournal.m */; };
		E72669CC19E6F4C1003C8E0B /* CMAJournalTestCase.m in Sources */ = {isa = PBXBuildFile; fileRef = E72669CB19E6F4C1003C8E0B /* CMAJournalTestCase.m */; };
		E72669D219E6F569003C8E0B /* CMAUserDefinesTestCase.m in Sources */ = {isa = PBXBuildFile; fileRef = E72669D119E6F569003C8E0B /* CMAUserDefinesTestCase.m */; };
		E72669DE19E76B63003C8E0B /* CMAUserDefine.m in Sources */ = {isa = PBXBuildFile; fileRef = E72669DD19E76B63003C8E0B /* CMAUserDefine.m */; };
		E72669DF19E76B64003C8E0B /* CMAUserDefine.m in Sources */ = {isa = PBXBuildFile; fileRef = E72669DD19E76B63003C8E0B /* CMAUserDefine.m */; };
		E738584A19FDFCBF00FE122B /* CMASpecies.m in Sources */ = {isa = PBXBuildFile; fileRef = E738584919FDFCBF00FE122B /* CMASpecies.m */; };
		E738584B19FDFCBF00FE122B /* CMASpecies.m in Sources */ = {isa = PBXBuildFile; fileRef = E738584919FDFCBF00FE122B /* CMASpecies.m */; };
		E738585019FE093700FE122B /* CMAFishingSpot.m in Sources */ = {isa = PBXBuildFile; fileRef = E738584D19FE093700FE122B /* CMAFishingSpot.m */; };
		E738585119FE093700FE122B /* CMAFishingSpot.m in Sources */ = {isa = PBXBuildFile; fileRef = E738584D19FE093700FE122B /* CMAFishingSpot.m */; };
		E738585219FE093700FE122B /* CMALocation.m in Sources */ = {isa = PBXBuildFile; fileRef = E738584F19FE093700FE122B /* CMALocation.m */; };
		E738585319FE093700FE122B /* CMALocation.m in Sources */ = {isa = PBXBuildFile; fileRef = E738584F19FE093700FE122B /* CMALocation.m */; };
		E738585619FE098A00FE122B /* CMABait.m in Sources */ = {isa = PBXBuildFile; fileRef = E738585519FE098A00FE122B /* CMABait.m */; };
		E738585719FE098A00FE122B /* CMABait.m in Sources */ = {isa = PBXBuildFile; fileRef = E738585519FE098A00FE122B /* CMABait.m */; };
		E738585A19FE0A3400FE122B /* CMAFishingMethod.m in Sources */ = {isa = PBXBuildFile; fileRef = E738585919FE0A3400FE122B /* CMAFishingMethod.m */; };
		E738585B19FE0A3400FE122B /* CMAFishingMethod.m in Sources */ = {isa = PBXBuildFile; fileRef = E738585919FE0A3400FE122B /* CMAFishingMethod.m */; };
		E748527A1A2BEB73002BF1C6 /* CMACircleView.xib in Resources */ = {isa = PBXBuildFile; fileRef = E74852791A2BEB73002BF1C6 /* CMACircleView.xib */; };
		E78A1F911A2FC40200FDA5E2 /* CMAStatisticsTableViewCell.m in Sources */ = {isa = PBXBuildFile; fileRef = E78A1F901A2FC40200FDA5E2 /* CMAStatisticsTableViewCell.m */; };
		E78A1F951A3002EB00FDA5E2 /* app_icon.png in Resources */ = {isa = PBXBuildFile; fileRef = E78A1F931A3002EB00FDA5E2 /* app_icon.png */; };
		E78A1F961A3002EB00FDA5E2 /* app_icon.xcf in Resources */ = {isa = PBXBuildFile; fileRef = E78A1F941A3002EB00FDA5E2 /* app_icon.xcf */; };
		E78A1FA51A3007E700FDA5E2 /* app_icon_40.png in Resources */ = {isa = PBXBuildFile; fileRef = E78A1F9F1A3007E700FDA5E2 /* app_icon_40.png */; };
		E78A1FA61A3007E700FDA5E2 /* app_icon_76.png in Resources */ = {isa = PBXBuildFile; fileRef = E78A1FA01A3007E700FDA5E2 /* app_icon_76.png */; };
		E78A1FA71A3007E700FDA5E2 /* app_icon_80.png in Resources */ = {isa = PBXBuildFile; fileRef = E78A1FA11A3007E700FDA5E2 /* app_icon_80.png */; };
		E78A1FA81A3007E700FDA5E2 /* app_icon_120.png in Resources */ = {isa = PBXBuildFile; fileRef = E78A1FA21A3007E700FDA5E2 /* app_icon_120.png */; };
		E78A1FA91A3007E700FDA5E2 /* app_icon_152.png in Resources */ = {isa = PBXBuildFile; fileRef = E78A1FA31A3007E700FDA5E2 /* app_icon_152.png */; };
		E78A1FAA1A3007E700FDA5E2 /* app_icon_180.png in Resources */ = {isa = PBXBuildFile; fileRef = E78A1FA41A3007E700FDA5E2 /* app_icon_180.png */; };
		E78A1FAC1A30084400FDA5E2 /* app_icon_58.png in Resources */ = {isa = PBXBuildFile; fileRef = E78A1FAB1A30084400FDA5E2 /* app_icon_58.png */; };
		E78A1FAE1A3008DD00FDA5E2 /* app_icon_29.png in Resources */ = {isa = PBXBuildFile; fileRef = E78A1FAD1A3008DD00FDA5E2 /* app_icon_29.png */; };
		E78BB7D41A0724290082004B /* MapKit.framework in Frameworks */ = {isa = PBXBuildFile; fileRef = E78BB7D31A0724290082004B /* MapKit.framework */; };
		E78BB7D61A0724760082004B /* CoreLocation.framework in Frameworks */ = {isa = PBXBuildFile; fileRef = E78BB7D51A0724760082004B /* CoreLocation.framework */; };
		E78BB7DB1A0C1B9B0082004B /* rectile.png in Resources */ = {isa = PBXBuildFile; fileRef = E78BB7DA1A0C1B9B0082004B /* rectile.png */; };
		E78BB7DF1A100A2C0082004B /* CMAAlerts.m in Sources */ = {isa = PBXBuildFile; fileRef = E78BB7DE1A100A2C0082004B /* CMAAlerts.m */; };
		E78BB7E31A1309680082004B /* CMAEntryTableViewCell.m in Sources */ = {isa = PBXBuildFile; fileRef = E78BB7E21A1309680082004B /* CMAEntryTableViewCell.m */; };
		E78BB7E91A133A940082004B /* CMATouchSegmentedControl.m in Sources */ = {isa = PBXBuildFile; fileRef = E78BB7E81A133A940082004B /* CMATouchSegmentedControl.m */; };
		E7A3311D1A1D706A00C1D3F1 /* CMAAddEntryViewController.m in Sources */ = {isa = PBXBuildFile; fileRef = E7A331161A1D706A00C1D3F1 /* CMAAddEntryViewController.m */; };
		E7A3311E1A1D706A00C1D3F1 /* CMAEntrySortingViewController.m in Sources */ = {isa = PBXBuildFile; fileRef = E7A331181A1D706A00C1D3F1 /* CMAEntrySortingViewController.m */; };
		E7A3311F1A1D706A00C1D3F1 /* CMASingleEntryViewController.m in Sources */ = {isa = PBXBuildFile; fileRef = E7A3311A1A1D706A00C1D3F1 /* CMASingleEntryViewController.m */; };
		E7A331201A1D706A00C1D3F1 /* CMAViewEntriesViewController.m in Sources */ = {isa = PBXBuildFile; fileRef = E7A3311C1A1D706A00C1D3F1 /* CMAViewEntriesViewController.m */; };
		E7A331281A1D70C200C1D3F1 /* CMAAddFishingSpotViewController.m in Sources */ = {isa = PBXBuildFile; fileRef = E7A331231A1D70C200C1D3F1 /* CMAAddFishingSpotViewController.m */; };
		E7A331291A1D70C200C1D3F1 /* CMAAddLocationViewController.m in Sources */ = {isa = PBXBuildFile; fileRef = E7A331251A1D70C200C1D3F1 /* CMAAddLocationViewController.m */; };
		E7A3312A1A1D70C200C1D3F1 /* CMASingleLocationViewController.m in Sources */ = {isa = PBXBuildFile; fileRef = E7A331271A1D70C200C1D3F1 /* CMASingleLocationViewController.m */; };
		E7A331301A1D710200C1D3F1 /* CMAViewPhotosViewController.m in Sources */ = {isa = PBXBuildFile; fileRef = E7A3312D1A1D710200C1D3F1 /* CMAViewPhotosViewController.m */; };
		E7A331311A1D710200C1D3F1 /* CMASinglePhotoViewController.m in Sources */ = {isa = PBXBuildFile; fileRef = E7A3312F1A1D710200C1D3F1 /* CMASinglePhotoViewController.m */; };
		E7A331331A22855F00C1D3F1 /* CMANoXView.xib in Resources */ = {isa = PBXBuildFile; fileRef = E7A331321A22855F00C1D3F1 /* CMANoXView.xib */; };
		E7A331361A2286E200C1D3F1 /* CMANoXView.m in Sources */ = {isa = PBXBuildFile; fileRef = E7A331351A2286E200C1D3F1 /* CMANoXView.m */; };
		E7A51E9E19EFAA0E009BDC20 /* CMASettingsViewController.m in Sources */ = {isa = PBXBuildFile; fileRef = E7A51E9D19EFAA0E009BDC20 /* CMASettingsViewController.m */; };
		E7A51EA819F4440F009BDC20 /* CMAUserDefinesViewController.m in Sources */ = {isa = PBXBuildFile; fileRef = E7A51EA719F4440F009BDC20 /* CMAUserDefinesViewController.m */; };
		E7A51EBA19F4ADC2009BDC20 /* CMAConstants.m in Sources */ = {isa = PBXBuildFile; fileRef = E7A51EB919F4ADC2009BDC20 /* CMAConstants.m */; };
		E7C29D101A143A1600015B42 /* SWRevealViewController.m in Sources */ = {isa = PBXBuildFile; fileRef = E7C29D0F1A143A1600015B42 /* SWRevealViewController.m */; };
		E7C29D161A1445AE00015B42 /* CMASideMenuViewController.m in Sources */ = {isa = PBXBuildFile; fileRef = E7C29D151A1445AE00015B42 /* CMASideMenuViewController.m */; };
		E7C29D2E1A17E0C200015B42 /* menu@1x.png in Resources */ = {isa = PBXBuildFile; fileRef = E7C29D2B1A17E0C200015B42 /* menu@1x.png */; };
		E7C29D2F1A17E0C200015B42 /* menu@2x.png in Resources */ = {isa = PBXBuildFile; fileRef = E7C29D2C1A17E0C200015B42 /* menu@2x.png */; };
		E7C29D301A17E0C200015B42 /* menu@3x.png in Resources */ = {isa = PBXBuildFile; fileRef = E7C29D2D1A17E0C200015B42 /* menu@3x.png */; };
		E7C29D361A17EA4200015B42 /* camera@1x.png in Resources */ = {isa = PBXBuildFile; fileRef = E7C29D331A17EA4200015B42 /* camera@1x.png */; };
		E7C29D371A17EA4200015B42 /* camera@2x.png in Resources */ = {isa = PBXBuildFile; fileRef = E7C29D341A17EA4200015B42 /* camera@2x.png */; };
		E7C29D381A17EA4200015B42 /* camera@3x.png in Resources */ = {isa = PBXBuildFile; fileRef = E7C29D351A17EA4200015B42 /* camera@3x.png */; };
		E7C29D3C1A17F5A500015B42 /* edit@1x.png in Resources */ = {isa = PBXBuildFile; fileRef = E7C29D391A17F5A500015B42 /* edit@1x.png */; };
		E7C29D3D1A17F5A500015B42 /* edit@2x.png in Resources */ = {isa = PBXBuildFile; fileRef = E7C29D3A1A17F5A500015B42 /* edit@2x.png */; };
		E7C29D3E1A17F5A500015B42 /* edit@3x.png in Resources */ = {isa = PBXBuildFile; fileRef = E7C29D3B1A17F5A500015B42 /* edit@3x.png */; };
		E7C29D421A17F8BB00015B42 /* checkmark@1x.png in Resources */ = {isa = PBXBuildFile; fileRef = E7C29D3F1A17F8BB00015B42 /* checkmark@1x.png */; };
		E7C29D431A17F8BB00015B42 /* checkmark@2x.png in Resources */ = {isa = PBXBuildFile; fileRef = E7C29D401A17F8BB00015B42 /* checkmark@2x.png */; };
		E7C29D441A17F8BB00015B42 /* checkmark@3x.png in Resources */ = {isa = PBXBuildFile; fileRef = E7C29D411A17F8BB00015B42 /* checkmark@3x.png */; };
		E7C29D4A1A17FC6200015B42 /* photos.png in Resources */ = {isa = PBXBuildFile; fileRef = E7C29D461A17FC6200015B42 /* photos.png */; };
		E7C29D4B1A17FC6200015B42 /* settings.png in Resources */ = {isa = PBXBuildFile; fileRef = E7C29D471A17FC6200015B42 /* settings.png */; };
		E7C29D4C1A17FC6200015B42 /* stats.png in Resources */ = {isa = PBXBuildFile; fileRef = E7C29D481A17FC6200015B42 /* stats.png */; };
		E7C29D551A17FFE200015B42 /* bait.png in Resources */ = {isa = PBXBuildFile; fileRef = E7C29D4D1A17FFE200015B42 /* bait.png */; };
		E7C29D561A17FFE200015B42 /* fishing_methods.png in Resources */ = {isa = PBXBuildFile; fileRef = E7C29D4E1A17FFE200015B42 /* fishing_methods.png */; };
		E7C29D571A17FFE200015B42 /* literature.png in Resources */ = {isa = PBXBuildFile; fileRef = E7C29D4F1A17FFE200015B42 /* literature.png */; };
		E7C29D581A17FFE200015B42 /* locations.png in Resources */ = {isa = PBXBuildFile; fileRef = E7C29D501A17FFE200015B42 /* locations.png */; };
		E7C29D591A17FFE200015B42 /* sort@1x.png in Resources */ = {isa = PBXBuildFile; fileRef = E7C29D511A17FFE200015B42 /* sort@1x.png */; };
		E7C29D5A1A17FFE200015B42 /* sort@2x.png in Resources */ = {isa = PBXBuildFile; fileRef = E7C29D521A17FFE200015B42 /* sort@2x.png */; };
		E7C29D5B1A17FFE200015B42 /* sort@3x.png in Resources */ = {isa = PBXBuildFile; fileRef = E7C29D531A17FFE200015B42 /* sort@3x.png */; };
		E7C29D5C1A17FFE200015B42 /* species.png in Resources */ = {isa = PBXBuildFile; fileRef = E7C29D541A17FFE200015B42 /* species.png */; };
		E7C29D741A1BD38800015B42 /* CMAAddBaitViewController.m in Sources */ = {isa = PBXBuildFile; fileRef = E7C29D711A1BD38800015B42 /* CMAAddBaitViewController.m */; };
		E7C29D751A1BD38800015B42 /* CMASingleBaitViewController.m in Sources */ = {isa = PBXBuildFile; fileRef = E7C29D731A1BD38800015B42 /* CMASingleBaitViewController.m */; };
		E7C29D781A1BD3AA00015B42 /* CMAViewBaitsViewController.m in Sources */ = {isa = PBXBuildFile; fileRef = E7C29D771A1BD3AA00015B42 /* CMAViewBaitsViewController.m */; };
		E7C29D7B1A1BE0BE00015B42 /* CMABaitTableViewCell.m in Sources */ = {isa = PBXBuildFile; fileRef = E7C29D7A1A1BE0BE00015B42 /* CMABaitTableViewCell.m */; };
		E7C29D7E1A1C183E00015B42 /* CMACameraButton.m in Sources */ = {isa = PBXBuildFile; fileRef = E7C29D7D1A1C183E00015B42 /* CMACameraButton.m */; };
		E7C29D811A1C1ED800015B42 /* CMACameraActionSheet.m in Sources */ = {isa = PBXBuildFile; fileRef = E7C29D801A1C1ED800015B42 /* CMACameraActionSheet.m */; };
		E7C29D841A1C210000015B42 /* CMAImagePickerViewController.m in Sources */ = {isa = PBXBuildFile; fileRef = E7C29D831A1C210000015B42 /* CMAImagePickerViewController.m */; };
		E7C926D319EE37750010A9FE /* MyFishingJournal.storyboard in Resources */ = {isa = PBXBuildFile; fileRef = E7C926D219EE37750010A9FE /* MyFishingJournal.storyboard */; };
		E7C926E319EEC9DC0010A9FE /* CMAStatisticsViewController.m in Sources */ = {isa = PBXBuildFile; fileRef = E7C926E219EEC9DC0010A9FE /* CMAStatisticsViewController.m */; };
/* End PBXBuildFile section */

/* Begin PBXContainerItemProxy section */
		E70B639219D3A8E400DFBA85 /* PBXContainerItemProxy */ = {
			isa = PBXContainerItemProxy;
			containerPortal = E70B636A19D3A8E400DFBA85 /* Project object */;
			proxyType = 1;
			remoteGlobalIDString = E70B637119D3A8E400DFBA85;
			remoteInfo = MyFishingJournal;
		};
/* End PBXContainerItemProxy section */

/* Begin PBXFileReference section */
		0D34EF501A44EB2C00764F18 /* CMAWeatherData.h */ = {isa = PBXFileReference; fileEncoding = 4; lastKnownFileType = sourcecode.c.h; name = CMAWeatherData.h; path = ApplicationModel/CMAWeatherData.h; sourceTree = "<group>"; };
		0D34EF511A44EB2C00764F18 /* CMAWeatherData.m */ = {isa = PBXFileReference; fileEncoding = 4; lastKnownFileType = sourcecode.c.objc; name = CMAWeatherData.m; path = ApplicationModel/CMAWeatherData.m; sourceTree = "<group>"; };
		0D7F777E1A4E540E0010674C /* CMAWeatherDataView.xib */ = {isa = PBXFileReference; fileEncoding = 4; lastKnownFileType = file.xib; path = CMAWeatherDataView.xib; sourceTree = "<group>"; };
		0D7F77801A4E54770010674C /* CMAWeatherDataView.h */ = {isa = PBXFileReference; fileEncoding = 4; lastKnownFileType = sourcecode.c.h; name = CMAWeatherDataView.h; path = CustomViews/CMAWeatherDataView.h; sourceTree = "<group>"; };
		0D7F77811A4E54770010674C /* CMAWeatherDataView.m */ = {isa = PBXFileReference; fileEncoding = 4; lastKnownFileType = sourcecode.c.objc; name = CMAWeatherDataView.m; path = CustomViews/CMAWeatherDataView.m; sourceTree = "<group>"; };
		0D81A3B31A4F845E001FF9FA /* CMAWaterClarity.h */ = {isa = PBXFileReference; fileEncoding = 4; lastKnownFileType = sourcecode.c.h; name = CMAWaterClarity.h; path = ApplicationModel/UserDefines/CMAWaterClarity.h; sourceTree = "<group>"; };
		0D81A3B41A4F845E001FF9FA /* CMAWaterClarity.m */ = {isa = PBXFileReference; fileEncoding = 4; lastKnownFileType = sourcecode.c.objc; name = CMAWaterClarity.m; path = ApplicationModel/UserDefines/CMAWaterClarity.m; sourceTree = "<group>"; };
		0D81A3B71A4F898D001FF9FA /* water_clarities_large.png */ = {isa = PBXFileReference; lastKnownFileType = image.png; name = water_clarities_large.png; path = Images/LargeIcons/water_clarities_large.png; sourceTree = "<group>"; };
		0D81A3B91A4F899C001FF9FA /* water_clarities.png */ = {isa = PBXFileReference; lastKnownFileType = image.png; name = water_clarities.png; path = Images/Icons/water_clarities.png; sourceTree = "<group>"; };
		0DAC575F1A5E286C003D412E /* AFHTTPRequestOperation.h */ = {isa = PBXFileReference; fileEncoding = 4; lastKnownFileType = sourcecode.c.h; name = AFHTTPRequestOperation.h; path = AFNetworking/AFHTTPRequestOperation.h; sourceTree = "<group>"; };
		0DAC57601A5E286C003D412E /* AFHTTPRequestOperation.m */ = {isa = PBXFileReference; fileEncoding = 4; lastKnownFileType = sourcecode.c.objc; name = AFHTTPRequestOperation.m; path = AFNetworking/AFHTTPRequestOperation.m; sourceTree = "<group>"; };
		0DAC57611A5E286C003D412E /* AFHTTPRequestOperationManager.h */ = {isa = PBXFileReference; fileEncoding = 4; lastKnownFileType = sourcecode.c.h; name = AFHTTPRequestOperationManager.h; path = AFNetworking/AFHTTPRequestOperationManager.h; sourceTree = "<group>"; };
		0DAC57621A5E286C003D412E /* AFHTTPRequestOperationManager.m */ = {isa = PBXFileReference; fileEncoding = 4; lastKnownFileType = sourcecode.c.objc; name = AFHTTPRequestOperationManager.m; path = AFNetworking/AFHTTPRequestOperationManager.m; sourceTree = "<group>"; };
		0DAC57631A5E286C003D412E /* AFHTTPSessionManager.h */ = {isa = PBXFileReference; fileEncoding = 4; lastKnownFileType = sourcecode.c.h; name = AFHTTPSessionManager.h; path = AFNetworking/AFHTTPSessionManager.h; sourceTree = "<group>"; };
		0DAC57641A5E286C003D412E /* AFHTTPSessionManager.m */ = {isa = PBXFileReference; fileEncoding = 4; lastKnownFileType = sourcecode.c.objc; name = AFHTTPSessionManager.m; path = AFNetworking/AFHTTPSessionManager.m; sourceTree = "<group>"; };
		0DAC57651A5E286C003D412E /* AFNetworking.h */ = {isa = PBXFileReference; fileEncoding = 4; lastKnownFileType = sourcecode.c.h; name = AFNetworking.h; path = AFNetworking/AFNetworking.h; sourceTree = "<group>"; };
		0DAC57661A5E286C003D412E /* AFNetworkReachabilityManager.h */ = {isa = PBXFileReference; fileEncoding = 4; lastKnownFileType = sourcecode.c.h; name = AFNetworkReachabilityManager.h; path = AFNetworking/AFNetworkReachabilityManager.h; sourceTree = "<group>"; };
		0DAC57671A5E286C003D412E /* AFNetworkReachabilityManager.m */ = {isa = PBXFileReference; fileEncoding = 4; lastKnownFileType = sourcecode.c.objc; name = AFNetworkReachabilityManager.m; path = AFNetworking/AFNetworkReachabilityManager.m; sourceTree = "<group>"; };
		0DAC57681A5E286C003D412E /* AFSecurityPolicy.h */ = {isa = PBXFileReference; fileEncoding = 4; lastKnownFileType = sourcecode.c.h; name = AFSecurityPolicy.h; path = AFNetworking/AFSecurityPolicy.h; sourceTree = "<group>"; };
		0DAC57691A5E286C003D412E /* AFSecurityPolicy.m */ = {isa = PBXFileReference; fileEncoding = 4; lastKnownFileType = sourcecode.c.objc; name = AFSecurityPolicy.m; path = AFNetworking/AFSecurityPolicy.m; sourceTree = "<group>"; };
		0DAC576A1A5E286C003D412E /* AFURLConnectionOperation.h */ = {isa = PBXFileReference; fileEncoding = 4; lastKnownFileType = sourcecode.c.h; name = AFURLConnectionOperation.h; path = AFNetworking/AFURLConnectionOperation.h; sourceTree = "<group>"; };
		0DAC576B1A5E286C003D412E /* AFURLConnectionOperation.m */ = {isa = PBXFileReference; fileEncoding = 4; lastKnownFileType = sourcecode.c.objc; name = AFURLConnectionOperation.m; path = AFNetworking/AFURLConnectionOperation.m; sourceTree = "<group>"; };
		0DAC576C1A5E286C003D412E /* AFURLRequestSerialization.h */ = {isa = PBXFileReference; fileEncoding = 4; lastKnownFileType = sourcecode.c.h; name = AFURLRequestSerialization.h; path = AFNetworking/AFURLRequestSerialization.h; sourceTree = "<group>"; };
		0DAC576D1A5E286C003D412E /* AFURLRequestSerialization.m */ = {isa = PBXFileReference; fileEncoding = 4; lastKnownFileType = sourcecode.c.objc; name = AFURLRequestSerialization.m; path = AFNetworking/AFURLRequestSerialization.m; sourceTree = "<group>"; };
		0DAC576E1A5E286C003D412E /* AFURLResponseSerialization.h */ = {isa = PBXFileReference; fileEncoding = 4; lastKnownFileType = sourcecode.c.h; name = AFURLResponseSerialization.h; path = AFNetworking/AFURLResponseSerialization.h; sourceTree = "<group>"; };
		0DAC576F1A5E286C003D412E /* AFURLResponseSerialization.m */ = {isa = PBXFileReference; fileEncoding = 4; lastKnownFileType = sourcecode.c.objc; name = AFURLResponseSerialization.m; path = AFNetworking/AFURLResponseSerialization.m; sourceTree = "<group>"; };
		0DAC57701A5E286C003D412E /* AFURLSessionManager.h */ = {isa = PBXFileReference; fileEncoding = 4; lastKnownFileType = sourcecode.c.h; name = AFURLSessionManager.h; path = AFNetworking/AFURLSessionManager.h; sourceTree = "<group>"; };
		0DAC57711A5E286C003D412E /* AFURLSessionManager.m */ = {isa = PBXFileReference; fileEncoding = 4; lastKnownFileType = sourcecode.c.objc; name = AFURLSessionManager.m; path = AFNetworking/AFURLSessionManager.m; sourceTree = "<group>"; };
		0DAC577B1A5E287C003D412E /* OWMWeatherAPI.h */ = {isa = PBXFileReference; fileEncoding = 4; lastKnownFileType = sourcecode.c.h; name = OWMWeatherAPI.h; path = OWMWeatherAPI/OWMWeatherAPI.h; sourceTree = "<group>"; };
		0DAC577C1A5E287C003D412E /* OWMWeatherAPI.m */ = {isa = PBXFileReference; fileEncoding = 4; lastKnownFileType = sourcecode.c.objc; name = OWMWeatherAPI.m; path = OWMWeatherAPI/OWMWeatherAPI.m; sourceTree = "<group>"; };
		0DC690AB1A55F70F006C8202 /* CMAUserDefineProtocol.h */ = {isa = PBXFileReference; fileEncoding = 4; lastKnownFileType = sourcecode.c.h; name = CMAUserDefineProtocol.h; path = ApplicationModel/UserDefines/CMAUserDefineProtocol.h; sourceTree = "<group>"; };
		0DC690AC1A5B56C6006C8202 /* MyFishingJournal.entitlements */ = {isa = PBXFileReference; lastKnownFileType = text.xml; path = MyFishingJournal.entitlements; sourceTree = "<group>"; };
		0DC690B01A5CA630006C8202 /* CMARemoveImageActionSheet.h */ = {isa = PBXFileReference; fileEncoding = 4; lastKnownFileType = sourcecode.c.h; name = CMARemoveImageActionSheet.h; path = CustomViews/CMARemoveImageActionSheet.h; sourceTree = "<group>"; };
		0DC690B11A5CA630006C8202 /* CMARemoveImageActionSheet.m */ = {isa = PBXFileReference; fileEncoding = 4; lastKnownFileType = sourcecode.c.objc; name = CMARemoveImageActionSheet.m; path = CustomViews/CMARemoveImageActionSheet.m; sourceTree = "<group>"; };
		0DCC26531A520C0800738F04 /* CMAUtilities.h */ = {isa = PBXFileReference; fileEncoding = 4; lastKnownFileType = sourcecode.c.h; name = CMAUtilities.h; path = Utilities/CMAUtilities.h; sourceTree = "<group>"; };
		0DCC26541A520C0800738F04 /* CMAUtilities.m */ = {isa = PBXFileReference; fileEncoding = 4; lastKnownFileType = sourcecode.c.objc; name = CMAUtilities.m; path = Utilities/CMAUtilities.m; sourceTree = "<group>"; };
		0DCC26561A520DD300738F04 /* SystemConfiguration.framework */ = {isa = PBXFileReference; lastKnownFileType = wrapper.framework; name = SystemConfiguration.framework; path = System/Library/Frameworks/SystemConfiguration.framework; sourceTree = SDKROOT; };
		E700E46D1A29CF2600BB6337 /* no_image.png */ = {isa = PBXFileReference; lastKnownFileType = image.png; name = no_image.png; path = Images/no_image.png; sourceTree = "<group>"; };
		E700E4751A2AA71A00BB6337 /* CMALaunchScreen.xib */ = {isa = PBXFileReference; fileEncoding = 4; lastKnownFileType = file.xib; path = CMALaunchScreen.xib; sourceTree = "<group>"; };
		E705AD6B1A229AD20077F16C /* fishing_methods_large.png */ = {isa = PBXFileReference; lastKnownFileType = image.png; name = fishing_methods_large.png; path = Images/LargeIcons/fishing_methods_large.png; sourceTree = "<group>"; };
		E705AD6D1A229E0B0077F16C /* baits_large.png */ = {isa = PBXFileReference; lastKnownFileType = image.png; name = baits_large.png; path = Images/LargeIcons/baits_large.png; sourceTree = "<group>"; };
		E705AD6E1A229E0B0077F16C /* entries_large.png */ = {isa = PBXFileReference; lastKnownFileType = image.png; name = entries_large.png; path = Images/LargeIcons/entries_large.png; sourceTree = "<group>"; };
		E705AD6F1A229E0B0077F16C /* locations_large.png */ = {isa = PBXFileReference; lastKnownFileType = image.png; name = locations_large.png; path = Images/LargeIcons/locations_large.png; sourceTree = "<group>"; };
		E705AD701A229E0B0077F16C /* photos_large.png */ = {isa = PBXFileReference; lastKnownFileType = image.png; name = photos_large.png; path = Images/LargeIcons/photos_large.png; sourceTree = "<group>"; };
		E705AD711A229E0B0077F16C /* species_large.png */ = {isa = PBXFileReference; lastKnownFileType = image.png; name = species_large.png; path = Images/LargeIcons/species_large.png; sourceTree = "<group>"; };
		E705AD721A229E0B0077F16C /* stats_large.png */ = {isa = PBXFileReference; lastKnownFileType = image.png; name = stats_large.png; path = Images/LargeIcons/stats_large.png; sourceTree = "<group>"; };
		E705AD7A1A22DD420077F16C /* XYPieChart.h */ = {isa = PBXFileReference; fileEncoding = 4; lastKnownFileType = sourcecode.c.h; name = XYPieChart.h; path = XYPieChart/XYPieChart.h; sourceTree = "<group>"; };
		E705AD7B1A22DD420077F16C /* XYPieChart.m */ = {isa = PBXFileReference; fileEncoding = 4; lastKnownFileType = sourcecode.c.objc; name = XYPieChart.m; path = XYPieChart/XYPieChart.m; sourceTree = "<group>"; };
		E705AD7D1A22DD5C0077F16C /* QuartzCore.framework */ = {isa = PBXFileReference; lastKnownFileType = wrapper.framework; name = QuartzCore.framework; path = System/Library/Frameworks/QuartzCore.framework; sourceTree = SDKROOT; };
		E705AD7F1A2400270077F16C /* CMACircleView.h */ = {isa = PBXFileReference; fileEncoding = 4; lastKnownFileType = sourcecode.c.h; name = CMACircleView.h; path = CustomViews/CMACircleView.h; sourceTree = "<group>"; };
		E705AD801A2400270077F16C /* CMACircleView.m */ = {isa = PBXFileReference; fileEncoding = 4; lastKnownFileType = sourcecode.c.objc; name = CMACircleView.m; path = CustomViews/CMACircleView.m; sourceTree = "<group>"; };
		E705AD8C1A2581400077F16C /* CMAStats.h */ = {isa = PBXFileReference; fileEncoding = 4; lastKnownFileType = sourcecode.c.h; name = CMAStats.h; path = ApplicationModel/Statistics/CMAStats.h; sourceTree = "<group>"; };
		E705AD8D1A2581400077F16C /* CMAStats.m */ = {isa = PBXFileReference; fileEncoding = 4; lastKnownFileType = sourcecode.c.objc; name = CMAStats.m; path = ApplicationModel/Statistics/CMAStats.m; sourceTree = "<group>"; };
		E705AD931A2595EE0077F16C /* CMAStatsObject.h */ = {isa = PBXFileReference; fileEncoding = 4; lastKnownFileType = sourcecode.c.h; name = CMAStatsObject.h; path = ApplicationModel/Statistics/CMAStatsObject.h; sourceTree = "<group>"; };
		E705AD941A2595EE0077F16C /* CMAStatsObject.m */ = {isa = PBXFileReference; fileEncoding = 4; lastKnownFileType = sourcecode.c.objc; name = CMAStatsObject.m; path = ApplicationModel/Statistics/CMAStatsObject.m; sourceTree = "<group>"; };
		E705AD9E1A26D7710077F16C /* CMASelectFishingSpotViewController.h */ = {isa = PBXFileReference; fileEncoding = 4; lastKnownFileType = sourcecode.c.h; name = CMASelectFishingSpotViewController.h; path = ViewControllers/Locations/CMASelectFishingSpotViewController.h; sourceTree = "<group>"; };
		E705AD9F1A26D7710077F16C /* CMASelectFishingSpotViewController.m */ = {isa = PBXFileReference; fileEncoding = 4; lastKnownFileType = sourcecode.c.objc; name = CMASelectFishingSpotViewController.m; path = ViewControllers/Locations/CMASelectFishingSpotViewController.m; sourceTree = "<group>"; };
		E70B637219D3A8E400DFBA85 /* MyFishingJournal.app */ = {isa = PBXFileReference; explicitFileType = wrapper.application; includeInIndex = 0; path = MyFishingJournal.app; sourceTree = BUILT_PRODUCTS_DIR; };
		E70B637519D3A8E400DFBA85 /* Foundation.framework */ = {isa = PBXFileReference; lastKnownFileType = wrapper.framework; name = Foundation.framework; path = System/Library/Frameworks/Foundation.framework; sourceTree = SDKROOT; };
		E70B637719D3A8E400DFBA85 /* CoreGraphics.framework */ = {isa = PBXFileReference; lastKnownFileType = wrapper.framework; name = CoreGraphics.framework; path = System/Library/Frameworks/CoreGraphics.framework; sourceTree = SDKROOT; };
		E70B637919D3A8E400DFBA85 /* UIKit.framework */ = {isa = PBXFileReference; lastKnownFileType = wrapper.framework; name = UIKit.framework; path = System/Library/Frameworks/UIKit.framework; sourceTree = SDKROOT; };
		E70B637D19D3A8E400DFBA85 /* MyFishingJournal-Info.plist */ = {isa = PBXFileReference; lastKnownFileType = text.plist.xml; path = "MyFishingJournal-Info.plist"; sourceTree = "<group>"; };
		E70B637F19D3A8E400DFBA85 /* en */ = {isa = PBXFileReference; lastKnownFileType = text.plist.strings; name = en; path = en.lproj/InfoPlist.strings; sourceTree = "<group>"; };
		E70B638119D3A8E400DFBA85 /* main.m */ = {isa = PBXFileReference; lastKnownFileType = sourcecode.c.objc; path = main.m; sourceTree = "<group>"; };
		E70B638319D3A8E400DFBA85 /* MyFishingJournal-Prefix.pch */ = {isa = PBXFileReference; lastKnownFileType = sourcecode.c.h; path = "MyFishingJournal-Prefix.pch"; sourceTree = "<group>"; };
		E70B638419D3A8E400DFBA85 /* CMAAppDelegate.h */ = {isa = PBXFileReference; lastKnownFileType = sourcecode.c.h; path = CMAAppDelegate.h; sourceTree = "<group>"; };
		E70B638519D3A8E400DFBA85 /* CMAAppDelegate.m */ = {isa = PBXFileReference; lastKnownFileType = sourcecode.c.objc; path = CMAAppDelegate.m; sourceTree = "<group>"; };
		E70B638719D3A8E400DFBA85 /* Images.xcassets */ = {isa = PBXFileReference; lastKnownFileType = folder.assetcatalog; path = Images.xcassets; sourceTree = "<group>"; };
		E70B638D19D3A8E400DFBA85 /* MyFishingJournalTests.xctest */ = {isa = PBXFileReference; explicitFileType = wrapper.cfbundle; includeInIndex = 0; path = MyFishingJournalTests.xctest; sourceTree = BUILT_PRODUCTS_DIR; };
		E70B638E19D3A8E400DFBA85 /* XCTest.framework */ = {isa = PBXFileReference; lastKnownFileType = wrapper.framework; name = XCTest.framework; path = Library/Frameworks/XCTest.framework; sourceTree = DEVELOPER_DIR; };
		E70B639619D3A8E400DFBA85 /* MyFishingJournalTests-Info.plist */ = {isa = PBXFileReference; lastKnownFileType = text.plist.xml; path = "MyFishingJournalTests-Info.plist"; sourceTree = "<group>"; };
		E70B639819D3A8E400DFBA85 /* en */ = {isa = PBXFileReference; lastKnownFileType = text.plist.strings; name = en; path = en.lproj/InfoPlist.strings; sourceTree = "<group>"; };
		E72669B519DF14DE003C8E0B /* CMAEntry.h */ = {isa = PBXFileReference; fileEncoding = 4; lastKnownFileType = sourcecode.c.h; name = CMAEntry.h; path = ApplicationModel/CMAEntry.h; sourceTree = "<group>"; };
		E72669B619DF14DE003C8E0B /* CMAEntry.m */ = {isa = PBXFileReference; fileEncoding = 4; lastKnownFileType = sourcecode.c.objc; name = CMAEntry.m; path = ApplicationModel/CMAEntry.m; sourceTree = "<group>"; };
		E72669B919DF150F003C8E0B /* CMAEntryTestCase.m */ = {isa = PBXFileReference; fileEncoding = 4; lastKnownFileType = sourcecode.c.objc; path = CMAEntryTestCase.m; sourceTree = "<group>"; };
		E72669BF19DF3C92003C8E0B /* CMALocationTestCase.m */ = {isa = PBXFileReference; fileEncoding = 4; lastKnownFileType = sourcecode.c.objc; path = CMALocationTestCase.m; sourceTree = "<group>"; };
		E72669C519E34471003C8E0B /* CMAFishingSpotTestCase.m */ = {isa = PBXFileReference; fileEncoding = 4; lastKnownFileType = sourcecode.c.objc; path = CMAFishingSpotTestCase.m; sourceTree = "<group>"; };
		E72669C719E6F4A8003C8E0B /* CMAJournal.h */ = {isa = PBXFileReference; fileEncoding = 4; lastKnownFileType = sourcecode.c.h; name = CMAJournal.h; path = ApplicationModel/CMAJournal.h; sourceTree = "<group>"; };
		E72669C819E6F4A8003C8E0B /* CMAJournal.m */ = {isa = PBXFileReference; fileEncoding = 4; lastKnownFileType = sourcecode.c.objc; name = CMAJournal.m; path = ApplicationModel/CMAJournal.m; sourceTree = "<group>"; };
		E72669CB19E6F4C1003C8E0B /* CMAJournalTestCase.m */ = {isa = PBXFileReference; fileEncoding = 4; lastKnownFileType = sourcecode.c.objc; path = CMAJournalTestCase.m; sourceTree = "<group>"; };
		E72669D119E6F569003C8E0B /* CMAUserDefinesTestCase.m */ = {isa = PBXFileReference; fileEncoding = 4; lastKnownFileType = sourcecode.c.objc; path = CMAUserDefinesTestCase.m; sourceTree = "<group>"; };
		E72669DC19E76B63003C8E0B /* CMAUserDefine.h */ = {isa = PBXFileReference; fileEncoding = 4; lastKnownFileType = sourcecode.c.h; name = CMAUserDefine.h; path = ApplicationModel/UserDefines/CMAUserDefine.h; sourceTree = "<group>"; };
		E72669DD19E76B63003C8E0B /* CMAUserDefine.m */ = {isa = PBXFileReference; fileEncoding = 4; lastKnownFileType = sourcecode.c.objc; name = CMAUserDefine.m; path = ApplicationModel/UserDefines/CMAUserDefine.m; sourceTree = "<group>"; };
		E738584819FDFCBF00FE122B /* CMASpecies.h */ = {isa = PBXFileReference; fileEncoding = 4; lastKnownFileType = sourcecode.c.h; name = CMASpecies.h; path = ApplicationModel/UserDefines/CMASpecies.h; sourceTree = "<group>"; };
		E738584919FDFCBF00FE122B /* CMASpecies.m */ = {isa = PBXFileReference; fileEncoding = 4; lastKnownFileType = sourcecode.c.objc; name = CMASpecies.m; path = ApplicationModel/UserDefines/CMASpecies.m; sourceTree = "<group>"; };
		E738584C19FE093700FE122B /* CMAFishingSpot.h */ = {isa = PBXFileReference; fileEncoding = 4; lastKnownFileType = sourcecode.c.h; name = CMAFishingSpot.h; path = ApplicationModel/UserDefines/CMAFishingSpot.h; sourceTree = "<group>"; };
		E738584D19FE093700FE122B /* CMAFishingSpot.m */ = {isa = PBXFileReference; fileEncoding = 4; lastKnownFileType = sourcecode.c.objc; name = CMAFishingSpot.m; path = ApplicationModel/UserDefines/CMAFishingSpot.m; sourceTree = "<group>"; };
		E738584E19FE093700FE122B /* CMALocation.h */ = {isa = PBXFileReference; fileEncoding = 4; lastKnownFileType = sourcecode.c.h; name = CMALocation.h; path = ApplicationModel/UserDefines/CMALocation.h; sourceTree = "<group>"; };
		E738584F19FE093700FE122B /* CMALocation.m */ = {isa = PBXFileReference; fileEncoding = 4; lastKnownFileType = sourcecode.c.objc; name = CMALocation.m; path = ApplicationModel/UserDefines/CMALocation.m; sourceTree = "<group>"; };
		E738585419FE098A00FE122B /* CMABait.h */ = {isa = PBXFileReference; fileEncoding = 4; lastKnownFileType = sourcecode.c.h; name = CMABait.h; path = ApplicationModel/UserDefines/CMABait.h; sourceTree = "<group>"; };
		E738585519FE098A00FE122B /* CMABait.m */ = {isa = PBXFileReference; fileEncoding = 4; lastKnownFileType = sourcecode.c.objc; name = CMABait.m; path = ApplicationModel/UserDefines/CMABait.m; sourceTree = "<group>"; };
		E738585819FE0A3400FE122B /* CMAFishingMethod.h */ = {isa = PBXFileReference; fileEncoding = 4; lastKnownFileType = sourcecode.c.h; name = CMAFishingMethod.h; path = ApplicationModel/UserDefines/CMAFishingMethod.h; sourceTree = "<group>"; };
		E738585919FE0A3400FE122B /* CMAFishingMethod.m */ = {isa = PBXFileReference; fileEncoding = 4; lastKnownFileType = sourcecode.c.objc; name = CMAFishingMethod.m; path = ApplicationModel/UserDefines/CMAFishingMethod.m; sourceTree = "<group>"; };
		E74852791A2BEB73002BF1C6 /* CMACircleView.xib */ = {isa = PBXFileReference; fileEncoding = 4; lastKnownFileType = file.xib; path = CMACircleView.xib; sourceTree = "<group>"; };
		E78A1F8F1A2FC40200FDA5E2 /* CMAStatisticsTableViewCell.h */ = {isa = PBXFileReference; fileEncoding = 4; lastKnownFileType = sourcecode.c.h; name = CMAStatisticsTableViewCell.h; path = CustomViews/CMAStatisticsTableViewCell.h; sourceTree = "<group>"; };
		E78A1F901A2FC40200FDA5E2 /* CMAStatisticsTableViewCell.m */ = {isa = PBXFileReference; fileEncoding = 4; lastKnownFileType = sourcecode.c.objc; name = CMAStatisticsTableViewCell.m; path = CustomViews/CMAStatisticsTableViewCell.m; sourceTree = "<group>"; };
		E78A1F931A3002EB00FDA5E2 /* app_icon.png */ = {isa = PBXFileReference; lastKnownFileType = image.png; name = app_icon.png; path = Images/AppIcons/app_icon.png; sourceTree = "<group>"; };
		E78A1F941A3002EB00FDA5E2 /* app_icon.xcf */ = {isa = PBXFileReference; lastKnownFileType = file; name = app_icon.xcf; path = Images/AppIcons/app_icon.xcf; sourceTree = "<group>"; };
		E78A1F9F1A3007E700FDA5E2 /* app_icon_40.png */ = {isa = PBXFileReference; lastKnownFileType = image.png; name = app_icon_40.png; path = Images/AppIcons/app_icon_40.png; sourceTree = "<group>"; };
		E78A1FA01A3007E700FDA5E2 /* app_icon_76.png */ = {isa = PBXFileReference; lastKnownFileType = image.png; name = app_icon_76.png; path = Images/AppIcons/app_icon_76.png; sourceTree = "<group>"; };
		E78A1FA11A3007E700FDA5E2 /* app_icon_80.png */ = {isa = PBXFileReference; lastKnownFileType = image.png; name = app_icon_80.png; path = Images/AppIcons/app_icon_80.png; sourceTree = "<group>"; };
		E78A1FA21A3007E700FDA5E2 /* app_icon_120.png */ = {isa = PBXFileReference; lastKnownFileType = image.png; name = app_icon_120.png; path = Images/AppIcons/app_icon_120.png; sourceTree = "<group>"; };
		E78A1FA31A3007E700FDA5E2 /* app_icon_152.png */ = {isa = PBXFileReference; lastKnownFileType = image.png; name = app_icon_152.png; path = Images/AppIcons/app_icon_152.png; sourceTree = "<group>"; };
		E78A1FA41A3007E700FDA5E2 /* app_icon_180.png */ = {isa = PBXFileReference; lastKnownFileType = image.png; name = app_icon_180.png; path = Images/AppIcons/app_icon_180.png; sourceTree = "<group>"; };
		E78A1FAB1A30084400FDA5E2 /* app_icon_58.png */ = {isa = PBXFileReference; lastKnownFileType = image.png; name = app_icon_58.png; path = Images/AppIcons/app_icon_58.png; sourceTree = "<group>"; };
		E78A1FAD1A3008DD00FDA5E2 /* app_icon_29.png */ = {isa = PBXFileReference; lastKnownFileType = image.png; name = app_icon_29.png; path = Images/AppIcons/app_icon_29.png; sourceTree = "<group>"; };
		E78BB7D31A0724290082004B /* MapKit.framework */ = {isa = PBXFileReference; lastKnownFileType = wrapper.framework; name = MapKit.framework; path = System/Library/Frameworks/MapKit.framework; sourceTree = SDKROOT; };
		E78BB7D51A0724760082004B /* CoreLocation.framework */ = {isa = PBXFileReference; lastKnownFileType = wrapper.framework; name = CoreLocation.framework; path = System/Library/Frameworks/CoreLocation.framework; sourceTree = SDKROOT; };
		E78BB7DA1A0C1B9B0082004B /* rectile.png */ = {isa = PBXFileReference; lastKnownFileType = image.png; name = rectile.png; path = Images/rectile.png; sourceTree = "<group>"; };
		E78BB7DE1A100A2C0082004B /* CMAAlerts.m */ = {isa = PBXFileReference; fileEncoding = 4; lastKnownFileType = sourcecode.c.objc; name = CMAAlerts.m; path = Utilities/CMAAlerts.m; sourceTree = "<group>"; };
		E78BB7E01A100A3E0082004B /* CMAAlerts.h */ = {isa = PBXFileReference; fileEncoding = 4; lastKnownFileType = sourcecode.c.h; path = CMAAlerts.h; sourceTree = "<group>"; };
		E78BB7E11A1309680082004B /* CMAEntryTableViewCell.h */ = {isa = PBXFileReference; fileEncoding = 4; lastKnownFileType = sourcecode.c.h; name = CMAEntryTableViewCell.h; path = CustomViews/CMAEntryTableViewCell.h; sourceTree = "<group>"; };
		E78BB7E21A1309680082004B /* CMAEntryTableViewCell.m */ = {isa = PBXFileReference; fileEncoding = 4; lastKnownFileType = sourcecode.c.objc; name = CMAEntryTableViewCell.m; path = CustomViews/CMAEntryTableViewCell.m; sourceTree = "<group>"; };
		E78BB7E71A133A940082004B /* CMATouchSegmentedControl.h */ = {isa = PBXFileReference; fileEncoding = 4; lastKnownFileType = sourcecode.c.h; name = CMATouchSegmentedControl.h; path = CustomViews/CMATouchSegmentedControl.h; sourceTree = "<group>"; };
		E78BB7E81A133A940082004B /* CMATouchSegmentedControl.m */ = {isa = PBXFileReference; fileEncoding = 4; lastKnownFileType = sourcecode.c.objc; name = CMATouchSegmentedControl.m; path = CustomViews/CMATouchSegmentedControl.m; sourceTree = "<group>"; };
		E7A331151A1D706A00C1D3F1 /* CMAAddEntryViewController.h */ = {isa = PBXFileReference; fileEncoding = 4; lastKnownFileType = sourcecode.c.h; name = CMAAddEntryViewController.h; path = ViewControllers/Entries/CMAAddEntryViewController.h; sourceTree = "<group>"; };
		E7A331161A1D706A00C1D3F1 /* CMAAddEntryViewController.m */ = {isa = PBXFileReference; fileEncoding = 4; lastKnownFileType = sourcecode.c.objc; name = CMAAddEntryViewController.m; path = ViewControllers/Entries/CMAAddEntryViewController.m; sourceTree = "<group>"; };
		E7A331171A1D706A00C1D3F1 /* CMAEntrySortingViewController.h */ = {isa = PBXFileReference; fileEncoding = 4; lastKnownFileType = sourcecode.c.h; name = CMAEntrySortingViewController.h; path = ViewControllers/Entries/CMAEntrySortingViewController.h; sourceTree = "<group>"; };
		E7A331181A1D706A00C1D3F1 /* CMAEntrySortingViewController.m */ = {isa = PBXFileReference; fileEncoding = 4; lastKnownFileType = sourcecode.c.objc; name = CMAEntrySortingViewController.m; path = ViewControllers/Entries/CMAEntrySortingViewController.m; sourceTree = "<group>"; };
		E7A331191A1D706A00C1D3F1 /* CMASingleEntryViewController.h */ = {isa = PBXFileReference; fileEncoding = 4; lastKnownFileType = sourcecode.c.h; name = CMASingleEntryViewController.h; path = ViewControllers/Entries/CMASingleEntryViewController.h; sourceTree = "<group>"; };
		E7A3311A1A1D706A00C1D3F1 /* CMASingleEntryViewController.m */ = {isa = PBXFileReference; fileEncoding = 4; lastKnownFileType = sourcecode.c.objc; name = CMASingleEntryViewController.m; path = ViewControllers/Entries/CMASingleEntryViewController.m; sourceTree = "<group>"; };
		E7A3311B1A1D706A00C1D3F1 /* CMAViewEntriesViewController.h */ = {isa = PBXFileReference; fileEncoding = 4; lastKnownFileType = sourcecode.c.h; name = CMAViewEntriesViewController.h; path = ViewControllers/Entries/CMAViewEntriesViewController.h; sourceTree = "<group>"; };
		E7A3311C1A1D706A00C1D3F1 /* CMAViewEntriesViewController.m */ = {isa = PBXFileReference; fileEncoding = 4; lastKnownFileType = sourcecode.c.objc; name = CMAViewEntriesViewController.m; path = ViewControllers/Entries/CMAViewEntriesViewController.m; sourceTree = "<group>"; };
		E7A331221A1D70C200C1D3F1 /* CMAAddFishingSpotViewController.h */ = {isa = PBXFileReference; fileEncoding = 4; lastKnownFileType = sourcecode.c.h; name = CMAAddFishingSpotViewController.h; path = ViewControllers/Locations/CMAAddFishingSpotViewController.h; sourceTree = "<group>"; };
		E7A331231A1D70C200C1D3F1 /* CMAAddFishingSpotViewController.m */ = {isa = PBXFileReference; fileEncoding = 4; lastKnownFileType = sourcecode.c.objc; name = CMAAddFishingSpotViewController.m; path = ViewControllers/Locations/CMAAddFishingSpotViewController.m; sourceTree = "<group>"; };
		E7A331241A1D70C200C1D3F1 /* CMAAddLocationViewController.h */ = {isa = PBXFileReference; fileEncoding = 4; lastKnownFileType = sourcecode.c.h; name = CMAAddLocationViewController.h; path = ViewControllers/Locations/CMAAddLocationViewController.h; sourceTree = "<group>"; };
		E7A331251A1D70C200C1D3F1 /* CMAAddLocationViewController.m */ = {isa = PBXFileReference; fileEncoding = 4; lastKnownFileType = sourcecode.c.objc; name = CMAAddLocationViewController.m; path = ViewControllers/Locations/CMAAddLocationViewController.m; sourceTree = "<group>"; };
		E7A331261A1D70C200C1D3F1 /* CMASingleLocationViewController.h */ = {isa = PBXFileReference; fileEncoding = 4; lastKnownFileType = sourcecode.c.h; name = CMASingleLocationViewController.h; path = ViewControllers/Locations/CMASingleLocationViewController.h; sourceTree = "<group>"; };
		E7A331271A1D70C200C1D3F1 /* CMASingleLocationViewController.m */ = {isa = PBXFileReference; fileEncoding = 4; lastKnownFileType = sourcecode.c.objc; name = CMASingleLocationViewController.m; path = ViewControllers/Locations/CMASingleLocationViewController.m; sourceTree = "<group>"; };
		E7A3312C1A1D710200C1D3F1 /* CMAViewPhotosViewController.h */ = {isa = PBXFileReference; fileEncoding = 4; lastKnownFileType = sourcecode.c.h; name = CMAViewPhotosViewController.h; path = ViewControllers/Photos/CMAViewPhotosViewController.h; sourceTree = "<group>"; };
		E7A3312D1A1D710200C1D3F1 /* CMAViewPhotosViewController.m */ = {isa = PBXFileReference; fileEncoding = 4; lastKnownFileType = sourcecode.c.objc; name = CMAViewPhotosViewController.m; path = ViewControllers/Photos/CMAViewPhotosViewController.m; sourceTree = "<group>"; };
		E7A3312E1A1D710200C1D3F1 /* CMASinglePhotoViewController.h */ = {isa = PBXFileReference; fileEncoding = 4; lastKnownFileType = sourcecode.c.h; name = CMASinglePhotoViewController.h; path = ViewControllers/Photos/CMASinglePhotoViewController.h; sourceTree = "<group>"; };
		E7A3312F1A1D710200C1D3F1 /* CMASinglePhotoViewController.m */ = {isa = PBXFileReference; fileEncoding = 4; lastKnownFileType = sourcecode.c.objc; name = CMASinglePhotoViewController.m; path = ViewControllers/Photos/CMASinglePhotoViewController.m; sourceTree = "<group>"; };
		E7A331321A22855F00C1D3F1 /* CMANoXView.xib */ = {isa = PBXFileReference; fileEncoding = 4; lastKnownFileType = file.xib; path = CMANoXView.xib; sourceTree = "<group>"; };
		E7A331341A2286E200C1D3F1 /* CMANoXView.h */ = {isa = PBXFileReference; fileEncoding = 4; lastKnownFileType = sourcecode.c.h; name = CMANoXView.h; path = CustomViews/CMANoXView.h; sourceTree = "<group>"; };
		E7A331351A2286E200C1D3F1 /* CMANoXView.m */ = {isa = PBXFileReference; fileEncoding = 4; lastKnownFileType = sourcecode.c.objc; name = CMANoXView.m; path = CustomViews/CMANoXView.m; sourceTree = "<group>"; };
		E7A51E9C19EFAA0E009BDC20 /* CMASettingsViewController.h */ = {isa = PBXFileReference; fileEncoding = 4; lastKnownFileType = sourcecode.c.h; name = CMASettingsViewController.h; path = ViewControllers/CMASettingsViewController.h; sourceTree = "<group>"; };
		E7A51E9D19EFAA0E009BDC20 /* CMASettingsViewController.m */ = {isa = PBXFileReference; fileEncoding = 4; lastKnownFileType = sourcecode.c.objc; name = CMASettingsViewController.m; path = ViewControllers/CMASettingsViewController.m; sourceTree = "<group>"; };
		E7A51EA619F4440F009BDC20 /* CMAUserDefinesViewController.h */ = {isa = PBXFileReference; fileEncoding = 4; lastKnownFileType = sourcecode.c.h; name = CMAUserDefinesViewController.h; path = ViewControllers/CMAUserDefinesViewController.h; sourceTree = "<group>"; };
		E7A51EA719F4440F009BDC20 /* CMAUserDefinesViewController.m */ = {isa = PBXFileReference; fileEncoding = 4; lastKnownFileType = sourcecode.c.objc; name = CMAUserDefinesViewController.m; path = ViewControllers/CMAUserDefinesViewController.m; sourceTree = "<group>"; };
		E7A51EB819F4ADC2009BDC20 /* CMAConstants.h */ = {isa = PBXFileReference; fileEncoding = 4; lastKnownFileType = sourcecode.c.h; name = CMAConstants.h; path = Utilities/CMAConstants.h; sourceTree = "<group>"; };
		E7A51EB919F4ADC2009BDC20 /* CMAConstants.m */ = {isa = PBXFileReference; fileEncoding = 4; lastKnownFileType = sourcecode.c.objc; name = CMAConstants.m; path = Utilities/CMAConstants.m; sourceTree = "<group>"; };
		E7C29D0E1A143A1600015B42 /* SWRevealViewController.h */ = {isa = PBXFileReference; fileEncoding = 4; lastKnownFileType = sourcecode.c.h; path = SWRevealViewController.h; sourceTree = "<group>"; };
		E7C29D0F1A143A1600015B42 /* SWRevealViewController.m */ = {isa = PBXFileReference; fileEncoding = 4; lastKnownFileType = sourcecode.c.objc; path = SWRevealViewController.m; sourceTree = "<group>"; };
		E7C29D141A1445AE00015B42 /* CMASideMenuViewController.h */ = {isa = PBXFileReference; fileEncoding = 4; lastKnownFileType = sourcecode.c.h; name = CMASideMenuViewController.h; path = ViewControllers/CMASideMenuViewController.h; sourceTree = "<group>"; };
		E7C29D151A1445AE00015B42 /* CMASideMenuViewController.m */ = {isa = PBXFileReference; fileEncoding = 4; lastKnownFileType = sourcecode.c.objc; name = CMASideMenuViewController.m; path = ViewControllers/CMASideMenuViewController.m; sourceTree = "<group>"; };
		E7C29D2B1A17E0C200015B42 /* menu@1x.png */ = {isa = PBXFileReference; lastKnownFileType = image.png; name = "menu@1x.png"; path = "Images/Icons/menu@1x.png"; sourceTree = "<group>"; };
		E7C29D2C1A17E0C200015B42 /* menu@2x.png */ = {isa = PBXFileReference; lastKnownFileType = image.png; name = "menu@2x.png"; path = "Images/Icons/menu@2x.png"; sourceTree = "<group>"; };
		E7C29D2D1A17E0C200015B42 /* menu@3x.png */ = {isa = PBXFileReference; lastKnownFileType = image.png; name = "menu@3x.png"; path = "Images/Icons/menu@3x.png"; sourceTree = "<group>"; };
		E7C29D331A17EA4200015B42 /* camera@1x.png */ = {isa = PBXFileReference; lastKnownFileType = image.png; name = "camera@1x.png"; path = "Images/Icons/camera@1x.png"; sourceTree = "<group>"; };
		E7C29D341A17EA4200015B42 /* camera@2x.png */ = {isa = PBXFileReference; lastKnownFileType = image.png; name = "camera@2x.png"; path = "Images/Icons/camera@2x.png"; sourceTree = "<group>"; };
		E7C29D351A17EA4200015B42 /* camera@3x.png */ = {isa = PBXFileReference; lastKnownFileType = image.png; name = "camera@3x.png"; path = "Images/Icons/camera@3x.png"; sourceTree = "<group>"; };
		E7C29D391A17F5A500015B42 /* edit@1x.png */ = {isa = PBXFileReference; lastKnownFileType = image.png; name = "edit@1x.png"; path = "Images/Icons/edit@1x.png"; sourceTree = "<group>"; };
		E7C29D3A1A17F5A500015B42 /* edit@2x.png */ = {isa = PBXFileReference; lastKnownFileType = image.png; name = "edit@2x.png"; path = "Images/Icons/edit@2x.png"; sourceTree = "<group>"; };
		E7C29D3B1A17F5A500015B42 /* edit@3x.png */ = {isa = PBXFileReference; lastKnownFileType = image.png; name = "edit@3x.png"; path = "Images/Icons/edit@3x.png"; sourceTree = "<group>"; };
		E7C29D3F1A17F8BB00015B42 /* checkmark@1x.png */ = {isa = PBXFileReference; lastKnownFileType = image.png; name = "checkmark@1x.png"; path = "Images/Icons/checkmark@1x.png"; sourceTree = "<group>"; };
		E7C29D401A17F8BB00015B42 /* checkmark@2x.png */ = {isa = PBXFileReference; lastKnownFileType = image.png; name = "checkmark@2x.png"; path = "Images/Icons/checkmark@2x.png"; sourceTree = "<group>"; };
		E7C29D411A17F8BB00015B42 /* checkmark@3x.png */ = {isa = PBXFileReference; lastKnownFileType = image.png; name = "checkmark@3x.png"; path = "Images/Icons/checkmark@3x.png"; sourceTree = "<group>"; };
		E7C29D461A17FC6200015B42 /* photos.png */ = {isa = PBXFileReference; lastKnownFileType = image.png; name = photos.png; path = Images/Icons/photos.png; sourceTree = "<group>"; };
		E7C29D471A17FC6200015B42 /* settings.png */ = {isa = PBXFileReference; lastKnownFileType = image.png; name = settings.png; path = Images/Icons/settings.png; sourceTree = "<group>"; };
		E7C29D481A17FC6200015B42 /* stats.png */ = {isa = PBXFileReference; lastKnownFileType = image.png; name = stats.png; path = Images/Icons/stats.png; sourceTree = "<group>"; };
		E7C29D4D1A17FFE200015B42 /* bait.png */ = {isa = PBXFileReference; lastKnownFileType = image.png; name = bait.png; path = Images/Icons/bait.png; sourceTree = "<group>"; };
		E7C29D4E1A17FFE200015B42 /* fishing_methods.png */ = {isa = PBXFileReference; lastKnownFileType = image.png; name = fishing_methods.png; path = Images/Icons/fishing_methods.png; sourceTree = "<group>"; };
		E7C29D4F1A17FFE200015B42 /* literature.png */ = {isa = PBXFileReference; lastKnownFileType = image.png; name = literature.png; path = Images/Icons/literature.png; sourceTree = "<group>"; };
		E7C29D501A17FFE200015B42 /* locations.png */ = {isa = PBXFileReference; lastKnownFileType = image.png; name = locations.png; path = Images/Icons/locations.png; sourceTree = "<group>"; };
		E7C29D511A17FFE200015B42 /* sort@1x.png */ = {isa = PBXFileReference; lastKnownFileType = image.png; name = "sort@1x.png"; path = "Images/Icons/sort@1x.png"; sourceTree = "<group>"; };
		E7C29D521A17FFE200015B42 /* sort@2x.png */ = {isa = PBXFileReference; lastKnownFileType = image.png; name = "sort@2x.png"; path = "Images/Icons/sort@2x.png"; sourceTree = "<group>"; };
		E7C29D531A17FFE200015B42 /* sort@3x.png */ = {isa = PBXFileReference; lastKnownFileType = image.png; name = "sort@3x.png"; path = "Images/Icons/sort@3x.png"; sourceTree = "<group>"; };
		E7C29D541A17FFE200015B42 /* species.png */ = {isa = PBXFileReference; lastKnownFileType = image.png; name = species.png; path = Images/Icons/species.png; sourceTree = "<group>"; };
		E7C29D701A1BD38800015B42 /* CMAAddBaitViewController.h */ = {isa = PBXFileReference; fileEncoding = 4; lastKnownFileType = sourcecode.c.h; name = CMAAddBaitViewController.h; path = ViewControllers/Baits/CMAAddBaitViewController.h; sourceTree = "<group>"; };
		E7C29D711A1BD38800015B42 /* CMAAddBaitViewController.m */ = {isa = PBXFileReference; fileEncoding = 4; lastKnownFileType = sourcecode.c.objc; name = CMAAddBaitViewController.m; path = ViewControllers/Baits/CMAAddBaitViewController.m; sourceTree = "<group>"; };
		E7C29D721A1BD38800015B42 /* CMASingleBaitViewController.h */ = {isa = PBXFileReference; fileEncoding = 4; lastKnownFileType = sourcecode.c.h; name = CMASingleBaitViewController.h; path = ViewControllers/Baits/CMASingleBaitViewController.h; sourceTree = "<group>"; };
		E7C29D731A1BD38800015B42 /* CMASingleBaitViewController.m */ = {isa = PBXFileReference; fileEncoding = 4; lastKnownFileType = sourcecode.c.objc; name = CMASingleBaitViewController.m; path = ViewControllers/Baits/CMASingleBaitViewController.m; sourceTree = "<group>"; };
		E7C29D761A1BD3AA00015B42 /* CMAViewBaitsViewController.h */ = {isa = PBXFileReference; fileEncoding = 4; lastKnownFileType = sourcecode.c.h; name = CMAViewBaitsViewController.h; path = ViewControllers/Baits/CMAViewBaitsViewController.h; sourceTree = "<group>"; };
		E7C29D771A1BD3AA00015B42 /* CMAViewBaitsViewController.m */ = {isa = PBXFileReference; fileEncoding = 4; lastKnownFileType = sourcecode.c.objc; name = CMAViewBaitsViewController.m; path = ViewControllers/Baits/CMAViewBaitsViewController.m; sourceTree = "<group>"; };
		E7C29D791A1BE0BE00015B42 /* CMABaitTableViewCell.h */ = {isa = PBXFileReference; fileEncoding = 4; lastKnownFileType = sourcecode.c.h; name = CMABaitTableViewCell.h; path = CustomViews/CMABaitTableViewCell.h; sourceTree = "<group>"; };
		E7C29D7A1A1BE0BE00015B42 /* CMABaitTableViewCell.m */ = {isa = PBXFileReference; fileEncoding = 4; lastKnownFileType = sourcecode.c.objc; name = CMABaitTableViewCell.m; path = CustomViews/CMABaitTableViewCell.m; sourceTree = "<group>"; };
		E7C29D7C1A1C183E00015B42 /* CMACameraButton.h */ = {isa = PBXFileReference; fileEncoding = 4; lastKnownFileType = sourcecode.c.h; name = CMACameraButton.h; path = CustomViews/CMACameraButton.h; sourceTree = "<group>"; };
		E7C29D7D1A1C183E00015B42 /* CMACameraButton.m */ = {isa = PBXFileReference; fileEncoding = 4; lastKnownFileType = sourcecode.c.objc; name = CMACameraButton.m; path = CustomViews/CMACameraButton.m; sourceTree = "<group>"; };
		E7C29D7F1A1C1ED800015B42 /* CMACameraActionSheet.h */ = {isa = PBXFileReference; fileEncoding = 4; lastKnownFileType = sourcecode.c.h; name = CMACameraActionSheet.h; path = CustomViews/CMACameraActionSheet.h; sourceTree = "<group>"; };
		E7C29D801A1C1ED800015B42 /* CMACameraActionSheet.m */ = {isa = PBXFileReference; fileEncoding = 4; lastKnownFileType = sourcecode.c.objc; name = CMACameraActionSheet.m; path = CustomViews/CMACameraActionSheet.m; sourceTree = "<group>"; };
		E7C29D821A1C210000015B42 /* CMAImagePickerViewController.h */ = {isa = PBXFileReference; fileEncoding = 4; lastKnownFileType = sourcecode.c.h; name = CMAImagePickerViewController.h; path = ViewControllers/CMAImagePickerViewController.h; sourceTree = "<group>"; };
		E7C29D831A1C210000015B42 /* CMAImagePickerViewController.m */ = {isa = PBXFileReference; fileEncoding = 4; lastKnownFileType = sourcecode.c.objc; name = CMAImagePickerViewController.m; path = ViewControllers/CMAImagePickerViewController.m; sourceTree = "<group>"; };
		E7C926D219EE37750010A9FE /* MyFishingJournal.storyboard */ = {isa = PBXFileReference; fileEncoding = 4; lastKnownFileType = file.storyboard; path = MyFishingJournal.storyboard; sourceTree = "<group>"; };
		E7C926E119EEC9DC0010A9FE /* CMAStatisticsViewController.h */ = {isa = PBXFileReference; fileEncoding = 4; lastKnownFileType = sourcecode.c.h; name = CMAStatisticsViewController.h; path = ViewControllers/CMAStatisticsViewController.h; sourceTree = "<group>"; };
		E7C926E219EEC9DC0010A9FE /* CMAStatisticsViewController.m */ = {isa = PBXFileReference; fileEncoding = 4; lastKnownFileType = sourcecode.c.objc; name = CMAStatisticsViewController.m; path = ViewControllers/CMAStatisticsViewController.m; sourceTree = "<group>"; };
/* End PBXFileReference section */

/* Begin PBXFrameworksBuildPhase section */
		E70B636F19D3A8E400DFBA85 /* Frameworks */ = {
			isa = PBXFrameworksBuildPhase;
			buildActionMask = 2147483647;
			files = (
				0DCC26571A520DD300738F04 /* SystemConfiguration.framework in Frameworks */,
				E705AD7E1A22DD5C0077F16C /* QuartzCore.framework in Frameworks */,
				E78BB7D61A0724760082004B /* CoreLocation.framework in Frameworks */,
				E78BB7D41A0724290082004B /* MapKit.framework in Frameworks */,
				E70B637819D3A8E400DFBA85 /* CoreGraphics.framework in Frameworks */,
				E70B637A19D3A8E400DFBA85 /* UIKit.framework in Frameworks */,
				E70B637619D3A8E400DFBA85 /* Foundation.framework in Frameworks */,
			);
			runOnlyForDeploymentPostprocessing = 0;
		};
		E70B638A19D3A8E400DFBA85 /* Frameworks */ = {
			isa = PBXFrameworksBuildPhase;
			buildActionMask = 2147483647;
			files = (
				E70B638F19D3A8E400DFBA85 /* XCTest.framework in Frameworks */,
				E70B639119D3A8E400DFBA85 /* UIKit.framework in Frameworks */,
				E70B639019D3A8E400DFBA85 /* Foundation.framework in Frameworks */,
			);
			runOnlyForDeploymentPostprocessing = 0;
		};
/* End PBXFrameworksBuildPhase section */

/* Begin PBXGroup section */
		0DAC575D1A5E284C003D412E /* AFNetworking */ = {
			isa = PBXGroup;
			children = (
				0DAC575F1A5E286C003D412E /* AFHTTPRequestOperation.h */,
				0DAC57601A5E286C003D412E /* AFHTTPRequestOperation.m */,
				0DAC57611A5E286C003D412E /* AFHTTPRequestOperationManager.h */,
				0DAC57621A5E286C003D412E /* AFHTTPRequestOperationManager.m */,
				0DAC57631A5E286C003D412E /* AFHTTPSessionManager.h */,
				0DAC57641A5E286C003D412E /* AFHTTPSessionManager.m */,
				0DAC57651A5E286C003D412E /* AFNetworking.h */,
				0DAC57661A5E286C003D412E /* AFNetworkReachabilityManager.h */,
				0DAC57671A5E286C003D412E /* AFNetworkReachabilityManager.m */,
				0DAC57681A5E286C003D412E /* AFSecurityPolicy.h */,
				0DAC57691A5E286C003D412E /* AFSecurityPolicy.m */,
				0DAC576A1A5E286C003D412E /* AFURLConnectionOperation.h */,
				0DAC576B1A5E286C003D412E /* AFURLConnectionOperation.m */,
				0DAC576C1A5E286C003D412E /* AFURLRequestSerialization.h */,
				0DAC576D1A5E286C003D412E /* AFURLRequestSerialization.m */,
				0DAC576E1A5E286C003D412E /* AFURLResponseSerialization.h */,
				0DAC576F1A5E286C003D412E /* AFURLResponseSerialization.m */,
				0DAC57701A5E286C003D412E /* AFURLSessionManager.h */,
				0DAC57711A5E286C003D412E /* AFURLSessionManager.m */,
			);
			name = AFNetworking;
			sourceTree = "<group>";
		};
		0DAC575E1A5E2853003D412E /* OWMWeatherAPI */ = {
			isa = PBXGroup;
			children = (
				0DAC577B1A5E287C003D412E /* OWMWeatherAPI.h */,
				0DAC577C1A5E287C003D412E /* OWMWeatherAPI.m */,
			);
			name = OWMWeatherAPI;
			sourceTree = "<group>";
		};
		E705AD6A1A229ABD0077F16C /* LargeIcons */ = {
			isa = PBXGroup;
			children = (
				0D81A3B71A4F898D001FF9FA /* water_clarities_large.png */,
				E705AD6D1A229E0B0077F16C /* baits_large.png */,
				E705AD6E1A229E0B0077F16C /* entries_large.png */,
				E705AD6F1A229E0B0077F16C /* locations_large.png */,
				E705AD701A229E0B0077F16C /* photos_large.png */,
				E705AD711A229E0B0077F16C /* species_large.png */,
				E705AD721A229E0B0077F16C /* stats_large.png */,
				E705AD6B1A229AD20077F16C /* fishing_methods_large.png */,
			);
			name = LargeIcons;
			sourceTree = "<group>";
		};
		E705AD791A22DD2F0077F16C /* XYPieChart */ = {
			isa = PBXGroup;
			children = (
				E705AD7A1A22DD420077F16C /* XYPieChart.h */,
				E705AD7B1A22DD420077F16C /* XYPieChart.m */,
			);
			name = XYPieChart;
			sourceTree = "<group>";
		};
		E705AD851A240F990077F16C /* Statistics */ = {
			isa = PBXGroup;
			children = (
				E705AD8C1A2581400077F16C /* CMAStats.h */,
				E705AD8D1A2581400077F16C /* CMAStats.m */,
				E705AD931A2595EE0077F16C /* CMAStatsObject.h */,
				E705AD941A2595EE0077F16C /* CMAStatsObject.m */,
			);
			name = Statistics;
			sourceTree = "<group>";
		};
		E70B636919D3A8E400DFBA85 = {
			isa = PBXGroup;
			children = (
				E70B637B19D3A8E400DFBA85 /* MyFishingJournal */,
				E70B639419D3A8E400DFBA85 /* MyFishingJournalTests */,
				E70B637419D3A8E400DFBA85 /* Frameworks */,
				E70B637319D3A8E400DFBA85 /* Products */,
			);
			sourceTree = "<group>";
		};
		E70B637319D3A8E400DFBA85 /* Products */ = {
			isa = PBXGroup;
			children = (
				E70B637219D3A8E400DFBA85 /* MyFishingJournal.app */,
				E70B638D19D3A8E400DFBA85 /* MyFishingJournalTests.xctest */,
			);
			name = Products;
			sourceTree = "<group>";
		};
		E70B637419D3A8E400DFBA85 /* Frameworks */ = {
			isa = PBXGroup;
			children = (
				0DCC26561A520DD300738F04 /* SystemConfiguration.framework */,
				E705AD7D1A22DD5C0077F16C /* QuartzCore.framework */,
				E78BB7D51A0724760082004B /* CoreLocation.framework */,
				E78BB7D31A0724290082004B /* MapKit.framework */,
				E70B637519D3A8E400DFBA85 /* Foundation.framework */,
				E70B637719D3A8E400DFBA85 /* CoreGraphics.framework */,
				E70B637919D3A8E400DFBA85 /* UIKit.framework */,
				E70B638E19D3A8E400DFBA85 /* XCTest.framework */,
			);
			name = Frameworks;
			sourceTree = "<group>";
		};
		E70B637B19D3A8E400DFBA85 /* MyFishingJournal */ = {
			isa = PBXGroup;
			children = (
				0DC690AC1A5B56C6006C8202 /* MyFishingJournal.entitlements */,
				E7C29D0C1A143A1600015B42 /* Libraries */,
				E738583B19FCD49100FE122B /* Images */,
				E7A6883D19F7321E00B032E3 /* CustomViews */,
				E7C9272019EF90C00010A9FE /* Utilities */,
				E7C926D419EE3B320010A9FE /* ViewControllers */,
				E72669B119DF1350003C8E0B /* ApplicationModel */,
				E70B638419D3A8E400DFBA85 /* CMAAppDelegate.h */,
				E70B638519D3A8E400DFBA85 /* CMAAppDelegate.m */,
				E70B638719D3A8E400DFBA85 /* Images.xcassets */,
				E70B637C19D3A8E400DFBA85 /* Supporting Files */,
				E7C926D219EE37750010A9FE /* MyFishingJournal.storyboard */,
				E700E4751A2AA71A00BB6337 /* CMALaunchScreen.xib */,
			);
			path = MyFishingJournal;
			sourceTree = "<group>";
		};
		E70B637C19D3A8E400DFBA85 /* Supporting Files */ = {
			isa = PBXGroup;
			children = (
				E70B637D19D3A8E400DFBA85 /* MyFishingJournal-Info.plist */,
				E70B637E19D3A8E400DFBA85 /* InfoPlist.strings */,
				E70B638119D3A8E400DFBA85 /* main.m */,
				E70B638319D3A8E400DFBA85 /* MyFishingJournal-Prefix.pch */,
			);
			name = "Supporting Files";
			sourceTree = "<group>";
		};
		E70B639419D3A8E400DFBA85 /* MyFishingJournalTests */ = {
			isa = PBXGroup;
			children = (
				E70B639519D3A8E400DFBA85 /* Supporting Files */,
				E72669B919DF150F003C8E0B /* CMAEntryTestCase.m */,
				E72669BF19DF3C92003C8E0B /* CMALocationTestCase.m */,
				E72669C519E34471003C8E0B /* CMAFishingSpotTestCase.m */,
				E72669CB19E6F4C1003C8E0B /* CMAJournalTestCase.m */,
				E72669D119E6F569003C8E0B /* CMAUserDefinesTestCase.m */,
			);
			path = MyFishingJournalTests;
			sourceTree = "<group>";
		};
		E70B639519D3A8E400DFBA85 /* Supporting Files */ = {
			isa = PBXGroup;
			children = (
				E70B639619D3A8E400DFBA85 /* MyFishingJournalTests-Info.plist */,
				E70B639719D3A8E400DFBA85 /* InfoPlist.strings */,
			);
			name = "Supporting Files";
			sourceTree = "<group>";
		};
		E72669B119DF1350003C8E0B /* ApplicationModel */ = {
			isa = PBXGroup;
			children = (
				E705AD851A240F990077F16C /* Statistics */,
				E72669D719E76AC1003C8E0B /* UserDefines */,
				E72669B519DF14DE003C8E0B /* CMAEntry.h */,
				E72669B619DF14DE003C8E0B /* CMAEntry.m */,
				0D34EF501A44EB2C00764F18 /* CMAWeatherData.h */,
				0D34EF511A44EB2C00764F18 /* CMAWeatherData.m */,
				E72669C719E6F4A8003C8E0B /* CMAJournal.h */,
				E72669C819E6F4A8003C8E0B /* CMAJournal.m */,
			);
			name = ApplicationModel;
			sourceTree = "<group>";
		};
		E72669D719E76AC1003C8E0B /* UserDefines */ = {
			isa = PBXGroup;
			children = (
				E72669DC19E76B63003C8E0B /* CMAUserDefine.h */,
				E72669DD19E76B63003C8E0B /* CMAUserDefine.m */,
				E738584C19FE093700FE122B /* CMAFishingSpot.h */,
				E738584D19FE093700FE122B /* CMAFishingSpot.m */,
				E738584E19FE093700FE122B /* CMALocation.h */,
				E738584F19FE093700FE122B /* CMALocation.m */,
				E738584819FDFCBF00FE122B /* CMASpecies.h */,
				E738584919FDFCBF00FE122B /* CMASpecies.m */,
				E738585419FE098A00FE122B /* CMABait.h */,
				E738585519FE098A00FE122B /* CMABait.m */,
				E738585819FE0A3400FE122B /* CMAFishingMethod.h */,
				E738585919FE0A3400FE122B /* CMAFishingMethod.m */,
				0D81A3B31A4F845E001FF9FA /* CMAWaterClarity.h */,
				0D81A3B41A4F845E001FF9FA /* CMAWaterClarity.m */,
				0DC690AB1A55F70F006C8202 /* CMAUserDefineProtocol.h */,
			);
			name = UserDefines;
			sourceTree = "<group>";
		};
		E738583B19FCD49100FE122B /* Images */ = {
			isa = PBXGroup;
			children = (
				E78A1F921A3002CC00FDA5E2 /* AppIcons */,
				E700E46D1A29CF2600BB6337 /* no_image.png */,
				E705AD6A1A229ABD0077F16C /* LargeIcons */,
				E7C29D1E1A17DD7E00015B42 /* Icons */,
				E78BB7DA1A0C1B9B0082004B /* rectile.png */,
			);
			name = Images;
			sourceTree = "<group>";
		};
		E78A1F921A3002CC00FDA5E2 /* AppIcons */ = {
			isa = PBXGroup;
			children = (
				E78A1FAD1A3008DD00FDA5E2 /* app_icon_29.png */,
				E78A1FAB1A30084400FDA5E2 /* app_icon_58.png */,
				E78A1F9F1A3007E700FDA5E2 /* app_icon_40.png */,
				E78A1FA01A3007E700FDA5E2 /* app_icon_76.png */,
				E78A1FA11A3007E700FDA5E2 /* app_icon_80.png */,
				E78A1FA21A3007E700FDA5E2 /* app_icon_120.png */,
				E78A1FA31A3007E700FDA5E2 /* app_icon_152.png */,
				E78A1FA41A3007E700FDA5E2 /* app_icon_180.png */,
				E78A1F931A3002EB00FDA5E2 /* app_icon.png */,
				E78A1F941A3002EB00FDA5E2 /* app_icon.xcf */,
			);
			name = AppIcons;
			sourceTree = "<group>";
		};
		E7A331141A1D6FC900C1D3F1 /* Entries */ = {
			isa = PBXGroup;
			children = (
				E7A331151A1D706A00C1D3F1 /* CMAAddEntryViewController.h */,
				E7A331161A1D706A00C1D3F1 /* CMAAddEntryViewController.m */,
				E7A331171A1D706A00C1D3F1 /* CMAEntrySortingViewController.h */,
				E7A331181A1D706A00C1D3F1 /* CMAEntrySortingViewController.m */,
				E7A331191A1D706A00C1D3F1 /* CMASingleEntryViewController.h */,
				E7A3311A1A1D706A00C1D3F1 /* CMASingleEntryViewController.m */,
				E7A3311B1A1D706A00C1D3F1 /* CMAViewEntriesViewController.h */,
				E7A3311C1A1D706A00C1D3F1 /* CMAViewEntriesViewController.m */,
			);
			name = Entries;
			sourceTree = "<group>";
		};
		E7A331211A1D708300C1D3F1 /* Locations */ = {
			isa = PBXGroup;
			children = (
				E7A331221A1D70C200C1D3F1 /* CMAAddFishingSpotViewController.h */,
				E7A331231A1D70C200C1D3F1 /* CMAAddFishingSpotViewController.m */,
				E7A331241A1D70C200C1D3F1 /* CMAAddLocationViewController.h */,
				E7A331251A1D70C200C1D3F1 /* CMAAddLocationViewController.m */,
				E7A331261A1D70C200C1D3F1 /* CMASingleLocationViewController.h */,
				E7A331271A1D70C200C1D3F1 /* CMASingleLocationViewController.m */,
				E705AD9E1A26D7710077F16C /* CMASelectFishingSpotViewController.h */,
				E705AD9F1A26D7710077F16C /* CMASelectFishingSpotViewController.m */,
			);
			name = Locations;
			sourceTree = "<group>";
		};
		E7A3312B1A1D70D400C1D3F1 /* Photos */ = {
			isa = PBXGroup;
			children = (
				E7A3312C1A1D710200C1D3F1 /* CMAViewPhotosViewController.h */,
				E7A3312D1A1D710200C1D3F1 /* CMAViewPhotosViewController.m */,
				E7A3312E1A1D710200C1D3F1 /* CMASinglePhotoViewController.h */,
				E7A3312F1A1D710200C1D3F1 /* CMASinglePhotoViewController.m */,
			);
			name = Photos;
			sourceTree = "<group>";
		};
		E7A6883D19F7321E00B032E3 /* CustomViews */ = {
			isa = PBXGroup;
			children = (
				E78BB7E11A1309680082004B /* CMAEntryTableViewCell.h */,
				E78BB7E21A1309680082004B /* CMAEntryTableViewCell.m */,
				E78A1F8F1A2FC40200FDA5E2 /* CMAStatisticsTableViewCell.h */,
				E78A1F901A2FC40200FDA5E2 /* CMAStatisticsTableViewCell.m */,
				E78BB7E71A133A940082004B /* CMATouchSegmentedControl.h */,
				E78BB7E81A133A940082004B /* CMATouchSegmentedControl.m */,
				E7C29D791A1BE0BE00015B42 /* CMABaitTableViewCell.h */,
				E7C29D7A1A1BE0BE00015B42 /* CMABaitTableViewCell.m */,
				E7C29D7C1A1C183E00015B42 /* CMACameraButton.h */,
				E7C29D7D1A1C183E00015B42 /* CMACameraButton.m */,
				E7C29D7F1A1C1ED800015B42 /* CMACameraActionSheet.h */,
				E7C29D801A1C1ED800015B42 /* CMACameraActionSheet.m */,
				0DC690B01A5CA630006C8202 /* CMARemoveImageActionSheet.h */,
				0DC690B11A5CA630006C8202 /* CMARemoveImageActionSheet.m */,
				E7A331321A22855F00C1D3F1 /* CMANoXView.xib */,
				E7A331341A2286E200C1D3F1 /* CMANoXView.h */,
				E7A331351A2286E200C1D3F1 /* CMANoXView.m */,
				E705AD7F1A2400270077F16C /* CMACircleView.h */,
				E705AD801A2400270077F16C /* CMACircleView.m */,
				E74852791A2BEB73002BF1C6 /* CMACircleView.xib */,
				0D7F77801A4E54770010674C /* CMAWeatherDataView.h */,
				0D7F77811A4E54770010674C /* CMAWeatherDataView.m */,
				0D7F777E1A4E540E0010674C /* CMAWeatherDataView.xib */,
			);
			name = CustomViews;
			sourceTree = "<group>";
		};
		E7C29D0C1A143A1600015B42 /* Libraries */ = {
			isa = PBXGroup;
			children = (
				0DAC575E1A5E2853003D412E /* OWMWeatherAPI */,
				0DAC575D1A5E284C003D412E /* AFNetworking */,
				E705AD791A22DD2F0077F16C /* XYPieChart */,
				E7C29D0D1A143A1600015B42 /* SWRevealViewController */,
			);
			path = Libraries;
			sourceTree = "<group>";
		};
		E7C29D0D1A143A1600015B42 /* SWRevealViewController */ = {
			isa = PBXGroup;
			children = (
				E7C29D0E1A143A1600015B42 /* SWRevealViewController.h */,
				E7C29D0F1A143A1600015B42 /* SWRevealViewController.m */,
			);
			path = SWRevealViewController;
			sourceTree = "<group>";
		};
		E7C29D1E1A17DD7E00015B42 /* Icons */ = {
			isa = PBXGroup;
			children = (
				0D81A3B91A4F899C001FF9FA /* water_clarities.png */,
				E7C29D4D1A17FFE200015B42 /* bait.png */,
				E7C29D4E1A17FFE200015B42 /* fishing_methods.png */,
				E7C29D4F1A17FFE200015B42 /* literature.png */,
				E7C29D501A17FFE200015B42 /* locations.png */,
				E7C29D511A17FFE200015B42 /* sort@1x.png */,
				E7C29D521A17FFE200015B42 /* sort@2x.png */,
				E7C29D531A17FFE200015B42 /* sort@3x.png */,
				E7C29D541A17FFE200015B42 /* species.png */,
				E7C29D461A17FC6200015B42 /* photos.png */,
				E7C29D471A17FC6200015B42 /* settings.png */,
				E7C29D481A17FC6200015B42 /* stats.png */,
				E7C29D3F1A17F8BB00015B42 /* checkmark@1x.png */,
				E7C29D401A17F8BB00015B42 /* checkmark@2x.png */,
				E7C29D411A17F8BB00015B42 /* checkmark@3x.png */,
				E7C29D391A17F5A500015B42 /* edit@1x.png */,
				E7C29D3A1A17F5A500015B42 /* edit@2x.png */,
				E7C29D3B1A17F5A500015B42 /* edit@3x.png */,
				E7C29D331A17EA4200015B42 /* camera@1x.png */,
				E7C29D341A17EA4200015B42 /* camera@2x.png */,
				E7C29D351A17EA4200015B42 /* camera@3x.png */,
				E7C29D2B1A17E0C200015B42 /* menu@1x.png */,
				E7C29D2C1A17E0C200015B42 /* menu@2x.png */,
				E7C29D2D1A17E0C200015B42 /* menu@3x.png */,
			);
			name = Icons;
			sourceTree = "<group>";
		};
		E7C29D6F1A1BD30E00015B42 /* Baits */ = {
			isa = PBXGroup;
			children = (
				E7C29D701A1BD38800015B42 /* CMAAddBaitViewController.h */,
				E7C29D711A1BD38800015B42 /* CMAAddBaitViewController.m */,
				E7C29D721A1BD38800015B42 /* CMASingleBaitViewController.h */,
				E7C29D731A1BD38800015B42 /* CMASingleBaitViewController.m */,
				E7C29D761A1BD3AA00015B42 /* CMAViewBaitsViewController.h */,
				E7C29D771A1BD3AA00015B42 /* CMAViewBaitsViewController.m */,
			);
			name = Baits;
			sourceTree = "<group>";
		};
		E7C926D419EE3B320010A9FE /* ViewControllers */ = {
			isa = PBXGroup;
			children = (
				E7A3312B1A1D70D400C1D3F1 /* Photos */,
				E7A331211A1D708300C1D3F1 /* Locations */,
				E7A331141A1D6FC900C1D3F1 /* Entries */,
				E7C29D6F1A1BD30E00015B42 /* Baits */,
				E7C926E119EEC9DC0010A9FE /* CMAStatisticsViewController.h */,
				E7C926E219EEC9DC0010A9FE /* CMAStatisticsViewController.m */,
				E7A51E9C19EFAA0E009BDC20 /* CMASettingsViewController.h */,
				E7A51E9D19EFAA0E009BDC20 /* CMASettingsViewController.m */,
				E7A51EA619F4440F009BDC20 /* CMAUserDefinesViewController.h */,
				E7A51EA719F4440F009BDC20 /* CMAUserDefinesViewController.m */,
				E7C29D141A1445AE00015B42 /* CMASideMenuViewController.h */,
				E7C29D151A1445AE00015B42 /* CMASideMenuViewController.m */,
				E7C29D821A1C210000015B42 /* CMAImagePickerViewController.h */,
				E7C29D831A1C210000015B42 /* CMAImagePickerViewController.m */,
			);
			name = ViewControllers;
			sourceTree = "<group>";
		};
		E7C9272019EF90C00010A9FE /* Utilities */ = {
			isa = PBXGroup;
			children = (
				E7A51EB819F4ADC2009BDC20 /* CMAConstants.h */,
				E7A51EB919F4ADC2009BDC20 /* CMAConstants.m */,
				E78BB7E01A100A3E0082004B /* CMAAlerts.h */,
				E78BB7DE1A100A2C0082004B /* CMAAlerts.m */,
				0DCC26531A520C0800738F04 /* CMAUtilities.h */,
				0DCC26541A520C0800738F04 /* CMAUtilities.m */,
			);
			name = Utilities;
			sourceTree = "<group>";
		};
/* End PBXGroup section */

/* Begin PBXNativeTarget section */
		E70B637119D3A8E400DFBA85 /* MyFishingJournal */ = {
			isa = PBXNativeTarget;
			buildConfigurationList = E70B639E19D3A8E400DFBA85 /* Build configuration list for PBXNativeTarget "MyFishingJournal" */;
			buildPhases = (
				E70B636E19D3A8E400DFBA85 /* Sources */,
				E70B636F19D3A8E400DFBA85 /* Frameworks */,
				E70B637019D3A8E400DFBA85 /* Resources */,
			);
			buildRules = (
			);
			dependencies = (
			);
			name = MyFishingJournal;
			productName = MyFishingJournal;
			productReference = E70B637219D3A8E400DFBA85 /* MyFishingJournal.app */;
			productType = "com.apple.product-type.application";
		};
		E70B638C19D3A8E400DFBA85 /* MyFishingJournalTests */ = {
			isa = PBXNativeTarget;
			buildConfigurationList = E70B63A119D3A8E500DFBA85 /* Build configuration list for PBXNativeTarget "MyFishingJournalTests" */;
			buildPhases = (
				E70B638919D3A8E400DFBA85 /* Sources */,
				E70B638A19D3A8E400DFBA85 /* Frameworks */,
				E70B638B19D3A8E400DFBA85 /* Resources */,
			);
			buildRules = (
			);
			dependencies = (
				E70B639319D3A8E400DFBA85 /* PBXTargetDependency */,
			);
			name = MyFishingJournalTests;
			productName = MyFishingJournalTests;
			productReference = E70B638D19D3A8E400DFBA85 /* MyFishingJournalTests.xctest */;
			productType = "com.apple.product-type.bundle.unit-test";
		};
/* End PBXNativeTarget section */

/* Begin PBXProject section */
		E70B636A19D3A8E400DFBA85 /* Project object */ = {
			isa = PBXProject;
			attributes = {
				CLASSPREFIX = CMA;
				LastUpgradeCheck = 0510;
				ORGANIZATIONNAME = "Cohen Adair";
				TargetAttributes = {
					E70B637119D3A8E400DFBA85 = {
						DevelopmentTeam = RQ74DU9PML;
						SystemCapabilities = {
							com.apple.iCloud = {
								enabled = 1;
							};
						};
					};
					E70B638C19D3A8E400DFBA85 = {
						TestTargetID = E70B637119D3A8E400DFBA85;
					};
				};
			};
			buildConfigurationList = E70B636D19D3A8E400DFBA85 /* Build configuration list for PBXProject "MyFishingJournal" */;
			compatibilityVersion = "Xcode 3.2";
			developmentRegion = English;
			hasScannedForEncodings = 0;
			knownRegions = (
				en,
			);
			mainGroup = E70B636919D3A8E400DFBA85;
			productRefGroup = E70B637319D3A8E400DFBA85 /* Products */;
			projectDirPath = "";
			projectRoot = "";
			targets = (
				E70B637119D3A8E400DFBA85 /* MyFishingJournal */,
				E70B638C19D3A8E400DFBA85 /* MyFishingJournalTests */,
			);
		};
/* End PBXProject section */

/* Begin PBXResourcesBuildPhase section */
		E70B637019D3A8E400DFBA85 /* Resources */ = {
			isa = PBXResourcesBuildPhase;
			buildActionMask = 2147483647;
			files = (
				E7C29D301A17E0C200015B42 /* menu@3x.png in Resources */,
				E7C29D371A17EA4200015B42 /* camera@2x.png in Resources */,
				E7C29D2F1A17E0C200015B42 /* menu@2x.png in Resources */,
				E7C29D561A17FFE200015B42 /* fishing_methods.png in Resources */,
				E78A1FA61A3007E700FDA5E2 /* app_icon_76.png in Resources */,
				E7C29D5C1A17FFE200015B42 /* species.png in Resources */,
				E748527A1A2BEB73002BF1C6 /* CMACircleView.xib in Resources */,
				E700E46E1A29CF2600BB6337 /* no_image.png in Resources */,
				E78A1F951A3002EB00FDA5E2 /* app_icon.png in Resources */,
				E705AD751A229E0B0077F16C /* locations_large.png in Resources */,
				0D7F777F1A4E540E0010674C /* CMAWeatherDataView.xib in Resources */,
				E705AD781A229E0B0077F16C /* stats_large.png in Resources */,
				E7C29D4C1A17FC6200015B42 /* stats.png in Resources */,
				E78A1FAE1A3008DD00FDA5E2 /* app_icon_29.png in Resources */,
				0D81A3B81A4F898D001FF9FA /* water_clarities_large.png in Resources */,
				E7C29D361A17EA4200015B42 /* camera@1x.png in Resources */,
				0D81A3BA1A4F899C001FF9FA /* water_clarities.png in Resources */,
				E7C29D421A17F8BB00015B42 /* checkmark@1x.png in Resources */,
				E705AD6C1A229AD20077F16C /* fishing_methods_large.png in Resources */,
				E7C29D551A17FFE200015B42 /* bait.png in Resources */,
				E70B638019D3A8E400DFBA85 /* InfoPlist.strings in Resources */,
				E7C29D571A17FFE200015B42 /* literature.png in Resources */,
				E7C29D4A1A17FC6200015B42 /* photos.png in Resources */,
				E705AD741A229E0B0077F16C /* entries_large.png in Resources */,
				E78A1FA91A3007E700FDA5E2 /* app_icon_152.png in Resources */,
				E7C29D431A17F8BB00015B42 /* checkmark@2x.png in Resources */,
				E7C29D2E1A17E0C200015B42 /* menu@1x.png in Resources */,
				E78A1F961A3002EB00FDA5E2 /* app_icon.xcf in Resources */,
				E7C926D319EE37750010A9FE /* MyFishingJournal.storyboard in Resources */,
				E78A1FA51A3007E700FDA5E2 /* app_icon_40.png in Resources */,
				E78A1FAA1A3007E700FDA5E2 /* app_icon_180.png in Resources */,
				E78A1FA71A3007E700FDA5E2 /* app_icon_80.png in Resources */,
				E78BB7DB1A0C1B9B0082004B /* rectile.png in Resources */,
				E7C29D381A17EA4200015B42 /* camera@3x.png in Resources */,
				E7C29D5B1A17FFE200015B42 /* sort@3x.png in Resources */,
				E7C29D3C1A17F5A500015B42 /* edit@1x.png in Resources */,
				E7A331331A22855F00C1D3F1 /* CMANoXView.xib in Resources */,
				E700E4761A2AA71A00BB6337 /* CMALaunchScreen.xib in Resources */,
				E7C29D3D1A17F5A500015B42 /* edit@2x.png in Resources */,
				E7C29D591A17FFE200015B42 /* sort@1x.png in Resources */,
				E705AD771A229E0B0077F16C /* species_large.png in Resources */,
				E7C29D4B1A17FC6200015B42 /* settings.png in Resources */,
				E78A1FAC1A30084400FDA5E2 /* app_icon_58.png in Resources */,
				E70B638819D3A8E400DFBA85 /* Images.xcassets in Resources */,
				E7C29D581A17FFE200015B42 /* locations.png in Resources */,
				E7C29D441A17F8BB00015B42 /* checkmark@3x.png in Resources */,
				E78A1FA81A3007E700FDA5E2 /* app_icon_120.png in Resources */,
				E7C29D5A1A17FFE200015B42 /* sort@2x.png in Resources */,
				E7C29D3E1A17F5A500015B42 /* edit@3x.png in Resources */,
				E705AD731A229E0B0077F16C /* baits_large.png in Resources */,
				E705AD761A229E0B0077F16C /* photos_large.png in Resources */,
			);
			runOnlyForDeploymentPostprocessing = 0;
		};
		E70B638B19D3A8E400DFBA85 /* Resources */ = {
			isa = PBXResourcesBuildPhase;
			buildActionMask = 2147483647;
			files = (
				E70B639919D3A8E400DFBA85 /* InfoPlist.strings in Resources */,
			);
			runOnlyForDeploymentPostprocessing = 0;
		};
/* End PBXResourcesBuildPhase section */

/* Begin PBXSourcesBuildPhase section */
		E70B636E19D3A8E400DFBA85 /* Sources */ = {
			isa = PBXSourcesBuildPhase;
			buildActionMask = 2147483647;
			files = (
				E705AD951A2595EE0077F16C /* CMAStatsObject.m in Sources */,
				E72669B719DF14DE003C8E0B /* CMAEntry.m in Sources */,
				E7A331301A1D710200C1D3F1 /* CMAViewPhotosViewController.m in Sources */,
				E705ADA01A26D7710077F16C /* CMASelectFishingSpotViewController.m in Sources */,
				0DAC57771A5E286C003D412E /* AFURLConnectionOperation.m in Sources */,
				E7A3311D1A1D706A00C1D3F1 /* CMAAddEntryViewController.m in Sources */,
				E705AD811A2400270077F16C /* CMACircleView.m in Sources */,
				0DAC577D1A5E287C003D412E /* OWMWeatherAPI.m in Sources */,
				0DAC57781A5E286C003D412E /* AFURLRequestSerialization.m in Sources */,
				0D34EF521A44EB2C00764F18 /* CMAWeatherData.m in Sources */,
				E7C29D7E1A1C183E00015B42 /* CMACameraButton.m in Sources */,
				0D81A3B51A4F845E001FF9FA /* CMAWaterClarity.m in Sources */,
				E7A51EA819F4440F009BDC20 /* CMAUserDefinesViewController.m in Sources */,
				E705AD7C1A22DD420077F16C /* XYPieChart.m in Sources */,
				E7A331201A1D706A00C1D3F1 /* CMAViewEntriesViewController.m in Sources */,
				0DAC57731A5E286C003D412E /* AFHTTPRequestOperationManager.m in Sources */,
				E78BB7E91A133A940082004B /* CMATouchSegmentedControl.m in Sources */,
				0DAC57751A5E286C003D412E /* AFNetworkReachabilityManager.m in Sources */,
				E7C29D841A1C210000015B42 /* CMAImagePickerViewController.m in Sources */,
				0DAC57741A5E286C003D412E /* AFHTTPSessionManager.m in Sources */,
				E7C29D741A1BD38800015B42 /* CMAAddBaitViewController.m in Sources */,
				0DC690B21A5CA630006C8202 /* CMARemoveImageActionSheet.m in Sources */,
				E7C29D161A1445AE00015B42 /* CMASideMenuViewController.m in Sources */,
				E7C926E319EEC9DC0010A9FE /* CMAStatisticsViewController.m in Sources */,
				E7C29D751A1BD38800015B42 /* CMASingleBaitViewController.m in Sources */,
				E7A51E9E19EFAA0E009BDC20 /* CMASettingsViewController.m in Sources */,
				0D7F77821A4E54770010674C /* CMAWeatherDataView.m in Sources */,
				E7C29D7B1A1BE0BE00015B42 /* CMABaitTableViewCell.m in Sources */,
				0DAC57761A5E286C003D412E /* AFSecurityPolicy.m in Sources */,
				E72669C919E6F4A8003C8E0B /* CMAJournal.m in Sources */,
				E738585A19FE0A3400FE122B /* CMAFishingMethod.m in Sources */,
				E7A331291A1D70C200C1D3F1 /* CMAAddLocationViewController.m in Sources */,
				E7A331311A1D710200C1D3F1 /* CMASinglePhotoViewController.m in Sources */,
				E78A1F911A2FC40200FDA5E2 /* CMAStatisticsTableViewCell.m in Sources */,
				0DAC57721A5E286C003D412E /* AFHTTPRequestOperation.m in Sources */,
				0DCC26551A520C0800738F04 /* CMAUtilities.m in Sources */,
				E7A3312A1A1D70C200C1D3F1 /* CMASingleLocationViewController.m in Sources */,
				E7C29D101A143A1600015B42 /* SWRevealViewController.m in Sources */,
				E738585019FE093700FE122B /* CMAFishingSpot.m in Sources */,
				E7C29D781A1BD3AA00015B42 /* CMAViewBaitsViewController.m in Sources */,
				E7C29D811A1C1ED800015B42 /* CMACameraActionSheet.m in Sources */,
				E78BB7DF1A100A2C0082004B /* CMAAlerts.m in Sources */,
				E78BB7E31A1309680082004B /* CMAEntryTableViewCell.m in Sources */,
				E705AD8E1A2581400077F16C /* CMAStats.m in Sources */,
				E70B638619D3A8E400DFBA85 /* CMAAppDelegate.m in Sources */,
				E72669DE19E76B63003C8E0B /* CMAUserDefine.m in Sources */,
				E738585219FE093700FE122B /* CMALocation.m in Sources */,
				E7A331281A1D70C200C1D3F1 /* CMAAddFishingSpotViewController.m in Sources */,
				E70B638219D3A8E400DFBA85 /* main.m in Sources */,
				0DAC577A1A5E286C003D412E /* AFURLSessionManager.m in Sources */,
				E7A3311F1A1D706A00C1D3F1 /* CMASingleEntryViewController.m in Sources */,
				E7A3311E1A1D706A00C1D3F1 /* CMAEntrySortingViewController.m in Sources */,
				E7A331361A2286E200C1D3F1 /* CMANoXView.m in Sources */,
				E738585619FE098A00FE122B /* CMABait.m in Sources */,
				E738584A19FDFCBF00FE122B /* CMASpecies.m in Sources */,
				0DAC57791A5E286C003D412E /* AFURLResponseSerialization.m in Sources */,
				E7A51EBA19F4ADC2009BDC20 /* CMAConstants.m in Sources */,
			);
			runOnlyForDeploymentPostprocessing = 0;
		};
		E70B638919D3A8E400DFBA85 /* Sources */ = {
			isa = PBXSourcesBuildPhase;
			buildActionMask = 2147483647;
			files = (
				E738584B19FDFCBF00FE122B /* CMASpecies.m in Sources */,
				E72669B819DF14DE003C8E0B /* CMAEntry.m in Sources */,
				E738585B19FE0A3400FE122B /* CMAFishingMethod.m in Sources */,
				E72669DF19E76B64003C8E0B /* CMAUserDefine.m in Sources */,
				E72669C619E34471003C8E0B /* CMAFishingSpotTestCase.m in Sources */,
				E72669CA19E6F4A8003C8E0B /* CMAJournal.m in Sources */,
				0D81A3B61A4F845E001FF9FA /* CMAWaterClarity.m in Sources */,
				E738585719FE098A00FE122B /* CMABait.m in Sources */,
				E72669BA19DF150F003C8E0B /* CMAEntryTestCase.m in Sources */,
				E738585319FE093700FE122B /* CMALocation.m in Sources */,
				E738585119FE093700FE122B /* CMAFishingSpot.m in Sources */,
				E72669CC19E6F4C1003C8E0B /* CMAJournalTestCase.m in Sources */,
				E72669C019DF3C92003C8E0B /* CMALocationTestCase.m in Sources */,
				E72669D219E6F569003C8E0B /* CMAUserDefinesTestCase.m in Sources */,
			);
			runOnlyForDeploymentPostprocessing = 0;
		};
/* End PBXSourcesBuildPhase section */

/* Begin PBXTargetDependency section */
		E70B639319D3A8E400DFBA85 /* PBXTargetDependency */ = {
			isa = PBXTargetDependency;
			target = E70B637119D3A8E400DFBA85 /* MyFishingJournal */;
			targetProxy = E70B639219D3A8E400DFBA85 /* PBXContainerItemProxy */;
		};
/* End PBXTargetDependency section */

/* Begin PBXVariantGroup section */
		E70B637E19D3A8E400DFBA85 /* InfoPlist.strings */ = {
			isa = PBXVariantGroup;
			children = (
				E70B637F19D3A8E400DFBA85 /* en */,
			);
			name = InfoPlist.strings;
			sourceTree = "<group>";
		};
		E70B639719D3A8E400DFBA85 /* InfoPlist.strings */ = {
			isa = PBXVariantGroup;
			children = (
				E70B639819D3A8E400DFBA85 /* en */,
			);
			name = InfoPlist.strings;
			sourceTree = "<group>";
		};
/* End PBXVariantGroup section */

/* Begin XCBuildConfiguration section */
		E70B639C19D3A8E400DFBA85 /* Debug */ = {
			isa = XCBuildConfiguration;
			buildSettings = {
				ALWAYS_SEARCH_USER_PATHS = NO;
				CLANG_CXX_LANGUAGE_STANDARD = "gnu++0x";
				CLANG_CXX_LIBRARY = "libc++";
				CLANG_ENABLE_MODULES = YES;
				CLANG_ENABLE_OBJC_ARC = YES;
				CLANG_WARN_BOOL_CONVERSION = YES;
				CLANG_WARN_CONSTANT_CONVERSION = YES;
				CLANG_WARN_DIRECT_OBJC_ISA_USAGE = YES_ERROR;
				CLANG_WARN_EMPTY_BODY = YES;
				CLANG_WARN_ENUM_CONVERSION = YES;
				CLANG_WARN_INT_CONVERSION = YES;
				CLANG_WARN_OBJC_ROOT_CLASS = YES_ERROR;
				CLANG_WARN__DUPLICATE_METHOD_MATCH = YES;
				"CODE_SIGN_IDENTITY[sdk=iphoneos*]" = "iPhone Developer";
				COPY_PHASE_STRIP = NO;
				GCC_C_LANGUAGE_STANDARD = gnu99;
				GCC_DYNAMIC_NO_PIC = NO;
				GCC_OPTIMIZATION_LEVEL = 0;
				GCC_PREPROCESSOR_DEFINITIONS = (
					"DEBUG=1",
					"$(inherited)",
				);
				GCC_SYMBOLS_PRIVATE_EXTERN = NO;
				GCC_WARN_64_TO_32_BIT_CONVERSION = YES;
				GCC_WARN_ABOUT_RETURN_TYPE = YES_ERROR;
				GCC_WARN_UNDECLARED_SELECTOR = YES;
				GCC_WARN_UNINITIALIZED_AUTOS = YES_AGGRESSIVE;
				GCC_WARN_UNUSED_FUNCTION = YES;
				GCC_WARN_UNUSED_VARIABLE = YES;
				IPHONEOS_DEPLOYMENT_TARGET = 8.0;
				ONLY_ACTIVE_ARCH = YES;
				SDKROOT = iphoneos;
				TARGETED_DEVICE_FAMILY = "1,2";
			};
			name = Debug;
		};
		E70B639D19D3A8E400DFBA85 /* Release */ = {
			isa = XCBuildConfiguration;
			buildSettings = {
				ALWAYS_SEARCH_USER_PATHS = NO;
				CLANG_CXX_LANGUAGE_STANDARD = "gnu++0x";
				CLANG_CXX_LIBRARY = "libc++";
				CLANG_ENABLE_MODULES = YES;
				CLANG_ENABLE_OBJC_ARC = YES;
				CLANG_WARN_BOOL_CONVERSION = YES;
				CLANG_WARN_CONSTANT_CONVERSION = YES;
				CLANG_WARN_DIRECT_OBJC_ISA_USAGE = YES_ERROR;
				CLANG_WARN_EMPTY_BODY = YES;
				CLANG_WARN_ENUM_CONVERSION = YES;
				CLANG_WARN_INT_CONVERSION = YES;
				CLANG_WARN_OBJC_ROOT_CLASS = YES_ERROR;
				CLANG_WARN__DUPLICATE_METHOD_MATCH = YES;
				"CODE_SIGN_IDENTITY[sdk=iphoneos*]" = "iPhone Developer";
				COPY_PHASE_STRIP = YES;
				ENABLE_NS_ASSERTIONS = NO;
				GCC_C_LANGUAGE_STANDARD = gnu99;
				GCC_WARN_64_TO_32_BIT_CONVERSION = YES;
				GCC_WARN_ABOUT_RETURN_TYPE = YES_ERROR;
				GCC_WARN_UNDECLARED_SELECTOR = YES;
				GCC_WARN_UNINITIALIZED_AUTOS = YES_AGGRESSIVE;
				GCC_WARN_UNUSED_FUNCTION = YES;
				GCC_WARN_UNUSED_VARIABLE = YES;
				IPHONEOS_DEPLOYMENT_TARGET = 8.0;
				SDKROOT = iphoneos;
				TARGETED_DEVICE_FAMILY = "1,2";
				VALIDATE_PRODUCT = YES;
			};
			name = Release;
		};
		E70B639F19D3A8E400DFBA85 /* Debug */ = {
			isa = XCBuildConfiguration;
			buildSettings = {
				ASSETCATALOG_COMPILER_APPICON_NAME = AppIcon;
				ASSETCATALOG_COMPILER_LAUNCHIMAGE_NAME = LaunchImage;
				CODE_SIGN_ENTITLEMENTS = MyFishingJournal/MyFishingJournal.entitlements;
				CODE_SIGN_IDENTITY = "iPhone Developer";
				"CODE_SIGN_IDENTITY[sdk=iphoneos*]" = "iPhone Developer";
				GCC_PRECOMPILE_PREFIX_HEADER = YES;
				GCC_PREFIX_HEADER = "MyFishingJournal/MyFishingJournal-Prefix.pch";
				INFOPLIST_FILE = "MyFishingJournal/MyFishingJournal-Info.plist";
				IPHONEOS_DEPLOYMENT_TARGET = 8.0;
				PRODUCT_NAME = "$(TARGET_NAME)";
				PROVISIONING_PROFILE = "";
				WRAPPER_EXTENSION = app;
			};
			name = Debug;
		};
		E70B63A019D3A8E400DFBA85 /* Release */ = {
			isa = XCBuildConfiguration;
			buildSettings = {
				ASSETCATALOG_COMPILER_APPICON_NAME = AppIcon;
				ASSETCATALOG_COMPILER_LAUNCHIMAGE_NAME = LaunchImage;
				CODE_SIGN_ENTITLEMENTS = MyFishingJournal/MyFishingJournal.entitlements;
				CODE_SIGN_IDENTITY = "iPhone Developer";
				"CODE_SIGN_IDENTITY[sdk=iphoneos*]" = "iPhone Developer";
				GCC_PRECOMPILE_PREFIX_HEADER = YES;
				GCC_PREFIX_HEADER = "MyFishingJournal/MyFishingJournal-Prefix.pch";
				INFOPLIST_FILE = "MyFishingJournal/MyFishingJournal-Info.plist";
				IPHONEOS_DEPLOYMENT_TARGET = 8.0;
				PRODUCT_NAME = "$(TARGET_NAME)";
				PROVISIONING_PROFILE = "";
				WRAPPER_EXTENSION = app;
			};
			name = Release;
		};
		E70B63A219D3A8E500DFBA85 /* Debug */ = {
			isa = XCBuildConfiguration;
			buildSettings = {
				BUNDLE_LOADER = "$(BUILT_PRODUCTS_DIR)/MyFishingJournal.app/MyFishingJournal";
				FRAMEWORK_SEARCH_PATHS = (
					"$(SDKROOT)/Developer/Library/Frameworks",
					"$(inherited)",
					"$(DEVELOPER_FRAMEWORKS_DIR)",
				);
				GCC_PRECOMPILE_PREFIX_HEADER = YES;
				GCC_PREFIX_HEADER = "MyFishingJournal/MyFishingJournal-Prefix.pch";
				GCC_PREPROCESSOR_DEFINITIONS = (
					"DEBUG=1",
					"$(inherited)",
				);
				INFOPLIST_FILE = "MyFishingJournalTests/MyFishingJournalTests-Info.plist";
				PRODUCT_NAME = "$(TARGET_NAME)";
				TEST_HOST = "$(BUNDLE_LOADER)";
				WRAPPER_EXTENSION = xctest;
			};
			name = Debug;
		};
		E70B63A319D3A8E500DFBA85 /* Release */ = {
			isa = XCBuildConfiguration;
			buildSettings = {
				BUNDLE_LOADER = "$(BUILT_PRODUCTS_DIR)/MyFishingJournal.app/MyFishingJournal";
				FRAMEWORK_SEARCH_PATHS = (
					"$(SDKROOT)/Developer/Library/Frameworks",
					"$(inherited)",
					"$(DEVELOPER_FRAMEWORKS_DIR)",
				);
				GCC_PRECOMPILE_PREFIX_HEADER = YES;
				GCC_PREFIX_HEADER = "MyFishingJournal/MyFishingJournal-Prefix.pch";
				INFOPLIST_FILE = "MyFishingJournalTests/MyFishingJournalTests-Info.plist";
				PRODUCT_NAME = "$(TARGET_NAME)";
				TEST_HOST = "$(BUNDLE_LOADER)";
				WRAPPER_EXTENSION = xctest;
			};
			name = Release;
		};
/* End XCBuildConfiguration section */

/* Begin XCConfigurationList section */
		E70B636D19D3A8E400DFBA85 /* Build configuration list for PBXProject "MyFishingJournal" */ = {
			isa = XCConfigurationList;
			buildConfigurations = (
				E70B639C19D3A8E400DFBA85 /* Debug */,
				E70B639D19D3A8E400DFBA85 /* Release */,
			);
			defaultConfigurationIsVisible = 0;
			defaultConfigurationName = Release;
		};
		E70B639E19D3A8E400DFBA85 /* Build configuration list for PBXNativeTarget "MyFishingJournal" */ = {
			isa = XCConfigurationList;
			buildConfigurations = (
				E70B639F19D3A8E400DFBA85 /* Debug */,
				E70B63A019D3A8E400DFBA85 /* Release */,
			);
			defaultConfigurationIsVisible = 0;
			defaultConfigurationName = Release;
		};
		E70B63A119D3A8E500DFBA85 /* Build configuration list for PBXNativeTarget "MyFishingJournalTests" */ = {
			isa = XCConfigurationList;
			buildConfigurations = (
				E70B63A219D3A8E500DFBA85 /* Debug */,
				E70B63A319D3A8E500DFBA85 /* Release */,
			);
			defaultConfigurationIsVisible = 0;
			defaultConfigurationName = Release;
		};
/* End XCConfigurationList section */
	};
	rootObject = E70B636A19D3A8E400DFBA85 /* Project object */;
}
