PODS:
  - AFNetworking (1.3.4)
  - Crashlytics (3.7.2):
    - Fabric (~> 1.6.3)
  - Fabric (1.6.7)
  - Instabug (7.8):
    - Instabug/Instabug (= 7.8)
    - Instabug/InstabugCore (= 7.8)
  - Instabug/Instabug (7.8):
    - Instabug/InstabugCore
  - Instabug/InstabugCore (7.8)
  - OpenWeatherMapAPI (0.0.5):
    - AFNetworking (~> 1.3.1)
  - SSZipArchive (1.3)
  - XYPieChart (0.2)

DEPENDENCIES:
  - AFNetworking (~> 1.3.1)
  - Crashlytics
  - Fabric
  - Instabug
  - OpenWeatherMapAPI (~> 0.0.5)
  - SSZipArchive
  - XYPieChart

SPEC REPOS:
  https://github.com/CocoaPods/Specs.git:
    - AFNetworking
    - Crashlytics
    - Fabric
    - Instabug
    - OpenWeatherMapAPI
    - SSZipArchive
    - XYPieChart

SPEC CHECKSUMS:
  AFNetworking: cf8e418e16f0c9c7e5c3150d019a3c679d015018
  Crashlytics: 130ab943f8c78cda7a814b434f270b2e2c8a3cba
  Fabric: caf7580c725e64db144f610ac65cd60956911dc7
  Instabug: 51b8f0502289c3ec3e2e66672a988d3fe6ab563a
  OpenWeatherMapAPI: 53613bba3dffc948f852a66a25f512f7a16643e7
  SSZipArchive: 5525196ee195b473dcc4a0d4d2cba98bfa3eb1c1
  XYPieChart: 0efd8069d26c25d20ab74c01b5ad455f1fc48153

PODFILE CHECKSUM: 0a44dd759856b0f236c4d9240a6f79a12782cdf5

COCOAPODS: 1.8.3
